
Microsoft Visual Studio Solution File, Format Version 12.00
# Visual Studio 15
VisualStudioVersion = 15.0.26430.16
MinimumVisualStudioVersion = 10.0.40219.1
Project("{FAE04EC0-301F-11D3-BF4B-00C04F79EFBC}") = "05. Calculate Triangle Area", "04. Methods and Debugging\05. Calculate Triangle Area\05. Calculate Triangle Area.csproj", "{CA1E49B3-542E-463C-8D73-E514FE2D0DDF}"
EndProject
Project("{FAE04EC0-301F-11D3-BF4B-00C04F79EFBC}") = "06. Math Power", "04. Methods and Debugging\06. Math Power\06. Math Power.csproj", "{632591E2-F759-4FA7-9A4F-F0F8E0C82D08}"
EndProject
Project("{FAE04EC0-301F-11D3-BF4B-00C04F79EFBC}") = "07. Greater of Two Values", "04. Methods and Debugging\07. Greater of Two Values\07. Greater of Two Values.csproj", "{E0131C7B-F8CE-4645-94DA-EABE51CA9377}"
EndProject
Project("{FAE04EC0-301F-11D3-BF4B-00C04F79EFBC}") = "08. Multiply Evens by Odds", "04. Methods and Debugging\08. Multiply Evens by Odds\08. Multiply Evens by Odds.csproj", "{90F7C68C-720D-4F5C-81FB-2BEB26FF11BA}"
EndProject
Project("{FAE04EC0-301F-11D3-BF4B-00C04F79EFBC}") = "09. Holidays Between Two Dates", "04. Methods and Debugging\09. Holidays Between Two Dates\09. Holidays Between Two Dates.csproj", "{6BBDF495-1DCC-49A0-951E-A6957F7FECA7}"
EndProject
Project("{FAE04EC0-301F-11D3-BF4B-00C04F79EFBC}") = "10. Price Change Alert", "04. Methods and Debugging\10. Price Change Alert\10. Price Change Alert.csproj", "{24277CA9-A287-425A-9D12-4671CF88CD0C}"
EndProject
Project("{FAE04EC0-301F-11D3-BF4B-00C04F79EFBC}") = "01. Sum Array Elements", "05. Arrays\Lab\01. Sum Array Elements\01. Sum Array Elements.csproj", "{A0803DC6-FDCF-4E66-8716-67B595270295}"
EndProject
Project("{FAE04EC0-301F-11D3-BF4B-00C04F79EFBC}") = "02. Multiply an Array of Doubles", "05. Arrays\Lab\02. Multiply an Array of Doubles\02. Multiply an Array of Doubles.csproj", "{88DFBE32-059B-4215-9520-AF986ADCE9C0}"
EndProject
Project("{FAE04EC0-301F-11D3-BF4B-00C04F79EFBC}") = "03. Smallest Element in Array", "05. Arrays\Lab\03. Smallest Element in Array\03. Smallest Element in Array.csproj", "{B5DE6A78-8434-4155-B01D-801914DB2A6C}"
EndProject
Project("{FAE04EC0-301F-11D3-BF4B-00C04F79EFBC}") = "04. Rotate Array of Strings", "05. Arrays\Lab\04. Rotate Array of Strings\04. Rotate Array of Strings.csproj", "{AFDFD213-42D6-4394-B679-C320EAB0E051}"
EndProject
Project("{FAE04EC0-301F-11D3-BF4B-00C04F79EFBC}") = "05. Count of Odd Numbers in Array", "05. Arrays\Lab\05. Count of Odd Numbers in Array\05. Count of Odd Numbers in Array.csproj", "{0C9E8E7C-3EDD-45D7-905D-A68C8AA85E43}"
EndProject
Project("{FAE04EC0-301F-11D3-BF4B-00C04F79EFBC}") = "06. Odd Num at Odd Positions", "05. Arrays\Lab\06. Odd Num at Odd Positions\06. Odd Num at Odd Positions.csproj", "{B69E53A1-3856-4071-9694-5269E738D26B}"
EndProject
Project("{FAE04EC0-301F-11D3-BF4B-00C04F79EFBC}") = "01. Hello, Name!", "05. Arrays\Exercises\01. Hello, Name!\01. Hello, Name!.csproj", "{448900CA-E5C2-4EDA-84AE-A43B36C32A5E}"
EndProject
Project("{FAE04EC0-301F-11D3-BF4B-00C04F79EFBC}") = "02. Min Method", "05. Arrays\Exercises\02. Min Method\02. Min Method.csproj", "{37AB55AB-479A-4302-8696-04519A345197}"
EndProject
Project("{FAE04EC0-301F-11D3-BF4B-00C04F79EFBC}") = "03. String Repeater", "05. Arrays\Exercises\03. String Repeater\03. String Repeater.csproj", "{AE4BBBDC-37E9-45D8-BC9E-E698A96A5AA4}"
EndProject
Project("{FAE04EC0-301F-11D3-BF4B-00C04F79EFBC}") = "04. Nth Digit", "05. Arrays\Exercises\04. Nth Digit\04. Nth Digit.csproj", "{8B80A124-E791-4C2B-BA5B-B75595BD549F}"
EndProject
Project("{FAE04EC0-301F-11D3-BF4B-00C04F79EFBC}") = "05. Integer to Base", "05. Arrays\Exercises\05. Integer to Base\05. Integer to Base.csproj", "{81014F53-BA8E-463D-A89A-CD5431866F29}"
EndProject
Project("{FAE04EC0-301F-11D3-BF4B-00C04F79EFBC}") = "06. Notifications", "05. Arrays\Exercises\06. Notifications\06. Notifications.csproj", "{F084FF4D-45E4-4212-887A-9050A863965F}"
EndProject
Project("{FAE04EC0-301F-11D3-BF4B-00C04F79EFBC}") = "07. Numbers to Words", "05. Arrays\Exercises\07. Numbers to Words\07. Numbers to Words.csproj", "{8EB8E580-0529-4AF6-AFFC-2D5C268DCD70}"
EndProject
Project("{FAE04EC0-301F-11D3-BF4B-00C04F79EFBC}") = "08. String Encryption", "05. Arrays\Exercises\08. String Encryption\08. String Encryption.csproj", "{2D961A33-F604-4369-87B8-EA59C5A16E9C}"
EndProject
Project("{FAE04EC0-301F-11D3-BF4B-00C04F79EFBC}") = "09. Largest Element in Array", "05. Arrays\Exercises\09. Largest Element in Array\09. Largest Element in Array.csproj", "{C5EE5407-C719-4CC4-9EEA-45F5769E8714}"
EndProject
Project("{FAE04EC0-301F-11D3-BF4B-00C04F79EFBC}") = "10. Count of Negative Elements in Array", "05. Arrays\Exercises\10. Count of Negative Elements in Array\10. Count of Negative Elements in Array.csproj", "{48F971B3-C9DC-47DD-ACF2-75BDAD138BEF}"
EndProject
Project("{FAE04EC0-301F-11D3-BF4B-00C04F79EFBC}") = "11. Count of Given Element in Array", "05. Arrays\Exercises\11. Count of Given Element in Array\11. Count of Given Element in Array.csproj", "{A695C271-9AEC-4536-B06A-F4616CF39B66}"
EndProject
Project("{FAE04EC0-301F-11D3-BF4B-00C04F79EFBC}") = "12. Count Occurences of Larger Num in Array", "05. Arrays\Exercises\12. Count Occurences of Larger Num in Array\12. Count Occurences of Larger Num in Array.csproj", "{1A1CC4E6-4FD6-49A2-921C-0668ACC42F00}"
EndProject
Project("{FAE04EC0-301F-11D3-BF4B-00C04F79EFBC}") = "13. Increasing Sequence of Elements", "05. Arrays\Exercises\13. Increasing Sequence of Elements\13. Increasing Sequence of Elements.csproj", "{F9452A4E-6D56-47B3-A01B-56ACF882E59D}"
EndProject
Project("{FAE04EC0-301F-11D3-BF4B-00C04F79EFBC}") = "14. Equal Sequence of Elements in Array", "05. Arrays\Exercises\14. Equal Sequence of Elements in Array\14. Equal Sequence of Elements in Array.csproj", "{2549AD3B-3BCD-44E2-BA30-A1011D9FC75E}"
EndProject
Project("{FAE04EC0-301F-11D3-BF4B-00C04F79EFBC}") = "15. Count of Capital Letters in Array", "05. Arrays\Exercises\15. Count of Capital Letters in Array\15. Count of Capital Letters in Array.csproj", "{58914F99-9929-496E-AF2D-4BB44930F244}"
EndProject
Project("{FAE04EC0-301F-11D3-BF4B-00C04F79EFBC}") = "16. Array Symmetry", "05. Arrays\Exercises\16. Array Symmetry\16. Array Symmetry.csproj", "{119F61B8-FAC8-40B9-9AE3-DE918F89EE0F}"
EndProject
Project("{FAE04EC0-301F-11D3-BF4B-00C04F79EFBC}") = "17. Altitude", "05. Arrays\Exercises\17. Altitude\17. Altitude.csproj", "{FE26A492-8A7A-40C3-B92E-EB88C3FD9ADA}"
EndProject
Project("{FAE04EC0-301F-11D3-BF4B-00C04F79EFBC}") = "18. Ballistics Training", "05. Arrays\Exercises\18. Ballistics Training\18. Ballistics Training.csproj", "{A1FD5E54-EB68-4525-8B01-61616BC8C0B6}"
EndProject
Project("{FAE04EC0-301F-11D3-BF4B-00C04F79EFBC}") = "19. Sticky Strings", "05. Arrays\Exercises\19. Sticky Strings\19. Sticky Strings.csproj", "{63384963-D5B6-4203-B607-DA3D4858949E}"
EndProject
Project("{FAE04EC0-301F-11D3-BF4B-00C04F79EFBC}") = "20. Triangle Formations", "05. Arrays\Exercises\20. Triangle Formations\20. Triangle Formations.csproj", "{5881638F-F6BC-40A2-943B-1599F2CBF0C2}"
EndProject
Project("{FAE04EC0-301F-11D3-BF4B-00C04F79EFBC}") = "21. Tetris", "05. Arrays\Exercises\21. Tetris\21. Tetris.csproj", "{6ACEA601-44BA-48CC-A86E-2A2938CAE3C1}"
EndProject
Project("{FAE04EC0-301F-11D3-BF4B-00C04F79EFBC}") = "23. Mining Coins", "05. Arrays\Exercises\23. Mining Coins\23. Mining Coins.csproj", "{FFFF0133-66D5-47B3-BE33-CE751ED903A1}"
EndProject
Project("{FAE04EC0-301F-11D3-BF4B-00C04F79EFBC}") = "01. Last 3 Consecutive Equal Strings", "05. Arrays\More Exercises\01. Last 3 Consecutive Equal Strings\01. Last 3 Consecutive Equal Strings.csproj", "{7F119074-32AC-4C3B-A5BB-4176175B5996}"
EndProject
Project("{FAE04EC0-301F-11D3-BF4B-00C04F79EFBC}") = "02. Array Elements Equal to Their Index", "05. Arrays\More Exercises\02. Array Elements Equal to Their Index\02. Array Elements Equal to Their Index.csproj", "{02919E77-F07D-4034-91DE-EA2F411D4810}"
EndProject
Project("{FAE04EC0-301F-11D3-BF4B-00C04F79EFBC}") = "03. Phonebook", "05. Arrays\More Exercises\03. Phonebook\03. Phonebook.csproj", "{24A578C3-B61B-4D22-8FE6-9B3D764CD2D7}"
EndProject
Project("{FAE04EC0-301F-11D3-BF4B-00C04F79EFBC}") = "04. Phone", "05. Arrays\More Exercises\04. Phone\04. Phone.csproj", "{A2571738-9F60-4AEA-9357-DA7EA13452CB}"
EndProject
Project("{FAE04EC0-301F-11D3-BF4B-00C04F79EFBC}") = "05. Char Rotation", "05. Arrays\More Exercises\05. Char Rotation\05. Char Rotation.csproj", "{E2690242-1FEB-41A3-BDC0-6CF701CD5F8C}"
EndProject
Project("{FAE04EC0-301F-11D3-BF4B-00C04F79EFBC}") = "06. Power Plants", "05. Arrays\More Exercises\06. Power Plants\06. Power Plants.csproj", "{89FC2C17-F452-47AB-BA0A-B7C76290E70D}"
EndProject
Project("{FAE04EC0-301F-11D3-BF4B-00C04F79EFBC}") = "07. Resizable Array (Recursive)", "05. Arrays\More Exercises\07. Resizable Array\07. Resizable Array (Recursive).csproj", "{01AC48A8-1FD9-4DDC-9A3D-02217621A742}"
EndProject
Project("{FAE04EC0-301F-11D3-BF4B-00C04F79EFBC}") = "01. Remove Negatives and Reverse", "06. Lists\Lab\01. Remove Negatives and Reverse\01. Remove Negatives and Reverse.csproj", "{A1BA7725-14AE-4C39-B795-885674224A6B}"
EndProject
Project("{FAE04EC0-301F-11D3-BF4B-00C04F79EFBC}") = "02. Append Lists", "06. Lists\Lab\02. Append Lists\02. Append Lists.csproj", "{D837C676-F3BF-4DF3-A911-CF79C1595737}"
EndProject
Project("{FAE04EC0-301F-11D3-BF4B-00C04F79EFBC}") = "03. Sum Adjacent Equal Numbers", "06. Lists\Lab\03. Sum Adjacent Equal Numbers\03. Sum Adjacent Equal Numbers.csproj", "{F6023E65-9CBE-4C77-9BC9-EB09431A7CAD}"
EndProject
Project("{FAE04EC0-301F-11D3-BF4B-00C04F79EFBC}") = "04. Split by Word Casing", "06. Lists\Lab\04. Split by Word Casing\04. Split by Word Casing.csproj", "{E97D6F33-DC23-4FBB-8101-8B953D7C429B}"
EndProject
Project("{FAE04EC0-301F-11D3-BF4B-00C04F79EFBC}") = "05. Sort Numbers", "06. Lists\Lab\05. Sort Numbers\05. Sort Numbers.csproj", "{4771F0B1-06D1-4BE1-AD0C-3352DF7FAF39}"
EndProject
Project("{FAE04EC0-301F-11D3-BF4B-00C04F79EFBC}") = "06. Square Numbers", "06. Lists\Lab\06. Square Numbers\06. Square Numbers.csproj", "{EB37B8A6-E746-41A9-882B-379F91631AB5}"
EndProject
Project("{FAE04EC0-301F-11D3-BF4B-00C04F79EFBC}") = "07. Count Numbers", "06. Lists\Lab\07. Count Numbers\07. Count Numbers.csproj", "{2EC2D8C3-9C8A-416C-A83B-A363A3FBCF4F}"
EndProject
Project("{FAE04EC0-301F-11D3-BF4B-00C04F79EFBC}") = "01. Remove Elements at Odd Positions", "06. Lists\Exercises\01. Remove Elements at Odd Positions\01. Remove Elements at Odd Positions.csproj", "{CED1D3A8-A0B7-4971-B07E-EF2691BD5DE2}"
EndProject
Project("{FAE04EC0-301F-11D3-BF4B-00C04F79EFBC}") = "02. Track Downloader", "06. Lists\Exercises\02. Track Downloader\02. Track Downloader.csproj", "{AA111724-697E-452D-9C83-A719804E7591}"
EndProject
Project("{FAE04EC0-301F-11D3-BF4B-00C04F79EFBC}") = "03. Equal Sum After Extraction", "06. Lists\Exercises\03. Equal Sum After Extraction\03. Equal Sum After Extraction.csproj", "{7F956194-A9C0-449C-81A8-BE672EC7D953}"
EndProject
Project("{FAE04EC0-301F-11D3-BF4B-00C04F79EFBC}") = "04. Flip List Sides", "06. Lists\Exercises\04. Flip List Sides\04. Flip List Sides.csproj", "{0188DE8C-AA92-4EB2-B0BD-D328D15B3B75}"
EndProject
Project("{FAE04EC0-301F-11D3-BF4B-00C04F79EFBC}") = "05. Tear List in Half", "06. Lists\Exercises\05. Tear List in Half\05. Tear List in Half.csproj", "{21A6ED98-4DE9-43C1-9BE6-2FAF6EEEBA3E}"
EndProject
Project("{FAE04EC0-301F-11D3-BF4B-00C04F79EFBC}") = "06. Stuck Zipper", "06. Lists\Exercises\06. Stuck Zipper\06. Stuck Zipper.csproj", "{FC76CDB5-27C7-4263-85CD-FC9A85D6FFCA}"
EndProject
Project("{FAE04EC0-301F-11D3-BF4B-00C04F79EFBC}") = "01. Distinct List", "06. Lists\More Exercises\01. Distinct List\01. Distinct List.csproj", "{CDE641F9-5F79-49A8-A46D-100C5E62BBF3}"
EndProject
Project("{FAE04EC0-301F-11D3-BF4B-00C04F79EFBC}") = "02. Integer Insertion", "06. Lists\More Exercises\02. Integer Insertion\02. Integer Insertion.csproj", "{41D40866-018B-4215-A4BE-8854A51E950E}"
EndProject
Project("{FAE04EC0-301F-11D3-BF4B-00C04F79EFBC}") = "03. Camels Back", "06. Lists\More Exercises\03. Camels Back\03. Camels Back.csproj", "{8389BB21-F8E2-483B-ACFF-CDA8070DB768}"
EndProject
Project("{FAE04EC0-301F-11D3-BF4B-00C04F79EFBC}") = "04. Union Lists", "06. Lists\More Exercises\04. Union Lists\04. Union Lists.csproj", "{4D687C80-54AC-41B6-8B64-03AA889A7D27}"
EndProject
Project("{FAE04EC0-301F-11D3-BF4B-00C04F79EFBC}") = "05. Note Statistics", "06. Lists\More Exercises\05. Note Statistics\05. Note Statistics.csproj", "{6759DD8C-FEBE-42AE-AB9A-35D55E5D9B28}"
EndProject
Project("{FAE04EC0-301F-11D3-BF4B-00C04F79EFBC}") = "06. Winecraft", "06. Lists\More Exercises\06. Winecraft\06. Winecraft.csproj", "{B1C3515C-1B72-4448-BFE2-6FE3BF844DB4}"
EndProject
Project("{FAE04EC0-301F-11D3-BF4B-00C04F79EFBC}") = "01. Array Contains Element", "07. Array and List Algorithms\Lab\01. Array Contains Element\01. Array Contains Element.csproj", "{176B579B-F484-4593-993B-6A4CCFCA8878}"
EndProject
Project("{FAE04EC0-301F-11D3-BF4B-00C04F79EFBC}") = "02. Smallest Element in Array", "07. Array and List Algorithms\Lab\02. Smallest Element in Array\02. Smallest Element in Array.csproj", "{3336DA6A-C777-40EB-89CC-A4DE5C32FE28}"
EndProject
Project("{FAE04EC0-301F-11D3-BF4B-00C04F79EFBC}") = "03. Reverse Array In-place", "07. Array and List Algorithms\Lab\03. Reverse Array In-place\03. Reverse Array In-place.csproj", "{E1D96725-A13B-4D85-BE36-E2CD57E5A70C}"
EndProject
Project("{FAE04EC0-301F-11D3-BF4B-00C04F79EFBC}") = "04. Sort Array Using Bubble Sort", "07. Array and List Algorithms\Lab\04. Sort Array Using Bubble Sort\04. Sort Array Using Bubble Sort.csproj", "{33C966EB-1AC0-4FC6-BF11-6163AB3AD9C2}"
EndProject
Project("{FAE04EC0-301F-11D3-BF4B-00C04F79EFBC}") = "06. Insertion Sort Using List", "07. Array and List Algorithms\Lab\06. Insertion Sort Using List\06. Insertion Sort Using List.csproj", "{E82ABB56-791F-4AD2-87AF-2995DBC6DD3E}"
EndProject
Project("{FAE04EC0-301F-11D3-BF4B-00C04F79EFBC}") = "07. Largest N Elements", "07. Array and List Algorithms\Lab\07. Largest N Elements\07. Largest N Elements.csproj", "{1DFB8104-7B22-498C-B095-1650CA1EE3E4}"
EndProject
Project("{FAE04EC0-301F-11D3-BF4B-00C04F79EFBC}") = "05. Sort Array Using Insertion Sort", "07. Array and List Algorithms\Lab\05. Sort Array Using Insertion Sort\05. Sort Array Using Insertion Sort.csproj", "{FC3C6901-43C7-4AAF-BA54-85DB6BCA2F19}"
EndProject
Project("{FAE04EC0-301F-11D3-BF4B-00C04F79EFBC}") = "01. Shoot List Elements", "07. Array and List Algorithms\Exercises\01. Shoot List Elements\01. Shoot List Elements.csproj", "{EFF32F69-B7C4-44EF-8AAF-6BC6F22F3A72}"
EndProject
Project("{FAE04EC0-301F-11D3-BF4B-00C04F79EFBC}") = "02. Average Character Delimiter", "07. Array and List Algorithms\Exercises\02. Average Character Delimiter\02. Average Character Delimiter.csproj", "{0BD376FD-5954-4007-8246-79F6872F7553}"
EndProject
Project("{FAE04EC0-301F-11D3-BF4B-00C04F79EFBC}") = "03. Sort Array of Strings", "07. Array and List Algorithms\Exercises\03. Sort Array of Strings\03. Sort Array of Strings.csproj", "{14A37C15-C1C1-4588-BF6B-3D9035131CC7}"
EndProject
Project("{FAE04EC0-301F-11D3-BF4B-00C04F79EFBC}") = "04. Array Histogram", "07. Array and List Algorithms\Exercises\04. Array Histogram\04. Array Histogram.csproj", "{771FC17E-3425-4C07-9F77-4CB47B3BABDA}"
EndProject
Project("{FAE04EC0-301F-11D3-BF4B-00C04F79EFBC}") = "05. Decode Radio Frequencies", "07. Array and List Algorithms\Exercises\05. Decode Radio Frequencies\05. Decode Radio Frequencies.csproj", "{B44FCA5E-46ED-4D6D-95D5-8D1163BA08D7}"
EndProject
Project("{FAE04EC0-301F-11D3-BF4B-00C04F79EFBC}") = "06. Batteries", "07. Array and List Algorithms\Exercises\06. Batteries\06. Batteries.csproj", "{0074186B-A1AC-4C81-B73E-144521DC832A}"
EndProject
Project("{FAE04EC0-301F-11D3-BF4B-00C04F79EFBC}") = "01. Rabbit Hole", "07. Array and List Algorithms\More Exercises\01. Rabbit Hole\01. Rabbit Hole.csproj", "{A8D545F7-C15A-4C72-80C5-C91CEF0D1D78}"
EndProject
Project("{FAE04EC0-301F-11D3-BF4B-00C04F79EFBC}") = "02. Binary Search", "07. Array and List Algorithms\More Exercises\02. Binary Search\02. Binary Search.csproj", "{9AF5867E-2FE8-4FDC-8F57-2ECEFB321239}"
EndProject
Project("{FAE04EC0-301F-11D3-BF4B-00C04F79EFBC}") = "03. Mirror Image", "07. Array and List Algorithms\More Exercises\03. Mirror Image\03. Mirror Image.csproj", "{0250EF60-75E9-4EA1-809A-4BB452523EFB}"
EndProject
Project("{FAE04EC0-301F-11D3-BF4B-00C04F79EFBC}") = "04. Japanese Roulette", "07. Array and List Algorithms\More Exercises\04. Japanese Roulette\04. Japanese Roulette.csproj", "{6D766360-A0A5-450B-B7CB-3C1F6AF93877}"
EndProject
Project("{FAE04EC0-301F-11D3-BF4B-00C04F79EFBC}") = "05. Increasing Crisis", "07. Array and List Algorithms\More Exercises\05. Increasing Crisis\05. Increasing Crisis.csproj", "{8BE836CB-CC42-43B7-A2AA-04DD7D5E71F5}"
EndProject
Project("{FAE04EC0-301F-11D3-BF4B-00C04F79EFBC}") = "06. Extremums", "07. Array and List Algorithms\More Exercises\06. Extremums\06. Extremums.csproj", "{C1FCF8E3-0019-4338-9E4C-02A92CAAE87E}"
EndProject
Project("{FAE04EC0-301F-11D3-BF4B-00C04F79EFBC}") = "01. Odd Occurrences", "08. Dictionaries\Lab\01. Odd Occurrences\01. Odd Occurrences.csproj", "{12D7B34B-CB59-402B-B9E1-E952694710E7}"
EndProject
Project("{FAE04EC0-301F-11D3-BF4B-00C04F79EFBC}") = "02. Count Real Numbers", "08. Dictionaries\Lab\02. Count Real Numbers\02. Count Real Numbers.csproj", "{4EC2F686-ED1D-4C41-A92D-67A55A44F267}"
EndProject
Project("{FAE04EC0-301F-11D3-BF4B-00C04F79EFBC}") = "01. Letter Repetition", "08. Dictionaries\Exercises\01. Letter Repetition\01. Letter Repetition.csproj", "{D1F7DBA5-0395-42A3-A48A-2571617A6AE1}"
EndProject
Project("{FAE04EC0-301F-11D3-BF4B-00C04F79EFBC}") = "02. Dict-Ref", "08. Dictionaries\Exercises\02. Dict-Ref\02. Dict-Ref.csproj", "{EEA2BB65-A333-4E34-9097-7F75D5D2C560}"
EndProject
Project("{FAE04EC0-301F-11D3-BF4B-00C04F79EFBC}") = "03. Mixed Phones", "08. Dictionaries\Exercises\03. Mixed Phones\03. Mixed Phones.csproj", "{3D4100C3-1220-427D-95E9-2D796C116D97}"
EndProject
Project("{FAE04EC0-301F-11D3-BF4B-00C04F79EFBC}") = "04. Exam Shopping", "08. Dictionaries\Exercises\04. Exam Shopping\04. Exam Shopping.csproj", "{14F4D0EA-5D47-433B-8822-39B611923B5C}"
EndProject
Project("{FAE04EC0-301F-11D3-BF4B-00C04F79EFBC}") = "05. User Logins", "08. Dictionaries\Exercises\05. User Logins\05. User Logins.csproj", "{D9663795-7160-4297-8F53-C5E2ACD0E95F}"
EndProject
Project("{FAE04EC0-301F-11D3-BF4B-00C04F79EFBC}") = "06. Filter Base", "08. Dictionaries\Exercises\06. Filter Base\06. Filter Base.csproj", "{E9885D57-9E36-4326-817A-4584F5E5711A}"
EndProject
Project("{FAE04EC0-301F-11D3-BF4B-00C04F79EFBC}") = "01. Average Student Grades", "09. Nested Dictionaries\Lab\01. Average Student Grades\01. Average Student Grades.csproj", "{23D1B516-831B-4EFF-AC71-34DE98FD1B35}"
EndProject
Project("{FAE04EC0-301F-11D3-BF4B-00C04F79EFBC}") = "02. Cities by Continent and Country", "09. Nested Dictionaries\Lab\02. Cities by Continent and Country\02. Cities by Continent and Country.csproj", "{D298EA73-7A70-43E8-8D74-43075EEE8184}"
EndProject
Project("{FAE04EC0-301F-11D3-BF4B-00C04F79EFBC}") = "03. Record Unique Names", "09. Nested Dictionaries\Lab\03. Record Unique Names\03. Record Unique Names.csproj", "{B64C8237-0E19-4B5B-BA39-C0B545962B5A}"
EndProject
Project("{FAE04EC0-301F-11D3-BF4B-00C04F79EFBC}") = "04. Group Continents, Countries and Cities", "09. Nested Dictionaries\Lab\04. Group Continents, Countries and Cities\04. Group Continents, Countries and Cities.csproj", "{C10445C8-057A-4E55-A878-C35A0F89D538}"
EndProject
Project("{FAE04EC0-301F-11D3-BF4B-00C04F79EFBC}") = "01. Wardrobe", "09. Nested Dictionaries\Exercises\01. Wardrobe\01. Wardrobe.csproj", "{A60E7A6D-33AA-45D5-B876-1239262BF9A1}"
EndProject
Project("{FAE04EC0-301F-11D3-BF4B-00C04F79EFBC}") = "02. Key-Key Value-Value", "09. Nested Dictionaries\Exercises\02. Key-Key Value-Value\02. Key-Key Value-Value.csproj", "{21437CDA-A1C4-4342-BCC8-E13E88493018}"
EndProject
Project("{FAE04EC0-301F-11D3-BF4B-00C04F79EFBC}") = "03. Travel Company", "09. Nested Dictionaries\Exercises\03. Travel Company\03. Travel Company.csproj", "{82900848-27DF-4C85-A4A2-BB4E09B5EEC4}"
EndProject
Project("{FAE04EC0-301F-11D3-BF4B-00C04F79EFBC}") = "04. Shellbound", "09. Nested Dictionaries\Exercises\04. Shellbound\04. Shellbound.csproj", "{8C17EFDE-3AC0-4219-A342-776A694388A0}"
EndProject
Project("{FAE04EC0-301F-11D3-BF4B-00C04F79EFBC}") = "05. Dict-Ref-Advanced", "09. Nested Dictionaries\Exercises\05. Dict-Ref-Advanced\05. Dict-Ref-Advanced.csproj", "{61BF7CD2-E429-4C23-AC95-DA9CA18463D7}"
EndProject
Project("{FAE04EC0-301F-11D3-BF4B-00C04F79EFBC}") = "06. Forum Topics", "09. Nested Dictionaries\Exercises\06. Forum Topics\06. Forum Topics.csproj", "{2CF991E0-C0ED-41FC-AD1D-113FC254BA92}"
EndProject
Project("{FAE04EC0-301F-11D3-BF4B-00C04F79EFBC}") = "07. Social Media Posts", "09. Nested Dictionaries\Exercises\07. Social Media Posts\07. Social Media Posts.csproj", "{B6CE17B1-0A0F-49F4-AB12-B45586C1C815}"
EndProject
Project("{FAE04EC0-301F-11D3-BF4B-00C04F79EFBC}") = "01. Sum, Min, Max, Average", "10. Lambda and LINQ\Lab\01. Sum, Min, Max, Average\01. Sum, Min, Max, Average.csproj", "{47C04AD3-1C6C-4EEC-ABDD-040D16486203}"
EndProject
Project("{FAE04EC0-301F-11D3-BF4B-00C04F79EFBC}") = "03. Short Words Sorted", "10. Lambda and LINQ\Lab\03. Short Words Sorted\03. Short Words Sorted.csproj", "{A5CE650A-292D-4D00-A8EB-701D9908FAAD}"
EndProject
Project("{FAE04EC0-301F-11D3-BF4B-00C04F79EFBC}") = "02. Largest 3 Numbers", "10. Lambda and LINQ\Lab\02. Largest 3 Numbers\02. Largest 3 Numbers.csproj", "{79EDDAD3-651C-47B4-95B8-5932BA6E8131}"
EndProject
Project("{FAE04EC0-301F-11D3-BF4B-00C04F79EFBC}") = "04. Fold and Sum", "10. Lambda and LINQ\Lab\04. Fold and Sum\04. Fold and Sum.csproj", "{DA82A9A2-666F-49BF-909C-91F531E739B4}"
EndProject
Project("{FAE04EC0-301F-11D3-BF4B-00C04F79EFBC}") = "01. Registered Users", "10. Lambda and LINQ\Exercises\01. Registered Users\01. Registered Users.csproj", "{5E7225DC-BBA5-4DCF-8629-5256274ADD5D}"
EndProject
Project("{FAE04EC0-301F-11D3-BF4B-00C04F79EFBC}") = "02. Default Values", "10. Lambda and LINQ\Exercises\02. Default Values\02. Default Values.csproj", "{5C8F9A67-CB90-408D-8B80-D20F60592EF6}"
EndProject
Project("{FAE04EC0-301F-11D3-BF4B-00C04F79EFBC}") = "03. Shopping Spree", "10. Lambda and LINQ\Exercises\03. Shopping Spree\03. Shopping Spree.csproj", "{DDE8DFB3-D4BA-4576-BFAE-2EC195196E03}"
EndProject
Project("{FAE04EC0-301F-11D3-BF4B-00C04F79EFBC}") = "04. SoftUni Beer Pong", "10. Lambda and LINQ\Exercises\04. SoftUni Beer Pong\04. SoftUni Beer Pong.csproj", "{34705F3D-A920-476C-80B1-2D81027E524A}"
EndProject
Project("{FAE04EC0-301F-11D3-BF4B-00C04F79EFBC}") = "04. SoftUni Beer Pong V2", "10. Lambda and LINQ\Exercises\04. SoftUni Beer Pong V2\04. SoftUni Beer Pong V2.csproj", "{D2640452-CE0C-4B48-A296-F0D27F991BF1}"
EndProject
Project("{FAE04EC0-301F-11D3-BF4B-00C04F79EFBC}") = "05. Flatten Dictionary", "10. Lambda and LINQ\Exercises\05. Flatten Dictionary\05. Flatten Dictionary.csproj", "{A4769B62-D572-4C82-8444-574127DC8CD9}"
EndProject
Project("{FAE04EC0-301F-11D3-BF4B-00C04F79EFBC}") = "06. CottageScraper", "10. Lambda and LINQ\Exercises\06. CottageScraper\06. CottageScraper.csproj", "{8CAA134D-8294-454F-BE35-EE41E53D628C}"
EndProject
Project("{FAE04EC0-301F-11D3-BF4B-00C04F79EFBC}") = "01. Array Data", "10. Lambda and LINQ\More Exercises\01. Array Data\01. Array Data.csproj", "{337BEB2D-7CFB-46AD-BD39-DCB775B99BC6}"
EndProject
Project("{FAE04EC0-301F-11D3-BF4B-00C04F79EFBC}") = "02. String Decryption", "10. Lambda and LINQ\More Exercises\02. String Decryption\02. String Decryption.csproj", "{2DA9C983-7085-48FD-99EA-16C6E1271F29}"
EndProject
Project("{FAE04EC0-301F-11D3-BF4B-00C04F79EFBC}") = "03. Camping", "10. Lambda and LINQ\More Exercises\03. Camping\03. Camping.csproj", "{02E6A0ED-B533-49CB-8932-7E7CC01B6F2B}"
EndProject
Project("{FAE04EC0-301F-11D3-BF4B-00C04F79EFBC}") = "04. Most Valued Customer", "10. Lambda and LINQ\More Exercises\04. Most Valued Customer\04. Most Valued Customer.csproj", "{53A945E0-4451-4C17-8816-F009ED04B63C}"
EndProject
Project("{FAE04EC0-301F-11D3-BF4B-00C04F79EFBC}") = "05. Lambada Expressions", "10. Lambda and LINQ\More Exercises\05. Lambada Expressions\05. Lambada Expressions.csproj", "{04C9879C-DB4F-4653-8644-616C26137689}"
EndProject
Project("{FAE04EC0-301F-11D3-BF4B-00C04F79EFBC}") = "06. Ordered Banking System", "10. Lambda and LINQ\More Exercises\06. Ordered Banking System\06. Ordered Banking System.csproj", "{C53B068E-EEF9-42D3-85CB-8A43854022F2}"
EndProject
Project("{FAE04EC0-301F-11D3-BF4B-00C04F79EFBC}") = "07. LINQuistics", "10. Lambda and LINQ\More Exercises\07. LINQuistics\07. LINQuistics.csproj", "{0C09D053-F447-4B82-9FB0-8F7E9D1025F3}"
EndProject
Project("{FAE04EC0-301F-11D3-BF4B-00C04F79EFBC}") = "01. Day of Week", "11. Objects and Simple Classes\Lab\01. Day of Week\01. Day of Week.csproj", "{31222FDF-84AD-443A-A683-EE1485063FB2}"
EndProject
Project("{FAE04EC0-301F-11D3-BF4B-00C04F79EFBC}") = "02. Randomize Words", "11. Objects and Simple Classes\Lab\02. Randomize Words\02. Randomize Words.csproj", "{C1A5CE0E-0EDC-4014-8345-DCEAC2DEFA76}"
EndProject
Project("{FAE04EC0-301F-11D3-BF4B-00C04F79EFBC}") = "03. Big Factorial", "11. Objects and Simple Classes\Lab\03. Big Factorial\03. Big Factorial.csproj", "{A9859A7B-F7E1-4A10-A1E8-B49336F5000D}"
EndProject
Project("{FAE04EC0-301F-11D3-BF4B-00C04F79EFBC}") = "04. Distance Between Points", "11. Objects and Simple Classes\Lab\04. Distance Between Points\04. Distance Between Points.csproj", "{C0615280-42E2-4D8D-9ABD-71D9EB896404}"
EndProject
Project("{FAE04EC0-301F-11D3-BF4B-00C04F79EFBC}") = "05. Closest Two Points", "11. Objects and Simple Classes\Lab\05. Closest Two Points\05. Closest Two Points.csproj", "{84B77E7D-10A3-44BF-813D-12CC7DB6628F}"
EndProject
Project("{FAE04EC0-301F-11D3-BF4B-00C04F79EFBC}") = "06. Rectangle Position", "11. Objects and Simple Classes\Lab\06. Rectangle Position\06. Rectangle Position.csproj", "{6D5A382E-F4E8-4000-B71F-0E87EE73533F}"
EndProject
Project("{FAE04EC0-301F-11D3-BF4B-00C04F79EFBC}") = "07. Sales Report", "11. Objects and Simple Classes\Lab\07. Sales Report\07. Sales Report.csproj", "{08061BEA-10BC-4F4A-87FE-9B3BAC218446}"
EndProject
Project("{FAE04EC0-301F-11D3-BF4B-00C04F79EFBC}") = "01. Exercises", "11. Objects and Simple Classes\Exercises\01. Exercises\01. Exercises.csproj", "{E49897F2-7975-48BE-8508-4211F0079499}"
EndProject
Project("{FAE04EC0-301F-11D3-BF4B-00C04F79EFBC}") = "02. Optimized Banking System", "11. Objects and Simple Classes\Exercises\02. Optimized Banking System\02. Optimized Banking System.csproj", "{62BEA9FB-7672-4928-B172-A9B6C795854E}"
EndProject
Project("{FAE04EC0-301F-11D3-BF4B-00C04F79EFBC}") = "03. Animals", "11. Objects and Simple Classes\Exercises\03. Animals\03. Animals.csproj", "{7FE15B08-18A1-444D-AE7A-A85306D1B82F}"
EndProject
Project("{FAE04EC0-301F-11D3-BF4B-00C04F79EFBC}") = "04. Websites", "11. Objects and Simple Classes\Exercises\04. Websites\04. Websites.csproj", "{6E4F61D3-13ED-4A5F-AF6E-77BE0533ED2F}"
EndProject
Project("{FAE04EC0-301F-11D3-BF4B-00C04F79EFBC}") = "05. Boxes", "11. Objects and Simple Classes\Exercises\05. Boxes\05. Boxes.csproj", "{224E430A-8ED7-413C-A162-D387A12FF139}"
EndProject
Project("{FAE04EC0-301F-11D3-BF4B-00C04F79EFBC}") = "06. Messages", "11. Objects and Simple Classes\Exercises\06. Messages\06. Messages.csproj", "{BEC04D2C-9BB2-4282-86DC-D837FB214816}"
EndProject
Project("{FAE04EC0-301F-11D3-BF4B-00C04F79EFBC}") = "01. Odd Lines", "12. Files Directories and Exceptions\Lab\01. Odd Lines\01. Odd Lines.csproj", "{E8531A3D-CB24-4B57-B312-0A0B25330211}"
EndProject
Project("{FAE04EC0-301F-11D3-BF4B-00C04F79EFBC}") = "02. Line Numbers", "12. Files Directories and Exceptions\Lab\02. Line Numbers\02. Line Numbers.csproj", "{CDB7384B-D798-497C-AA9F-C94925A01817}"
EndProject
Project("{FAE04EC0-301F-11D3-BF4B-00C04F79EFBC}") = "03. Word Count", "12. Files Directories and Exceptions\Lab\03. Word Count\03. Word Count.csproj", "{5DE202C9-1B67-40C3-9F9D-28E9E51A2C3F}"
EndProject
Project("{FAE04EC0-301F-11D3-BF4B-00C04F79EFBC}") = "04. Merge Files", "12. Files Directories and Exceptions\Lab\04. Merge Files\04. Merge Files.csproj", "{DECE4F1A-F705-46DA-8F8E-FC9D3164EC64}"
EndProject
Project("{FAE04EC0-301F-11D3-BF4B-00C04F79EFBC}") = "05. Folder Size", "12. Files Directories and Exceptions\Lab\05. Folder Size\05. Folder Size.csproj", "{130C17B9-BDBF-47AA-A0C1-C1295E08DE89}"
EndProject
Global
	GlobalSection(SolutionConfigurationPlatforms) = preSolution
		Debug|Any CPU = Debug|Any CPU
		Release|Any CPU = Release|Any CPU
	EndGlobalSection
	GlobalSection(ProjectConfigurationPlatforms) = postSolution
		{CA1E49B3-542E-463C-8D73-E514FE2D0DDF}.Debug|Any CPU.ActiveCfg = Debug|Any CPU
		{CA1E49B3-542E-463C-8D73-E514FE2D0DDF}.Debug|Any CPU.Build.0 = Debug|Any CPU
		{CA1E49B3-542E-463C-8D73-E514FE2D0DDF}.Release|Any CPU.ActiveCfg = Release|Any CPU
		{CA1E49B3-542E-463C-8D73-E514FE2D0DDF}.Release|Any CPU.Build.0 = Release|Any CPU
		{632591E2-F759-4FA7-9A4F-F0F8E0C82D08}.Debug|Any CPU.ActiveCfg = Debug|Any CPU
		{632591E2-F759-4FA7-9A4F-F0F8E0C82D08}.Debug|Any CPU.Build.0 = Debug|Any CPU
		{632591E2-F759-4FA7-9A4F-F0F8E0C82D08}.Release|Any CPU.ActiveCfg = Release|Any CPU
		{632591E2-F759-4FA7-9A4F-F0F8E0C82D08}.Release|Any CPU.Build.0 = Release|Any CPU
		{E0131C7B-F8CE-4645-94DA-EABE51CA9377}.Debug|Any CPU.ActiveCfg = Debug|Any CPU
		{E0131C7B-F8CE-4645-94DA-EABE51CA9377}.Debug|Any CPU.Build.0 = Debug|Any CPU
		{E0131C7B-F8CE-4645-94DA-EABE51CA9377}.Release|Any CPU.ActiveCfg = Release|Any CPU
		{E0131C7B-F8CE-4645-94DA-EABE51CA9377}.Release|Any CPU.Build.0 = Release|Any CPU
		{90F7C68C-720D-4F5C-81FB-2BEB26FF11BA}.Debug|Any CPU.ActiveCfg = Debug|Any CPU
		{90F7C68C-720D-4F5C-81FB-2BEB26FF11BA}.Debug|Any CPU.Build.0 = Debug|Any CPU
		{90F7C68C-720D-4F5C-81FB-2BEB26FF11BA}.Release|Any CPU.ActiveCfg = Release|Any CPU
		{90F7C68C-720D-4F5C-81FB-2BEB26FF11BA}.Release|Any CPU.Build.0 = Release|Any CPU
		{6BBDF495-1DCC-49A0-951E-A6957F7FECA7}.Debug|Any CPU.ActiveCfg = Debug|Any CPU
		{6BBDF495-1DCC-49A0-951E-A6957F7FECA7}.Debug|Any CPU.Build.0 = Debug|Any CPU
		{6BBDF495-1DCC-49A0-951E-A6957F7FECA7}.Release|Any CPU.ActiveCfg = Release|Any CPU
		{6BBDF495-1DCC-49A0-951E-A6957F7FECA7}.Release|Any CPU.Build.0 = Release|Any CPU
		{24277CA9-A287-425A-9D12-4671CF88CD0C}.Debug|Any CPU.ActiveCfg = Debug|Any CPU
		{24277CA9-A287-425A-9D12-4671CF88CD0C}.Debug|Any CPU.Build.0 = Debug|Any CPU
		{24277CA9-A287-425A-9D12-4671CF88CD0C}.Release|Any CPU.ActiveCfg = Release|Any CPU
		{24277CA9-A287-425A-9D12-4671CF88CD0C}.Release|Any CPU.Build.0 = Release|Any CPU
		{A0803DC6-FDCF-4E66-8716-67B595270295}.Debug|Any CPU.ActiveCfg = Debug|Any CPU
		{A0803DC6-FDCF-4E66-8716-67B595270295}.Debug|Any CPU.Build.0 = Debug|Any CPU
		{A0803DC6-FDCF-4E66-8716-67B595270295}.Release|Any CPU.ActiveCfg = Release|Any CPU
		{A0803DC6-FDCF-4E66-8716-67B595270295}.Release|Any CPU.Build.0 = Release|Any CPU
		{88DFBE32-059B-4215-9520-AF986ADCE9C0}.Debug|Any CPU.ActiveCfg = Debug|Any CPU
		{88DFBE32-059B-4215-9520-AF986ADCE9C0}.Debug|Any CPU.Build.0 = Debug|Any CPU
		{88DFBE32-059B-4215-9520-AF986ADCE9C0}.Release|Any CPU.ActiveCfg = Release|Any CPU
		{88DFBE32-059B-4215-9520-AF986ADCE9C0}.Release|Any CPU.Build.0 = Release|Any CPU
		{B5DE6A78-8434-4155-B01D-801914DB2A6C}.Debug|Any CPU.ActiveCfg = Debug|Any CPU
		{B5DE6A78-8434-4155-B01D-801914DB2A6C}.Debug|Any CPU.Build.0 = Debug|Any CPU
		{B5DE6A78-8434-4155-B01D-801914DB2A6C}.Release|Any CPU.ActiveCfg = Release|Any CPU
		{B5DE6A78-8434-4155-B01D-801914DB2A6C}.Release|Any CPU.Build.0 = Release|Any CPU
		{AFDFD213-42D6-4394-B679-C320EAB0E051}.Debug|Any CPU.ActiveCfg = Debug|Any CPU
		{AFDFD213-42D6-4394-B679-C320EAB0E051}.Debug|Any CPU.Build.0 = Debug|Any CPU
		{AFDFD213-42D6-4394-B679-C320EAB0E051}.Release|Any CPU.ActiveCfg = Release|Any CPU
		{AFDFD213-42D6-4394-B679-C320EAB0E051}.Release|Any CPU.Build.0 = Release|Any CPU
		{0C9E8E7C-3EDD-45D7-905D-A68C8AA85E43}.Debug|Any CPU.ActiveCfg = Debug|Any CPU
		{0C9E8E7C-3EDD-45D7-905D-A68C8AA85E43}.Debug|Any CPU.Build.0 = Debug|Any CPU
		{0C9E8E7C-3EDD-45D7-905D-A68C8AA85E43}.Release|Any CPU.ActiveCfg = Release|Any CPU
		{0C9E8E7C-3EDD-45D7-905D-A68C8AA85E43}.Release|Any CPU.Build.0 = Release|Any CPU
		{B69E53A1-3856-4071-9694-5269E738D26B}.Debug|Any CPU.ActiveCfg = Debug|Any CPU
		{B69E53A1-3856-4071-9694-5269E738D26B}.Debug|Any CPU.Build.0 = Debug|Any CPU
		{B69E53A1-3856-4071-9694-5269E738D26B}.Release|Any CPU.ActiveCfg = Release|Any CPU
		{B69E53A1-3856-4071-9694-5269E738D26B}.Release|Any CPU.Build.0 = Release|Any CPU
		{448900CA-E5C2-4EDA-84AE-A43B36C32A5E}.Debug|Any CPU.ActiveCfg = Debug|Any CPU
		{448900CA-E5C2-4EDA-84AE-A43B36C32A5E}.Debug|Any CPU.Build.0 = Debug|Any CPU
		{448900CA-E5C2-4EDA-84AE-A43B36C32A5E}.Release|Any CPU.ActiveCfg = Release|Any CPU
		{448900CA-E5C2-4EDA-84AE-A43B36C32A5E}.Release|Any CPU.Build.0 = Release|Any CPU
		{37AB55AB-479A-4302-8696-04519A345197}.Debug|Any CPU.ActiveCfg = Debug|Any CPU
		{37AB55AB-479A-4302-8696-04519A345197}.Debug|Any CPU.Build.0 = Debug|Any CPU
		{37AB55AB-479A-4302-8696-04519A345197}.Release|Any CPU.ActiveCfg = Release|Any CPU
		{37AB55AB-479A-4302-8696-04519A345197}.Release|Any CPU.Build.0 = Release|Any CPU
		{AE4BBBDC-37E9-45D8-BC9E-E698A96A5AA4}.Debug|Any CPU.ActiveCfg = Debug|Any CPU
		{AE4BBBDC-37E9-45D8-BC9E-E698A96A5AA4}.Debug|Any CPU.Build.0 = Debug|Any CPU
		{AE4BBBDC-37E9-45D8-BC9E-E698A96A5AA4}.Release|Any CPU.ActiveCfg = Release|Any CPU
		{AE4BBBDC-37E9-45D8-BC9E-E698A96A5AA4}.Release|Any CPU.Build.0 = Release|Any CPU
		{8B80A124-E791-4C2B-BA5B-B75595BD549F}.Debug|Any CPU.ActiveCfg = Debug|Any CPU
		{8B80A124-E791-4C2B-BA5B-B75595BD549F}.Debug|Any CPU.Build.0 = Debug|Any CPU
		{8B80A124-E791-4C2B-BA5B-B75595BD549F}.Release|Any CPU.ActiveCfg = Release|Any CPU
		{8B80A124-E791-4C2B-BA5B-B75595BD549F}.Release|Any CPU.Build.0 = Release|Any CPU
		{81014F53-BA8E-463D-A89A-CD5431866F29}.Debug|Any CPU.ActiveCfg = Debug|Any CPU
		{81014F53-BA8E-463D-A89A-CD5431866F29}.Debug|Any CPU.Build.0 = Debug|Any CPU
		{81014F53-BA8E-463D-A89A-CD5431866F29}.Release|Any CPU.ActiveCfg = Release|Any CPU
		{81014F53-BA8E-463D-A89A-CD5431866F29}.Release|Any CPU.Build.0 = Release|Any CPU
		{F084FF4D-45E4-4212-887A-9050A863965F}.Debug|Any CPU.ActiveCfg = Debug|Any CPU
		{F084FF4D-45E4-4212-887A-9050A863965F}.Debug|Any CPU.Build.0 = Debug|Any CPU
		{F084FF4D-45E4-4212-887A-9050A863965F}.Release|Any CPU.ActiveCfg = Release|Any CPU
		{F084FF4D-45E4-4212-887A-9050A863965F}.Release|Any CPU.Build.0 = Release|Any CPU
		{8EB8E580-0529-4AF6-AFFC-2D5C268DCD70}.Debug|Any CPU.ActiveCfg = Debug|Any CPU
		{8EB8E580-0529-4AF6-AFFC-2D5C268DCD70}.Debug|Any CPU.Build.0 = Debug|Any CPU
		{8EB8E580-0529-4AF6-AFFC-2D5C268DCD70}.Release|Any CPU.ActiveCfg = Release|Any CPU
		{8EB8E580-0529-4AF6-AFFC-2D5C268DCD70}.Release|Any CPU.Build.0 = Release|Any CPU
		{2D961A33-F604-4369-87B8-EA59C5A16E9C}.Debug|Any CPU.ActiveCfg = Debug|Any CPU
		{2D961A33-F604-4369-87B8-EA59C5A16E9C}.Debug|Any CPU.Build.0 = Debug|Any CPU
		{2D961A33-F604-4369-87B8-EA59C5A16E9C}.Release|Any CPU.ActiveCfg = Release|Any CPU
		{2D961A33-F604-4369-87B8-EA59C5A16E9C}.Release|Any CPU.Build.0 = Release|Any CPU
		{C5EE5407-C719-4CC4-9EEA-45F5769E8714}.Debug|Any CPU.ActiveCfg = Debug|Any CPU
		{C5EE5407-C719-4CC4-9EEA-45F5769E8714}.Debug|Any CPU.Build.0 = Debug|Any CPU
		{C5EE5407-C719-4CC4-9EEA-45F5769E8714}.Release|Any CPU.ActiveCfg = Release|Any CPU
		{C5EE5407-C719-4CC4-9EEA-45F5769E8714}.Release|Any CPU.Build.0 = Release|Any CPU
		{48F971B3-C9DC-47DD-ACF2-75BDAD138BEF}.Debug|Any CPU.ActiveCfg = Debug|Any CPU
		{48F971B3-C9DC-47DD-ACF2-75BDAD138BEF}.Debug|Any CPU.Build.0 = Debug|Any CPU
		{48F971B3-C9DC-47DD-ACF2-75BDAD138BEF}.Release|Any CPU.ActiveCfg = Release|Any CPU
		{48F971B3-C9DC-47DD-ACF2-75BDAD138BEF}.Release|Any CPU.Build.0 = Release|Any CPU
		{A695C271-9AEC-4536-B06A-F4616CF39B66}.Debug|Any CPU.ActiveCfg = Debug|Any CPU
		{A695C271-9AEC-4536-B06A-F4616CF39B66}.Debug|Any CPU.Build.0 = Debug|Any CPU
		{A695C271-9AEC-4536-B06A-F4616CF39B66}.Release|Any CPU.ActiveCfg = Release|Any CPU
		{A695C271-9AEC-4536-B06A-F4616CF39B66}.Release|Any CPU.Build.0 = Release|Any CPU
		{1A1CC4E6-4FD6-49A2-921C-0668ACC42F00}.Debug|Any CPU.ActiveCfg = Debug|Any CPU
		{1A1CC4E6-4FD6-49A2-921C-0668ACC42F00}.Debug|Any CPU.Build.0 = Debug|Any CPU
		{1A1CC4E6-4FD6-49A2-921C-0668ACC42F00}.Release|Any CPU.ActiveCfg = Release|Any CPU
		{1A1CC4E6-4FD6-49A2-921C-0668ACC42F00}.Release|Any CPU.Build.0 = Release|Any CPU
		{F9452A4E-6D56-47B3-A01B-56ACF882E59D}.Debug|Any CPU.ActiveCfg = Debug|Any CPU
		{F9452A4E-6D56-47B3-A01B-56ACF882E59D}.Debug|Any CPU.Build.0 = Debug|Any CPU
		{F9452A4E-6D56-47B3-A01B-56ACF882E59D}.Release|Any CPU.ActiveCfg = Release|Any CPU
		{F9452A4E-6D56-47B3-A01B-56ACF882E59D}.Release|Any CPU.Build.0 = Release|Any CPU
		{2549AD3B-3BCD-44E2-BA30-A1011D9FC75E}.Debug|Any CPU.ActiveCfg = Debug|Any CPU
		{2549AD3B-3BCD-44E2-BA30-A1011D9FC75E}.Debug|Any CPU.Build.0 = Debug|Any CPU
		{2549AD3B-3BCD-44E2-BA30-A1011D9FC75E}.Release|Any CPU.ActiveCfg = Release|Any CPU
		{2549AD3B-3BCD-44E2-BA30-A1011D9FC75E}.Release|Any CPU.Build.0 = Release|Any CPU
		{58914F99-9929-496E-AF2D-4BB44930F244}.Debug|Any CPU.ActiveCfg = Debug|Any CPU
		{58914F99-9929-496E-AF2D-4BB44930F244}.Debug|Any CPU.Build.0 = Debug|Any CPU
		{58914F99-9929-496E-AF2D-4BB44930F244}.Release|Any CPU.ActiveCfg = Release|Any CPU
		{58914F99-9929-496E-AF2D-4BB44930F244}.Release|Any CPU.Build.0 = Release|Any CPU
		{119F61B8-FAC8-40B9-9AE3-DE918F89EE0F}.Debug|Any CPU.ActiveCfg = Debug|Any CPU
		{119F61B8-FAC8-40B9-9AE3-DE918F89EE0F}.Debug|Any CPU.Build.0 = Debug|Any CPU
		{119F61B8-FAC8-40B9-9AE3-DE918F89EE0F}.Release|Any CPU.ActiveCfg = Release|Any CPU
		{119F61B8-FAC8-40B9-9AE3-DE918F89EE0F}.Release|Any CPU.Build.0 = Release|Any CPU
		{FE26A492-8A7A-40C3-B92E-EB88C3FD9ADA}.Debug|Any CPU.ActiveCfg = Debug|Any CPU
		{FE26A492-8A7A-40C3-B92E-EB88C3FD9ADA}.Debug|Any CPU.Build.0 = Debug|Any CPU
		{FE26A492-8A7A-40C3-B92E-EB88C3FD9ADA}.Release|Any CPU.ActiveCfg = Release|Any CPU
		{FE26A492-8A7A-40C3-B92E-EB88C3FD9ADA}.Release|Any CPU.Build.0 = Release|Any CPU
		{A1FD5E54-EB68-4525-8B01-61616BC8C0B6}.Debug|Any CPU.ActiveCfg = Debug|Any CPU
		{A1FD5E54-EB68-4525-8B01-61616BC8C0B6}.Debug|Any CPU.Build.0 = Debug|Any CPU
		{A1FD5E54-EB68-4525-8B01-61616BC8C0B6}.Release|Any CPU.ActiveCfg = Release|Any CPU
		{A1FD5E54-EB68-4525-8B01-61616BC8C0B6}.Release|Any CPU.Build.0 = Release|Any CPU
		{63384963-D5B6-4203-B607-DA3D4858949E}.Debug|Any CPU.ActiveCfg = Debug|Any CPU
		{63384963-D5B6-4203-B607-DA3D4858949E}.Debug|Any CPU.Build.0 = Debug|Any CPU
		{63384963-D5B6-4203-B607-DA3D4858949E}.Release|Any CPU.ActiveCfg = Release|Any CPU
		{63384963-D5B6-4203-B607-DA3D4858949E}.Release|Any CPU.Build.0 = Release|Any CPU
		{5881638F-F6BC-40A2-943B-1599F2CBF0C2}.Debug|Any CPU.ActiveCfg = Debug|Any CPU
		{5881638F-F6BC-40A2-943B-1599F2CBF0C2}.Debug|Any CPU.Build.0 = Debug|Any CPU
		{5881638F-F6BC-40A2-943B-1599F2CBF0C2}.Release|Any CPU.ActiveCfg = Release|Any CPU
		{5881638F-F6BC-40A2-943B-1599F2CBF0C2}.Release|Any CPU.Build.0 = Release|Any CPU
		{6ACEA601-44BA-48CC-A86E-2A2938CAE3C1}.Debug|Any CPU.ActiveCfg = Debug|Any CPU
		{6ACEA601-44BA-48CC-A86E-2A2938CAE3C1}.Debug|Any CPU.Build.0 = Debug|Any CPU
		{6ACEA601-44BA-48CC-A86E-2A2938CAE3C1}.Release|Any CPU.ActiveCfg = Release|Any CPU
		{6ACEA601-44BA-48CC-A86E-2A2938CAE3C1}.Release|Any CPU.Build.0 = Release|Any CPU
		{FFFF0133-66D5-47B3-BE33-CE751ED903A1}.Debug|Any CPU.ActiveCfg = Debug|Any CPU
		{FFFF0133-66D5-47B3-BE33-CE751ED903A1}.Debug|Any CPU.Build.0 = Debug|Any CPU
		{FFFF0133-66D5-47B3-BE33-CE751ED903A1}.Release|Any CPU.ActiveCfg = Release|Any CPU
		{FFFF0133-66D5-47B3-BE33-CE751ED903A1}.Release|Any CPU.Build.0 = Release|Any CPU
		{7F119074-32AC-4C3B-A5BB-4176175B5996}.Debug|Any CPU.ActiveCfg = Debug|Any CPU
		{7F119074-32AC-4C3B-A5BB-4176175B5996}.Debug|Any CPU.Build.0 = Debug|Any CPU
		{7F119074-32AC-4C3B-A5BB-4176175B5996}.Release|Any CPU.ActiveCfg = Release|Any CPU
		{7F119074-32AC-4C3B-A5BB-4176175B5996}.Release|Any CPU.Build.0 = Release|Any CPU
		{02919E77-F07D-4034-91DE-EA2F411D4810}.Debug|Any CPU.ActiveCfg = Debug|Any CPU
		{02919E77-F07D-4034-91DE-EA2F411D4810}.Debug|Any CPU.Build.0 = Debug|Any CPU
		{02919E77-F07D-4034-91DE-EA2F411D4810}.Release|Any CPU.ActiveCfg = Release|Any CPU
		{02919E77-F07D-4034-91DE-EA2F411D4810}.Release|Any CPU.Build.0 = Release|Any CPU
		{24A578C3-B61B-4D22-8FE6-9B3D764CD2D7}.Debug|Any CPU.ActiveCfg = Debug|Any CPU
		{24A578C3-B61B-4D22-8FE6-9B3D764CD2D7}.Debug|Any CPU.Build.0 = Debug|Any CPU
		{24A578C3-B61B-4D22-8FE6-9B3D764CD2D7}.Release|Any CPU.ActiveCfg = Release|Any CPU
		{24A578C3-B61B-4D22-8FE6-9B3D764CD2D7}.Release|Any CPU.Build.0 = Release|Any CPU
		{A2571738-9F60-4AEA-9357-DA7EA13452CB}.Debug|Any CPU.ActiveCfg = Debug|Any CPU
		{A2571738-9F60-4AEA-9357-DA7EA13452CB}.Debug|Any CPU.Build.0 = Debug|Any CPU
		{A2571738-9F60-4AEA-9357-DA7EA13452CB}.Release|Any CPU.ActiveCfg = Release|Any CPU
		{A2571738-9F60-4AEA-9357-DA7EA13452CB}.Release|Any CPU.Build.0 = Release|Any CPU
		{E2690242-1FEB-41A3-BDC0-6CF701CD5F8C}.Debug|Any CPU.ActiveCfg = Debug|Any CPU
		{E2690242-1FEB-41A3-BDC0-6CF701CD5F8C}.Debug|Any CPU.Build.0 = Debug|Any CPU
		{E2690242-1FEB-41A3-BDC0-6CF701CD5F8C}.Release|Any CPU.ActiveCfg = Release|Any CPU
		{E2690242-1FEB-41A3-BDC0-6CF701CD5F8C}.Release|Any CPU.Build.0 = Release|Any CPU
		{89FC2C17-F452-47AB-BA0A-B7C76290E70D}.Debug|Any CPU.ActiveCfg = Debug|Any CPU
		{89FC2C17-F452-47AB-BA0A-B7C76290E70D}.Debug|Any CPU.Build.0 = Debug|Any CPU
		{89FC2C17-F452-47AB-BA0A-B7C76290E70D}.Release|Any CPU.ActiveCfg = Release|Any CPU
		{89FC2C17-F452-47AB-BA0A-B7C76290E70D}.Release|Any CPU.Build.0 = Release|Any CPU
		{01AC48A8-1FD9-4DDC-9A3D-02217621A742}.Debug|Any CPU.ActiveCfg = Debug|Any CPU
		{01AC48A8-1FD9-4DDC-9A3D-02217621A742}.Debug|Any CPU.Build.0 = Debug|Any CPU
		{01AC48A8-1FD9-4DDC-9A3D-02217621A742}.Release|Any CPU.ActiveCfg = Release|Any CPU
		{01AC48A8-1FD9-4DDC-9A3D-02217621A742}.Release|Any CPU.Build.0 = Release|Any CPU
		{A1BA7725-14AE-4C39-B795-885674224A6B}.Debug|Any CPU.ActiveCfg = Debug|Any CPU
		{A1BA7725-14AE-4C39-B795-885674224A6B}.Debug|Any CPU.Build.0 = Debug|Any CPU
		{A1BA7725-14AE-4C39-B795-885674224A6B}.Release|Any CPU.ActiveCfg = Release|Any CPU
		{A1BA7725-14AE-4C39-B795-885674224A6B}.Release|Any CPU.Build.0 = Release|Any CPU
		{D837C676-F3BF-4DF3-A911-CF79C1595737}.Debug|Any CPU.ActiveCfg = Debug|Any CPU
		{D837C676-F3BF-4DF3-A911-CF79C1595737}.Debug|Any CPU.Build.0 = Debug|Any CPU
		{D837C676-F3BF-4DF3-A911-CF79C1595737}.Release|Any CPU.ActiveCfg = Release|Any CPU
		{D837C676-F3BF-4DF3-A911-CF79C1595737}.Release|Any CPU.Build.0 = Release|Any CPU
		{F6023E65-9CBE-4C77-9BC9-EB09431A7CAD}.Debug|Any CPU.ActiveCfg = Debug|Any CPU
		{F6023E65-9CBE-4C77-9BC9-EB09431A7CAD}.Debug|Any CPU.Build.0 = Debug|Any CPU
		{F6023E65-9CBE-4C77-9BC9-EB09431A7CAD}.Release|Any CPU.ActiveCfg = Release|Any CPU
		{F6023E65-9CBE-4C77-9BC9-EB09431A7CAD}.Release|Any CPU.Build.0 = Release|Any CPU
		{E97D6F33-DC23-4FBB-8101-8B953D7C429B}.Debug|Any CPU.ActiveCfg = Debug|Any CPU
		{E97D6F33-DC23-4FBB-8101-8B953D7C429B}.Debug|Any CPU.Build.0 = Debug|Any CPU
		{E97D6F33-DC23-4FBB-8101-8B953D7C429B}.Release|Any CPU.ActiveCfg = Release|Any CPU
		{E97D6F33-DC23-4FBB-8101-8B953D7C429B}.Release|Any CPU.Build.0 = Release|Any CPU
		{4771F0B1-06D1-4BE1-AD0C-3352DF7FAF39}.Debug|Any CPU.ActiveCfg = Debug|Any CPU
		{4771F0B1-06D1-4BE1-AD0C-3352DF7FAF39}.Debug|Any CPU.Build.0 = Debug|Any CPU
		{4771F0B1-06D1-4BE1-AD0C-3352DF7FAF39}.Release|Any CPU.ActiveCfg = Release|Any CPU
		{4771F0B1-06D1-4BE1-AD0C-3352DF7FAF39}.Release|Any CPU.Build.0 = Release|Any CPU
		{EB37B8A6-E746-41A9-882B-379F91631AB5}.Debug|Any CPU.ActiveCfg = Debug|Any CPU
		{EB37B8A6-E746-41A9-882B-379F91631AB5}.Debug|Any CPU.Build.0 = Debug|Any CPU
		{EB37B8A6-E746-41A9-882B-379F91631AB5}.Release|Any CPU.ActiveCfg = Release|Any CPU
		{EB37B8A6-E746-41A9-882B-379F91631AB5}.Release|Any CPU.Build.0 = Release|Any CPU
		{2EC2D8C3-9C8A-416C-A83B-A363A3FBCF4F}.Debug|Any CPU.ActiveCfg = Debug|Any CPU
		{2EC2D8C3-9C8A-416C-A83B-A363A3FBCF4F}.Debug|Any CPU.Build.0 = Debug|Any CPU
		{2EC2D8C3-9C8A-416C-A83B-A363A3FBCF4F}.Release|Any CPU.ActiveCfg = Release|Any CPU
		{2EC2D8C3-9C8A-416C-A83B-A363A3FBCF4F}.Release|Any CPU.Build.0 = Release|Any CPU
		{CED1D3A8-A0B7-4971-B07E-EF2691BD5DE2}.Debug|Any CPU.ActiveCfg = Debug|Any CPU
		{CED1D3A8-A0B7-4971-B07E-EF2691BD5DE2}.Debug|Any CPU.Build.0 = Debug|Any CPU
		{CED1D3A8-A0B7-4971-B07E-EF2691BD5DE2}.Release|Any CPU.ActiveCfg = Release|Any CPU
		{CED1D3A8-A0B7-4971-B07E-EF2691BD5DE2}.Release|Any CPU.Build.0 = Release|Any CPU
		{AA111724-697E-452D-9C83-A719804E7591}.Debug|Any CPU.ActiveCfg = Debug|Any CPU
		{AA111724-697E-452D-9C83-A719804E7591}.Debug|Any CPU.Build.0 = Debug|Any CPU
		{AA111724-697E-452D-9C83-A719804E7591}.Release|Any CPU.ActiveCfg = Release|Any CPU
		{AA111724-697E-452D-9C83-A719804E7591}.Release|Any CPU.Build.0 = Release|Any CPU
		{7F956194-A9C0-449C-81A8-BE672EC7D953}.Debug|Any CPU.ActiveCfg = Debug|Any CPU
		{7F956194-A9C0-449C-81A8-BE672EC7D953}.Debug|Any CPU.Build.0 = Debug|Any CPU
		{7F956194-A9C0-449C-81A8-BE672EC7D953}.Release|Any CPU.ActiveCfg = Release|Any CPU
		{7F956194-A9C0-449C-81A8-BE672EC7D953}.Release|Any CPU.Build.0 = Release|Any CPU
		{0188DE8C-AA92-4EB2-B0BD-D328D15B3B75}.Debug|Any CPU.ActiveCfg = Debug|Any CPU
		{0188DE8C-AA92-4EB2-B0BD-D328D15B3B75}.Debug|Any CPU.Build.0 = Debug|Any CPU
		{0188DE8C-AA92-4EB2-B0BD-D328D15B3B75}.Release|Any CPU.ActiveCfg = Release|Any CPU
		{0188DE8C-AA92-4EB2-B0BD-D328D15B3B75}.Release|Any CPU.Build.0 = Release|Any CPU
		{21A6ED98-4DE9-43C1-9BE6-2FAF6EEEBA3E}.Debug|Any CPU.ActiveCfg = Debug|Any CPU
		{21A6ED98-4DE9-43C1-9BE6-2FAF6EEEBA3E}.Debug|Any CPU.Build.0 = Debug|Any CPU
		{21A6ED98-4DE9-43C1-9BE6-2FAF6EEEBA3E}.Release|Any CPU.ActiveCfg = Release|Any CPU
		{21A6ED98-4DE9-43C1-9BE6-2FAF6EEEBA3E}.Release|Any CPU.Build.0 = Release|Any CPU
		{FC76CDB5-27C7-4263-85CD-FC9A85D6FFCA}.Debug|Any CPU.ActiveCfg = Debug|Any CPU
		{FC76CDB5-27C7-4263-85CD-FC9A85D6FFCA}.Debug|Any CPU.Build.0 = Debug|Any CPU
		{FC76CDB5-27C7-4263-85CD-FC9A85D6FFCA}.Release|Any CPU.ActiveCfg = Release|Any CPU
		{FC76CDB5-27C7-4263-85CD-FC9A85D6FFCA}.Release|Any CPU.Build.0 = Release|Any CPU
		{CDE641F9-5F79-49A8-A46D-100C5E62BBF3}.Debug|Any CPU.ActiveCfg = Debug|Any CPU
		{CDE641F9-5F79-49A8-A46D-100C5E62BBF3}.Debug|Any CPU.Build.0 = Debug|Any CPU
		{CDE641F9-5F79-49A8-A46D-100C5E62BBF3}.Release|Any CPU.ActiveCfg = Release|Any CPU
		{CDE641F9-5F79-49A8-A46D-100C5E62BBF3}.Release|Any CPU.Build.0 = Release|Any CPU
		{41D40866-018B-4215-A4BE-8854A51E950E}.Debug|Any CPU.ActiveCfg = Debug|Any CPU
		{41D40866-018B-4215-A4BE-8854A51E950E}.Debug|Any CPU.Build.0 = Debug|Any CPU
		{41D40866-018B-4215-A4BE-8854A51E950E}.Release|Any CPU.ActiveCfg = Release|Any CPU
		{41D40866-018B-4215-A4BE-8854A51E950E}.Release|Any CPU.Build.0 = Release|Any CPU
		{8389BB21-F8E2-483B-ACFF-CDA8070DB768}.Debug|Any CPU.ActiveCfg = Debug|Any CPU
		{8389BB21-F8E2-483B-ACFF-CDA8070DB768}.Debug|Any CPU.Build.0 = Debug|Any CPU
		{8389BB21-F8E2-483B-ACFF-CDA8070DB768}.Release|Any CPU.ActiveCfg = Release|Any CPU
		{8389BB21-F8E2-483B-ACFF-CDA8070DB768}.Release|Any CPU.Build.0 = Release|Any CPU
		{4D687C80-54AC-41B6-8B64-03AA889A7D27}.Debug|Any CPU.ActiveCfg = Debug|Any CPU
		{4D687C80-54AC-41B6-8B64-03AA889A7D27}.Debug|Any CPU.Build.0 = Debug|Any CPU
		{4D687C80-54AC-41B6-8B64-03AA889A7D27}.Release|Any CPU.ActiveCfg = Release|Any CPU
		{4D687C80-54AC-41B6-8B64-03AA889A7D27}.Release|Any CPU.Build.0 = Release|Any CPU
		{6759DD8C-FEBE-42AE-AB9A-35D55E5D9B28}.Debug|Any CPU.ActiveCfg = Debug|Any CPU
		{6759DD8C-FEBE-42AE-AB9A-35D55E5D9B28}.Debug|Any CPU.Build.0 = Debug|Any CPU
		{6759DD8C-FEBE-42AE-AB9A-35D55E5D9B28}.Release|Any CPU.ActiveCfg = Release|Any CPU
		{6759DD8C-FEBE-42AE-AB9A-35D55E5D9B28}.Release|Any CPU.Build.0 = Release|Any CPU
		{B1C3515C-1B72-4448-BFE2-6FE3BF844DB4}.Debug|Any CPU.ActiveCfg = Debug|Any CPU
		{B1C3515C-1B72-4448-BFE2-6FE3BF844DB4}.Debug|Any CPU.Build.0 = Debug|Any CPU
		{B1C3515C-1B72-4448-BFE2-6FE3BF844DB4}.Release|Any CPU.ActiveCfg = Release|Any CPU
		{B1C3515C-1B72-4448-BFE2-6FE3BF844DB4}.Release|Any CPU.Build.0 = Release|Any CPU
		{176B579B-F484-4593-993B-6A4CCFCA8878}.Debug|Any CPU.ActiveCfg = Debug|Any CPU
		{176B579B-F484-4593-993B-6A4CCFCA8878}.Debug|Any CPU.Build.0 = Debug|Any CPU
		{176B579B-F484-4593-993B-6A4CCFCA8878}.Release|Any CPU.ActiveCfg = Release|Any CPU
		{176B579B-F484-4593-993B-6A4CCFCA8878}.Release|Any CPU.Build.0 = Release|Any CPU
		{3336DA6A-C777-40EB-89CC-A4DE5C32FE28}.Debug|Any CPU.ActiveCfg = Debug|Any CPU
		{3336DA6A-C777-40EB-89CC-A4DE5C32FE28}.Debug|Any CPU.Build.0 = Debug|Any CPU
		{3336DA6A-C777-40EB-89CC-A4DE5C32FE28}.Release|Any CPU.ActiveCfg = Release|Any CPU
		{3336DA6A-C777-40EB-89CC-A4DE5C32FE28}.Release|Any CPU.Build.0 = Release|Any CPU
		{E1D96725-A13B-4D85-BE36-E2CD57E5A70C}.Debug|Any CPU.ActiveCfg = Debug|Any CPU
		{E1D96725-A13B-4D85-BE36-E2CD57E5A70C}.Debug|Any CPU.Build.0 = Debug|Any CPU
		{E1D96725-A13B-4D85-BE36-E2CD57E5A70C}.Release|Any CPU.ActiveCfg = Release|Any CPU
		{E1D96725-A13B-4D85-BE36-E2CD57E5A70C}.Release|Any CPU.Build.0 = Release|Any CPU
		{33C966EB-1AC0-4FC6-BF11-6163AB3AD9C2}.Debug|Any CPU.ActiveCfg = Debug|Any CPU
		{33C966EB-1AC0-4FC6-BF11-6163AB3AD9C2}.Debug|Any CPU.Build.0 = Debug|Any CPU
		{33C966EB-1AC0-4FC6-BF11-6163AB3AD9C2}.Release|Any CPU.ActiveCfg = Release|Any CPU
		{33C966EB-1AC0-4FC6-BF11-6163AB3AD9C2}.Release|Any CPU.Build.0 = Release|Any CPU
		{E82ABB56-791F-4AD2-87AF-2995DBC6DD3E}.Debug|Any CPU.ActiveCfg = Debug|Any CPU
		{E82ABB56-791F-4AD2-87AF-2995DBC6DD3E}.Debug|Any CPU.Build.0 = Debug|Any CPU
		{E82ABB56-791F-4AD2-87AF-2995DBC6DD3E}.Release|Any CPU.ActiveCfg = Release|Any CPU
		{E82ABB56-791F-4AD2-87AF-2995DBC6DD3E}.Release|Any CPU.Build.0 = Release|Any CPU
		{1DFB8104-7B22-498C-B095-1650CA1EE3E4}.Debug|Any CPU.ActiveCfg = Debug|Any CPU
		{1DFB8104-7B22-498C-B095-1650CA1EE3E4}.Debug|Any CPU.Build.0 = Debug|Any CPU
		{1DFB8104-7B22-498C-B095-1650CA1EE3E4}.Release|Any CPU.ActiveCfg = Release|Any CPU
		{1DFB8104-7B22-498C-B095-1650CA1EE3E4}.Release|Any CPU.Build.0 = Release|Any CPU
		{FC3C6901-43C7-4AAF-BA54-85DB6BCA2F19}.Debug|Any CPU.ActiveCfg = Debug|Any CPU
		{FC3C6901-43C7-4AAF-BA54-85DB6BCA2F19}.Debug|Any CPU.Build.0 = Debug|Any CPU
		{FC3C6901-43C7-4AAF-BA54-85DB6BCA2F19}.Release|Any CPU.ActiveCfg = Release|Any CPU
		{FC3C6901-43C7-4AAF-BA54-85DB6BCA2F19}.Release|Any CPU.Build.0 = Release|Any CPU
		{EFF32F69-B7C4-44EF-8AAF-6BC6F22F3A72}.Debug|Any CPU.ActiveCfg = Debug|Any CPU
		{EFF32F69-B7C4-44EF-8AAF-6BC6F22F3A72}.Debug|Any CPU.Build.0 = Debug|Any CPU
		{EFF32F69-B7C4-44EF-8AAF-6BC6F22F3A72}.Release|Any CPU.ActiveCfg = Release|Any CPU
		{EFF32F69-B7C4-44EF-8AAF-6BC6F22F3A72}.Release|Any CPU.Build.0 = Release|Any CPU
		{0BD376FD-5954-4007-8246-79F6872F7553}.Debug|Any CPU.ActiveCfg = Debug|Any CPU
		{0BD376FD-5954-4007-8246-79F6872F7553}.Debug|Any CPU.Build.0 = Debug|Any CPU
		{0BD376FD-5954-4007-8246-79F6872F7553}.Release|Any CPU.ActiveCfg = Release|Any CPU
		{0BD376FD-5954-4007-8246-79F6872F7553}.Release|Any CPU.Build.0 = Release|Any CPU
		{14A37C15-C1C1-4588-BF6B-3D9035131CC7}.Debug|Any CPU.ActiveCfg = Debug|Any CPU
		{14A37C15-C1C1-4588-BF6B-3D9035131CC7}.Debug|Any CPU.Build.0 = Debug|Any CPU
		{14A37C15-C1C1-4588-BF6B-3D9035131CC7}.Release|Any CPU.ActiveCfg = Release|Any CPU
		{14A37C15-C1C1-4588-BF6B-3D9035131CC7}.Release|Any CPU.Build.0 = Release|Any CPU
		{771FC17E-3425-4C07-9F77-4CB47B3BABDA}.Debug|Any CPU.ActiveCfg = Debug|Any CPU
		{771FC17E-3425-4C07-9F77-4CB47B3BABDA}.Debug|Any CPU.Build.0 = Debug|Any CPU
		{771FC17E-3425-4C07-9F77-4CB47B3BABDA}.Release|Any CPU.ActiveCfg = Release|Any CPU
		{771FC17E-3425-4C07-9F77-4CB47B3BABDA}.Release|Any CPU.Build.0 = Release|Any CPU
		{B44FCA5E-46ED-4D6D-95D5-8D1163BA08D7}.Debug|Any CPU.ActiveCfg = Debug|Any CPU
		{B44FCA5E-46ED-4D6D-95D5-8D1163BA08D7}.Debug|Any CPU.Build.0 = Debug|Any CPU
		{B44FCA5E-46ED-4D6D-95D5-8D1163BA08D7}.Release|Any CPU.ActiveCfg = Release|Any CPU
		{B44FCA5E-46ED-4D6D-95D5-8D1163BA08D7}.Release|Any CPU.Build.0 = Release|Any CPU
		{0074186B-A1AC-4C81-B73E-144521DC832A}.Debug|Any CPU.ActiveCfg = Debug|Any CPU
		{0074186B-A1AC-4C81-B73E-144521DC832A}.Debug|Any CPU.Build.0 = Debug|Any CPU
		{0074186B-A1AC-4C81-B73E-144521DC832A}.Release|Any CPU.ActiveCfg = Release|Any CPU
		{0074186B-A1AC-4C81-B73E-144521DC832A}.Release|Any CPU.Build.0 = Release|Any CPU
		{A8D545F7-C15A-4C72-80C5-C91CEF0D1D78}.Debug|Any CPU.ActiveCfg = Debug|Any CPU
		{A8D545F7-C15A-4C72-80C5-C91CEF0D1D78}.Debug|Any CPU.Build.0 = Debug|Any CPU
		{A8D545F7-C15A-4C72-80C5-C91CEF0D1D78}.Release|Any CPU.ActiveCfg = Release|Any CPU
		{A8D545F7-C15A-4C72-80C5-C91CEF0D1D78}.Release|Any CPU.Build.0 = Release|Any CPU
		{9AF5867E-2FE8-4FDC-8F57-2ECEFB321239}.Debug|Any CPU.ActiveCfg = Debug|Any CPU
		{9AF5867E-2FE8-4FDC-8F57-2ECEFB321239}.Debug|Any CPU.Build.0 = Debug|Any CPU
		{9AF5867E-2FE8-4FDC-8F57-2ECEFB321239}.Release|Any CPU.ActiveCfg = Release|Any CPU
		{9AF5867E-2FE8-4FDC-8F57-2ECEFB321239}.Release|Any CPU.Build.0 = Release|Any CPU
		{0250EF60-75E9-4EA1-809A-4BB452523EFB}.Debug|Any CPU.ActiveCfg = Debug|Any CPU
		{0250EF60-75E9-4EA1-809A-4BB452523EFB}.Debug|Any CPU.Build.0 = Debug|Any CPU
		{0250EF60-75E9-4EA1-809A-4BB452523EFB}.Release|Any CPU.ActiveCfg = Release|Any CPU
		{0250EF60-75E9-4EA1-809A-4BB452523EFB}.Release|Any CPU.Build.0 = Release|Any CPU
		{6D766360-A0A5-450B-B7CB-3C1F6AF93877}.Debug|Any CPU.ActiveCfg = Debug|Any CPU
		{6D766360-A0A5-450B-B7CB-3C1F6AF93877}.Debug|Any CPU.Build.0 = Debug|Any CPU
		{6D766360-A0A5-450B-B7CB-3C1F6AF93877}.Release|Any CPU.ActiveCfg = Release|Any CPU
		{6D766360-A0A5-450B-B7CB-3C1F6AF93877}.Release|Any CPU.Build.0 = Release|Any CPU
		{8BE836CB-CC42-43B7-A2AA-04DD7D5E71F5}.Debug|Any CPU.ActiveCfg = Debug|Any CPU
		{8BE836CB-CC42-43B7-A2AA-04DD7D5E71F5}.Debug|Any CPU.Build.0 = Debug|Any CPU
		{8BE836CB-CC42-43B7-A2AA-04DD7D5E71F5}.Release|Any CPU.ActiveCfg = Release|Any CPU
		{8BE836CB-CC42-43B7-A2AA-04DD7D5E71F5}.Release|Any CPU.Build.0 = Release|Any CPU
		{C1FCF8E3-0019-4338-9E4C-02A92CAAE87E}.Debug|Any CPU.ActiveCfg = Debug|Any CPU
		{C1FCF8E3-0019-4338-9E4C-02A92CAAE87E}.Debug|Any CPU.Build.0 = Debug|Any CPU
		{C1FCF8E3-0019-4338-9E4C-02A92CAAE87E}.Release|Any CPU.ActiveCfg = Release|Any CPU
		{C1FCF8E3-0019-4338-9E4C-02A92CAAE87E}.Release|Any CPU.Build.0 = Release|Any CPU
		{12D7B34B-CB59-402B-B9E1-E952694710E7}.Debug|Any CPU.ActiveCfg = Debug|Any CPU
		{12D7B34B-CB59-402B-B9E1-E952694710E7}.Debug|Any CPU.Build.0 = Debug|Any CPU
		{12D7B34B-CB59-402B-B9E1-E952694710E7}.Release|Any CPU.ActiveCfg = Release|Any CPU
		{12D7B34B-CB59-402B-B9E1-E952694710E7}.Release|Any CPU.Build.0 = Release|Any CPU
		{4EC2F686-ED1D-4C41-A92D-67A55A44F267}.Debug|Any CPU.ActiveCfg = Debug|Any CPU
		{4EC2F686-ED1D-4C41-A92D-67A55A44F267}.Debug|Any CPU.Build.0 = Debug|Any CPU
		{4EC2F686-ED1D-4C41-A92D-67A55A44F267}.Release|Any CPU.ActiveCfg = Release|Any CPU
		{4EC2F686-ED1D-4C41-A92D-67A55A44F267}.Release|Any CPU.Build.0 = Release|Any CPU
		{D1F7DBA5-0395-42A3-A48A-2571617A6AE1}.Debug|Any CPU.ActiveCfg = Debug|Any CPU
		{D1F7DBA5-0395-42A3-A48A-2571617A6AE1}.Debug|Any CPU.Build.0 = Debug|Any CPU
		{D1F7DBA5-0395-42A3-A48A-2571617A6AE1}.Release|Any CPU.ActiveCfg = Release|Any CPU
		{D1F7DBA5-0395-42A3-A48A-2571617A6AE1}.Release|Any CPU.Build.0 = Release|Any CPU
		{EEA2BB65-A333-4E34-9097-7F75D5D2C560}.Debug|Any CPU.ActiveCfg = Debug|Any CPU
		{EEA2BB65-A333-4E34-9097-7F75D5D2C560}.Debug|Any CPU.Build.0 = Debug|Any CPU
		{EEA2BB65-A333-4E34-9097-7F75D5D2C560}.Release|Any CPU.ActiveCfg = Release|Any CPU
		{EEA2BB65-A333-4E34-9097-7F75D5D2C560}.Release|Any CPU.Build.0 = Release|Any CPU
		{3D4100C3-1220-427D-95E9-2D796C116D97}.Debug|Any CPU.ActiveCfg = Debug|Any CPU
		{3D4100C3-1220-427D-95E9-2D796C116D97}.Debug|Any CPU.Build.0 = Debug|Any CPU
		{3D4100C3-1220-427D-95E9-2D796C116D97}.Release|Any CPU.ActiveCfg = Release|Any CPU
		{3D4100C3-1220-427D-95E9-2D796C116D97}.Release|Any CPU.Build.0 = Release|Any CPU
		{14F4D0EA-5D47-433B-8822-39B611923B5C}.Debug|Any CPU.ActiveCfg = Debug|Any CPU
		{14F4D0EA-5D47-433B-8822-39B611923B5C}.Debug|Any CPU.Build.0 = Debug|Any CPU
		{14F4D0EA-5D47-433B-8822-39B611923B5C}.Release|Any CPU.ActiveCfg = Release|Any CPU
		{14F4D0EA-5D47-433B-8822-39B611923B5C}.Release|Any CPU.Build.0 = Release|Any CPU
		{D9663795-7160-4297-8F53-C5E2ACD0E95F}.Debug|Any CPU.ActiveCfg = Debug|Any CPU
		{D9663795-7160-4297-8F53-C5E2ACD0E95F}.Debug|Any CPU.Build.0 = Debug|Any CPU
		{D9663795-7160-4297-8F53-C5E2ACD0E95F}.Release|Any CPU.ActiveCfg = Release|Any CPU
		{D9663795-7160-4297-8F53-C5E2ACD0E95F}.Release|Any CPU.Build.0 = Release|Any CPU
		{E9885D57-9E36-4326-817A-4584F5E5711A}.Debug|Any CPU.ActiveCfg = Debug|Any CPU
		{E9885D57-9E36-4326-817A-4584F5E5711A}.Debug|Any CPU.Build.0 = Debug|Any CPU
		{E9885D57-9E36-4326-817A-4584F5E5711A}.Release|Any CPU.ActiveCfg = Release|Any CPU
		{E9885D57-9E36-4326-817A-4584F5E5711A}.Release|Any CPU.Build.0 = Release|Any CPU
		{23D1B516-831B-4EFF-AC71-34DE98FD1B35}.Debug|Any CPU.ActiveCfg = Debug|Any CPU
		{23D1B516-831B-4EFF-AC71-34DE98FD1B35}.Debug|Any CPU.Build.0 = Debug|Any CPU
		{23D1B516-831B-4EFF-AC71-34DE98FD1B35}.Release|Any CPU.ActiveCfg = Release|Any CPU
		{23D1B516-831B-4EFF-AC71-34DE98FD1B35}.Release|Any CPU.Build.0 = Release|Any CPU
		{D298EA73-7A70-43E8-8D74-43075EEE8184}.Debug|Any CPU.ActiveCfg = Debug|Any CPU
		{D298EA73-7A70-43E8-8D74-43075EEE8184}.Debug|Any CPU.Build.0 = Debug|Any CPU
		{D298EA73-7A70-43E8-8D74-43075EEE8184}.Release|Any CPU.ActiveCfg = Release|Any CPU
		{D298EA73-7A70-43E8-8D74-43075EEE8184}.Release|Any CPU.Build.0 = Release|Any CPU
		{B64C8237-0E19-4B5B-BA39-C0B545962B5A}.Debug|Any CPU.ActiveCfg = Debug|Any CPU
		{B64C8237-0E19-4B5B-BA39-C0B545962B5A}.Debug|Any CPU.Build.0 = Debug|Any CPU
		{B64C8237-0E19-4B5B-BA39-C0B545962B5A}.Release|Any CPU.ActiveCfg = Release|Any CPU
		{B64C8237-0E19-4B5B-BA39-C0B545962B5A}.Release|Any CPU.Build.0 = Release|Any CPU
		{C10445C8-057A-4E55-A878-C35A0F89D538}.Debug|Any CPU.ActiveCfg = Debug|Any CPU
		{C10445C8-057A-4E55-A878-C35A0F89D538}.Debug|Any CPU.Build.0 = Debug|Any CPU
		{C10445C8-057A-4E55-A878-C35A0F89D538}.Release|Any CPU.ActiveCfg = Release|Any CPU
		{C10445C8-057A-4E55-A878-C35A0F89D538}.Release|Any CPU.Build.0 = Release|Any CPU
		{A60E7A6D-33AA-45D5-B876-1239262BF9A1}.Debug|Any CPU.ActiveCfg = Debug|Any CPU
		{A60E7A6D-33AA-45D5-B876-1239262BF9A1}.Debug|Any CPU.Build.0 = Debug|Any CPU
		{A60E7A6D-33AA-45D5-B876-1239262BF9A1}.Release|Any CPU.ActiveCfg = Release|Any CPU
		{A60E7A6D-33AA-45D5-B876-1239262BF9A1}.Release|Any CPU.Build.0 = Release|Any CPU
		{21437CDA-A1C4-4342-BCC8-E13E88493018}.Debug|Any CPU.ActiveCfg = Debug|Any CPU
		{21437CDA-A1C4-4342-BCC8-E13E88493018}.Debug|Any CPU.Build.0 = Debug|Any CPU
		{21437CDA-A1C4-4342-BCC8-E13E88493018}.Release|Any CPU.ActiveCfg = Release|Any CPU
		{21437CDA-A1C4-4342-BCC8-E13E88493018}.Release|Any CPU.Build.0 = Release|Any CPU
		{82900848-27DF-4C85-A4A2-BB4E09B5EEC4}.Debug|Any CPU.ActiveCfg = Debug|Any CPU
		{82900848-27DF-4C85-A4A2-BB4E09B5EEC4}.Debug|Any CPU.Build.0 = Debug|Any CPU
		{82900848-27DF-4C85-A4A2-BB4E09B5EEC4}.Release|Any CPU.ActiveCfg = Release|Any CPU
		{82900848-27DF-4C85-A4A2-BB4E09B5EEC4}.Release|Any CPU.Build.0 = Release|Any CPU
		{8C17EFDE-3AC0-4219-A342-776A694388A0}.Debug|Any CPU.ActiveCfg = Debug|Any CPU
		{8C17EFDE-3AC0-4219-A342-776A694388A0}.Debug|Any CPU.Build.0 = Debug|Any CPU
		{8C17EFDE-3AC0-4219-A342-776A694388A0}.Release|Any CPU.ActiveCfg = Release|Any CPU
		{8C17EFDE-3AC0-4219-A342-776A694388A0}.Release|Any CPU.Build.0 = Release|Any CPU
		{61BF7CD2-E429-4C23-AC95-DA9CA18463D7}.Debug|Any CPU.ActiveCfg = Debug|Any CPU
		{61BF7CD2-E429-4C23-AC95-DA9CA18463D7}.Debug|Any CPU.Build.0 = Debug|Any CPU
		{61BF7CD2-E429-4C23-AC95-DA9CA18463D7}.Release|Any CPU.ActiveCfg = Release|Any CPU
		{61BF7CD2-E429-4C23-AC95-DA9CA18463D7}.Release|Any CPU.Build.0 = Release|Any CPU
		{2CF991E0-C0ED-41FC-AD1D-113FC254BA92}.Debug|Any CPU.ActiveCfg = Debug|Any CPU
		{2CF991E0-C0ED-41FC-AD1D-113FC254BA92}.Debug|Any CPU.Build.0 = Debug|Any CPU
		{2CF991E0-C0ED-41FC-AD1D-113FC254BA92}.Release|Any CPU.ActiveCfg = Release|Any CPU
		{2CF991E0-C0ED-41FC-AD1D-113FC254BA92}.Release|Any CPU.Build.0 = Release|Any CPU
		{B6CE17B1-0A0F-49F4-AB12-B45586C1C815}.Debug|Any CPU.ActiveCfg = Debug|Any CPU
		{B6CE17B1-0A0F-49F4-AB12-B45586C1C815}.Debug|Any CPU.Build.0 = Debug|Any CPU
		{B6CE17B1-0A0F-49F4-AB12-B45586C1C815}.Release|Any CPU.ActiveCfg = Release|Any CPU
		{B6CE17B1-0A0F-49F4-AB12-B45586C1C815}.Release|Any CPU.Build.0 = Release|Any CPU
		{47C04AD3-1C6C-4EEC-ABDD-040D16486203}.Debug|Any CPU.ActiveCfg = Debug|Any CPU
		{47C04AD3-1C6C-4EEC-ABDD-040D16486203}.Debug|Any CPU.Build.0 = Debug|Any CPU
		{47C04AD3-1C6C-4EEC-ABDD-040D16486203}.Release|Any CPU.ActiveCfg = Release|Any CPU
		{47C04AD3-1C6C-4EEC-ABDD-040D16486203}.Release|Any CPU.Build.0 = Release|Any CPU
		{A5CE650A-292D-4D00-A8EB-701D9908FAAD}.Debug|Any CPU.ActiveCfg = Debug|Any CPU
		{A5CE650A-292D-4D00-A8EB-701D9908FAAD}.Debug|Any CPU.Build.0 = Debug|Any CPU
		{A5CE650A-292D-4D00-A8EB-701D9908FAAD}.Release|Any CPU.ActiveCfg = Release|Any CPU
		{A5CE650A-292D-4D00-A8EB-701D9908FAAD}.Release|Any CPU.Build.0 = Release|Any CPU
		{79EDDAD3-651C-47B4-95B8-5932BA6E8131}.Debug|Any CPU.ActiveCfg = Debug|Any CPU
		{79EDDAD3-651C-47B4-95B8-5932BA6E8131}.Debug|Any CPU.Build.0 = Debug|Any CPU
		{79EDDAD3-651C-47B4-95B8-5932BA6E8131}.Release|Any CPU.ActiveCfg = Release|Any CPU
		{79EDDAD3-651C-47B4-95B8-5932BA6E8131}.Release|Any CPU.Build.0 = Release|Any CPU
		{DA82A9A2-666F-49BF-909C-91F531E739B4}.Debug|Any CPU.ActiveCfg = Debug|Any CPU
		{DA82A9A2-666F-49BF-909C-91F531E739B4}.Debug|Any CPU.Build.0 = Debug|Any CPU
		{DA82A9A2-666F-49BF-909C-91F531E739B4}.Release|Any CPU.ActiveCfg = Release|Any CPU
		{DA82A9A2-666F-49BF-909C-91F531E739B4}.Release|Any CPU.Build.0 = Release|Any CPU
		{5E7225DC-BBA5-4DCF-8629-5256274ADD5D}.Debug|Any CPU.ActiveCfg = Debug|Any CPU
		{5E7225DC-BBA5-4DCF-8629-5256274ADD5D}.Debug|Any CPU.Build.0 = Debug|Any CPU
		{5E7225DC-BBA5-4DCF-8629-5256274ADD5D}.Release|Any CPU.ActiveCfg = Release|Any CPU
		{5E7225DC-BBA5-4DCF-8629-5256274ADD5D}.Release|Any CPU.Build.0 = Release|Any CPU
		{5C8F9A67-CB90-408D-8B80-D20F60592EF6}.Debug|Any CPU.ActiveCfg = Debug|Any CPU
		{5C8F9A67-CB90-408D-8B80-D20F60592EF6}.Debug|Any CPU.Build.0 = Debug|Any CPU
		{5C8F9A67-CB90-408D-8B80-D20F60592EF6}.Release|Any CPU.ActiveCfg = Release|Any CPU
		{5C8F9A67-CB90-408D-8B80-D20F60592EF6}.Release|Any CPU.Build.0 = Release|Any CPU
		{DDE8DFB3-D4BA-4576-BFAE-2EC195196E03}.Debug|Any CPU.ActiveCfg = Debug|Any CPU
		{DDE8DFB3-D4BA-4576-BFAE-2EC195196E03}.Debug|Any CPU.Build.0 = Debug|Any CPU
		{DDE8DFB3-D4BA-4576-BFAE-2EC195196E03}.Release|Any CPU.ActiveCfg = Release|Any CPU
		{DDE8DFB3-D4BA-4576-BFAE-2EC195196E03}.Release|Any CPU.Build.0 = Release|Any CPU
		{34705F3D-A920-476C-80B1-2D81027E524A}.Debug|Any CPU.ActiveCfg = Debug|Any CPU
		{34705F3D-A920-476C-80B1-2D81027E524A}.Debug|Any CPU.Build.0 = Debug|Any CPU
		{34705F3D-A920-476C-80B1-2D81027E524A}.Release|Any CPU.ActiveCfg = Release|Any CPU
		{34705F3D-A920-476C-80B1-2D81027E524A}.Release|Any CPU.Build.0 = Release|Any CPU
		{D2640452-CE0C-4B48-A296-F0D27F991BF1}.Debug|Any CPU.ActiveCfg = Debug|Any CPU
		{D2640452-CE0C-4B48-A296-F0D27F991BF1}.Debug|Any CPU.Build.0 = Debug|Any CPU
		{D2640452-CE0C-4B48-A296-F0D27F991BF1}.Release|Any CPU.ActiveCfg = Release|Any CPU
		{D2640452-CE0C-4B48-A296-F0D27F991BF1}.Release|Any CPU.Build.0 = Release|Any CPU
		{A4769B62-D572-4C82-8444-574127DC8CD9}.Debug|Any CPU.ActiveCfg = Debug|Any CPU
		{A4769B62-D572-4C82-8444-574127DC8CD9}.Debug|Any CPU.Build.0 = Debug|Any CPU
		{A4769B62-D572-4C82-8444-574127DC8CD9}.Release|Any CPU.ActiveCfg = Release|Any CPU
		{A4769B62-D572-4C82-8444-574127DC8CD9}.Release|Any CPU.Build.0 = Release|Any CPU
		{8CAA134D-8294-454F-BE35-EE41E53D628C}.Debug|Any CPU.ActiveCfg = Debug|Any CPU
		{8CAA134D-8294-454F-BE35-EE41E53D628C}.Debug|Any CPU.Build.0 = Debug|Any CPU
		{8CAA134D-8294-454F-BE35-EE41E53D628C}.Release|Any CPU.ActiveCfg = Release|Any CPU
		{8CAA134D-8294-454F-BE35-EE41E53D628C}.Release|Any CPU.Build.0 = Release|Any CPU
		{337BEB2D-7CFB-46AD-BD39-DCB775B99BC6}.Debug|Any CPU.ActiveCfg = Debug|Any CPU
		{337BEB2D-7CFB-46AD-BD39-DCB775B99BC6}.Debug|Any CPU.Build.0 = Debug|Any CPU
		{337BEB2D-7CFB-46AD-BD39-DCB775B99BC6}.Release|Any CPU.ActiveCfg = Release|Any CPU
		{337BEB2D-7CFB-46AD-BD39-DCB775B99BC6}.Release|Any CPU.Build.0 = Release|Any CPU
		{2DA9C983-7085-48FD-99EA-16C6E1271F29}.Debug|Any CPU.ActiveCfg = Debug|Any CPU
		{2DA9C983-7085-48FD-99EA-16C6E1271F29}.Debug|Any CPU.Build.0 = Debug|Any CPU
		{2DA9C983-7085-48FD-99EA-16C6E1271F29}.Release|Any CPU.ActiveCfg = Release|Any CPU
		{2DA9C983-7085-48FD-99EA-16C6E1271F29}.Release|Any CPU.Build.0 = Release|Any CPU
		{02E6A0ED-B533-49CB-8932-7E7CC01B6F2B}.Debug|Any CPU.ActiveCfg = Debug|Any CPU
		{02E6A0ED-B533-49CB-8932-7E7CC01B6F2B}.Debug|Any CPU.Build.0 = Debug|Any CPU
		{02E6A0ED-B533-49CB-8932-7E7CC01B6F2B}.Release|Any CPU.ActiveCfg = Release|Any CPU
		{02E6A0ED-B533-49CB-8932-7E7CC01B6F2B}.Release|Any CPU.Build.0 = Release|Any CPU
		{53A945E0-4451-4C17-8816-F009ED04B63C}.Debug|Any CPU.ActiveCfg = Debug|Any CPU
		{53A945E0-4451-4C17-8816-F009ED04B63C}.Debug|Any CPU.Build.0 = Debug|Any CPU
		{53A945E0-4451-4C17-8816-F009ED04B63C}.Release|Any CPU.ActiveCfg = Release|Any CPU
		{53A945E0-4451-4C17-8816-F009ED04B63C}.Release|Any CPU.Build.0 = Release|Any CPU
		{04C9879C-DB4F-4653-8644-616C26137689}.Debug|Any CPU.ActiveCfg = Debug|Any CPU
		{04C9879C-DB4F-4653-8644-616C26137689}.Debug|Any CPU.Build.0 = Debug|Any CPU
		{04C9879C-DB4F-4653-8644-616C26137689}.Release|Any CPU.ActiveCfg = Release|Any CPU
		{04C9879C-DB4F-4653-8644-616C26137689}.Release|Any CPU.Build.0 = Release|Any CPU
		{C53B068E-EEF9-42D3-85CB-8A43854022F2}.Debug|Any CPU.ActiveCfg = Debug|Any CPU
		{C53B068E-EEF9-42D3-85CB-8A43854022F2}.Debug|Any CPU.Build.0 = Debug|Any CPU
		{C53B068E-EEF9-42D3-85CB-8A43854022F2}.Release|Any CPU.ActiveCfg = Release|Any CPU
		{C53B068E-EEF9-42D3-85CB-8A43854022F2}.Release|Any CPU.Build.0 = Release|Any CPU
		{0C09D053-F447-4B82-9FB0-8F7E9D1025F3}.Debug|Any CPU.ActiveCfg = Debug|Any CPU
		{0C09D053-F447-4B82-9FB0-8F7E9D1025F3}.Debug|Any CPU.Build.0 = Debug|Any CPU
		{0C09D053-F447-4B82-9FB0-8F7E9D1025F3}.Release|Any CPU.ActiveCfg = Release|Any CPU
		{0C09D053-F447-4B82-9FB0-8F7E9D1025F3}.Release|Any CPU.Build.0 = Release|Any CPU
		{31222FDF-84AD-443A-A683-EE1485063FB2}.Debug|Any CPU.ActiveCfg = Debug|Any CPU
		{31222FDF-84AD-443A-A683-EE1485063FB2}.Debug|Any CPU.Build.0 = Debug|Any CPU
		{31222FDF-84AD-443A-A683-EE1485063FB2}.Release|Any CPU.ActiveCfg = Release|Any CPU
		{31222FDF-84AD-443A-A683-EE1485063FB2}.Release|Any CPU.Build.0 = Release|Any CPU
		{C1A5CE0E-0EDC-4014-8345-DCEAC2DEFA76}.Debug|Any CPU.ActiveCfg = Debug|Any CPU
		{C1A5CE0E-0EDC-4014-8345-DCEAC2DEFA76}.Debug|Any CPU.Build.0 = Debug|Any CPU
		{C1A5CE0E-0EDC-4014-8345-DCEAC2DEFA76}.Release|Any CPU.ActiveCfg = Release|Any CPU
		{C1A5CE0E-0EDC-4014-8345-DCEAC2DEFA76}.Release|Any CPU.Build.0 = Release|Any CPU
		{A9859A7B-F7E1-4A10-A1E8-B49336F5000D}.Debug|Any CPU.ActiveCfg = Debug|Any CPU
		{A9859A7B-F7E1-4A10-A1E8-B49336F5000D}.Debug|Any CPU.Build.0 = Debug|Any CPU
		{A9859A7B-F7E1-4A10-A1E8-B49336F5000D}.Release|Any CPU.ActiveCfg = Release|Any CPU
		{A9859A7B-F7E1-4A10-A1E8-B49336F5000D}.Release|Any CPU.Build.0 = Release|Any CPU
		{C0615280-42E2-4D8D-9ABD-71D9EB896404}.Debug|Any CPU.ActiveCfg = Debug|Any CPU
		{C0615280-42E2-4D8D-9ABD-71D9EB896404}.Debug|Any CPU.Build.0 = Debug|Any CPU
		{C0615280-42E2-4D8D-9ABD-71D9EB896404}.Release|Any CPU.ActiveCfg = Release|Any CPU
		{C0615280-42E2-4D8D-9ABD-71D9EB896404}.Release|Any CPU.Build.0 = Release|Any CPU
		{84B77E7D-10A3-44BF-813D-12CC7DB6628F}.Debug|Any CPU.ActiveCfg = Debug|Any CPU
		{84B77E7D-10A3-44BF-813D-12CC7DB6628F}.Debug|Any CPU.Build.0 = Debug|Any CPU
		{84B77E7D-10A3-44BF-813D-12CC7DB6628F}.Release|Any CPU.ActiveCfg = Release|Any CPU
		{84B77E7D-10A3-44BF-813D-12CC7DB6628F}.Release|Any CPU.Build.0 = Release|Any CPU
		{6D5A382E-F4E8-4000-B71F-0E87EE73533F}.Debug|Any CPU.ActiveCfg = Debug|Any CPU
		{6D5A382E-F4E8-4000-B71F-0E87EE73533F}.Debug|Any CPU.Build.0 = Debug|Any CPU
		{6D5A382E-F4E8-4000-B71F-0E87EE73533F}.Release|Any CPU.ActiveCfg = Release|Any CPU
		{6D5A382E-F4E8-4000-B71F-0E87EE73533F}.Release|Any CPU.Build.0 = Release|Any CPU
		{08061BEA-10BC-4F4A-87FE-9B3BAC218446}.Debug|Any CPU.ActiveCfg = Debug|Any CPU
		{08061BEA-10BC-4F4A-87FE-9B3BAC218446}.Debug|Any CPU.Build.0 = Debug|Any CPU
		{08061BEA-10BC-4F4A-87FE-9B3BAC218446}.Release|Any CPU.ActiveCfg = Release|Any CPU
		{08061BEA-10BC-4F4A-87FE-9B3BAC218446}.Release|Any CPU.Build.0 = Release|Any CPU
		{E49897F2-7975-48BE-8508-4211F0079499}.Debug|Any CPU.ActiveCfg = Debug|Any CPU
		{E49897F2-7975-48BE-8508-4211F0079499}.Debug|Any CPU.Build.0 = Debug|Any CPU
		{E49897F2-7975-48BE-8508-4211F0079499}.Release|Any CPU.ActiveCfg = Release|Any CPU
		{E49897F2-7975-48BE-8508-4211F0079499}.Release|Any CPU.Build.0 = Release|Any CPU
		{62BEA9FB-7672-4928-B172-A9B6C795854E}.Debug|Any CPU.ActiveCfg = Debug|Any CPU
		{62BEA9FB-7672-4928-B172-A9B6C795854E}.Debug|Any CPU.Build.0 = Debug|Any CPU
		{62BEA9FB-7672-4928-B172-A9B6C795854E}.Release|Any CPU.ActiveCfg = Release|Any CPU
		{62BEA9FB-7672-4928-B172-A9B6C795854E}.Release|Any CPU.Build.0 = Release|Any CPU
		{7FE15B08-18A1-444D-AE7A-A85306D1B82F}.Debug|Any CPU.ActiveCfg = Debug|Any CPU
		{7FE15B08-18A1-444D-AE7A-A85306D1B82F}.Debug|Any CPU.Build.0 = Debug|Any CPU
		{7FE15B08-18A1-444D-AE7A-A85306D1B82F}.Release|Any CPU.ActiveCfg = Release|Any CPU
		{7FE15B08-18A1-444D-AE7A-A85306D1B82F}.Release|Any CPU.Build.0 = Release|Any CPU
		{6E4F61D3-13ED-4A5F-AF6E-77BE0533ED2F}.Debug|Any CPU.ActiveCfg = Debug|Any CPU
		{6E4F61D3-13ED-4A5F-AF6E-77BE0533ED2F}.Debug|Any CPU.Build.0 = Debug|Any CPU
		{6E4F61D3-13ED-4A5F-AF6E-77BE0533ED2F}.Release|Any CPU.ActiveCfg = Release|Any CPU
		{6E4F61D3-13ED-4A5F-AF6E-77BE0533ED2F}.Release|Any CPU.Build.0 = Release|Any CPU
		{224E430A-8ED7-413C-A162-D387A12FF139}.Debug|Any CPU.ActiveCfg = Debug|Any CPU
		{224E430A-8ED7-413C-A162-D387A12FF139}.Debug|Any CPU.Build.0 = Debug|Any CPU
		{224E430A-8ED7-413C-A162-D387A12FF139}.Release|Any CPU.ActiveCfg = Release|Any CPU
		{224E430A-8ED7-413C-A162-D387A12FF139}.Release|Any CPU.Build.0 = Release|Any CPU
		{BEC04D2C-9BB2-4282-86DC-D837FB214816}.Debug|Any CPU.ActiveCfg = Debug|Any CPU
		{BEC04D2C-9BB2-4282-86DC-D837FB214816}.Debug|Any CPU.Build.0 = Debug|Any CPU
		{BEC04D2C-9BB2-4282-86DC-D837FB214816}.Release|Any CPU.ActiveCfg = Release|Any CPU
		{BEC04D2C-9BB2-4282-86DC-D837FB214816}.Release|Any CPU.Build.0 = Release|Any CPU
		{E8531A3D-CB24-4B57-B312-0A0B25330211}.Debug|Any CPU.ActiveCfg = Debug|Any CPU
		{E8531A3D-CB24-4B57-B312-0A0B25330211}.Debug|Any CPU.Build.0 = Debug|Any CPU
		{E8531A3D-CB24-4B57-B312-0A0B25330211}.Release|Any CPU.ActiveCfg = Release|Any CPU
		{E8531A3D-CB24-4B57-B312-0A0B25330211}.Release|Any CPU.Build.0 = Release|Any CPU
		{CDB7384B-D798-497C-AA9F-C94925A01817}.Debug|Any CPU.ActiveCfg = Debug|Any CPU
		{CDB7384B-D798-497C-AA9F-C94925A01817}.Debug|Any CPU.Build.0 = Debug|Any CPU
		{CDB7384B-D798-497C-AA9F-C94925A01817}.Release|Any CPU.ActiveCfg = Release|Any CPU
		{CDB7384B-D798-497C-AA9F-C94925A01817}.Release|Any CPU.Build.0 = Release|Any CPU
		{5DE202C9-1B67-40C3-9F9D-28E9E51A2C3F}.Debug|Any CPU.ActiveCfg = Debug|Any CPU
		{5DE202C9-1B67-40C3-9F9D-28E9E51A2C3F}.Debug|Any CPU.Build.0 = Debug|Any CPU
		{5DE202C9-1B67-40C3-9F9D-28E9E51A2C3F}.Release|Any CPU.ActiveCfg = Release|Any CPU
		{5DE202C9-1B67-40C3-9F9D-28E9E51A2C3F}.Release|Any CPU.Build.0 = Release|Any CPU
		{DECE4F1A-F705-46DA-8F8E-FC9D3164EC64}.Debug|Any CPU.ActiveCfg = Debug|Any CPU
		{DECE4F1A-F705-46DA-8F8E-FC9D3164EC64}.Debug|Any CPU.Build.0 = Debug|Any CPU
		{DECE4F1A-F705-46DA-8F8E-FC9D3164EC64}.Release|Any CPU.ActiveCfg = Release|Any CPU
		{DECE4F1A-F705-46DA-8F8E-FC9D3164EC64}.Release|Any CPU.Build.0 = Release|Any CPU
		{130C17B9-BDBF-47AA-A0C1-C1295E08DE89}.Debug|Any CPU.ActiveCfg = Debug|Any CPU
		{130C17B9-BDBF-47AA-A0C1-C1295E08DE89}.Debug|Any CPU.Build.0 = Debug|Any CPU
		{130C17B9-BDBF-47AA-A0C1-C1295E08DE89}.Release|Any CPU.ActiveCfg = Release|Any CPU
		{130C17B9-BDBF-47AA-A0C1-C1295E08DE89}.Release|Any CPU.Build.0 = Release|Any CPU
	EndGlobalSection
	GlobalSection(SolutionProperties) = preSolution
		HideSolutionNode = FALSE
	EndGlobalSection
EndGlobal
