
Microsoft Visual Studio Solution File, Format Version 12.00
# Visual Studio 15
VisualStudioVersion = 15.0.26430.16
MinimumVisualStudioVersion = 10.0.40219.1
Project("{2150E333-8FDC-42A3-9474-1A3956D46DE8}") = "01. Stacks and Queues", "01. Stacks and Queues", "{137629C1-841D-4BEB-B19E-123CF20C337E}"
EndProject
Project("{2150E333-8FDC-42A3-9474-1A3956D46DE8}") = "Lab", "Lab", "{A4501912-CC4C-4073-AAF5-37D24AC73C4B}"
EndProject
Project("{2150E333-8FDC-42A3-9474-1A3956D46DE8}") = "Exercises", "Exercises", "{38F7F13D-591B-472D-B4C3-DF7ABC965F8C}"
EndProject
Project("{9A19103F-16F7-4668-BE54-9A1E7A4F7556}") = "02. Simple Calculator", "01. Stacks and Queues\Lab\02. Simple Calculator\02. Simple Calculator.csproj", "{89A45ADB-15BD-40B2-A8C9-EFC117F0004E}"
EndProject
Project("{9A19103F-16F7-4668-BE54-9A1E7A4F7556}") = "04. Matching Brackets", "01. Stacks and Queues\Lab\04. Matching Brackets\04. Matching Brackets.csproj", "{7DD9532E-0404-4ED0-88E8-C85535E54681}"
EndProject
Project("{9A19103F-16F7-4668-BE54-9A1E7A4F7556}") = "05. HotPotato", "01. Stacks and Queues\Lab\05. HotPotato\05. HotPotato.csproj", "{99DF8422-B82B-4855-8A5A-7474C11AC6C3}"
EndProject
Project("{9A19103F-16F7-4668-BE54-9A1E7A4F7556}") = "06. Math Potato", "01. Stacks and Queues\Lab\06. Math Potato\06. Math Potato.csproj", "{C8DBF5D5-21B3-4084-ADEB-4134FA33530C}"
EndProject
Project("{9A19103F-16F7-4668-BE54-9A1E7A4F7556}") = "01. Reverse Strings", "01. Stacks and Queues\Lab\01. Reverse Strings\01. Reverse Strings.csproj", "{8CDF5740-AB25-4B66-B731-606FC4F4F95C}"
EndProject
Project("{9A19103F-16F7-4668-BE54-9A1E7A4F7556}") = "03. Decimal to Binary Converter", "01. Stacks and Queues\Lab\03. Decimal to Binary Converter\03. Decimal to Binary Converter.csproj", "{F9648300-1333-4E21-936A-22641B8A3231}"
EndProject
Project("{9A19103F-16F7-4668-BE54-9A1E7A4F7556}") = "01. Reverse Numbers with Stack", "01. Stacks and Queues\Exercises\01. Reverse Numbers with Stack\01. Reverse Numbers with Stack.csproj", "{6DB35CBC-5463-47E0-AE8C-D36CFBC5ED04}"
EndProject
Project("{9A19103F-16F7-4668-BE54-9A1E7A4F7556}") = "02. Basic Stack Operations", "01. Stacks and Queues\Exercises\02. Basic Stack Operations\02. Basic Stack Operations.csproj", "{DD888D97-7D3F-4932-B004-540527679BC9}"
EndProject
Project("{9A19103F-16F7-4668-BE54-9A1E7A4F7556}") = "03. Maximum Element", "01. Stacks and Queues\Exercises\03. Maximum Element\03. Maximum Element.csproj", "{508A70A2-5E21-422C-AB34-22891E8028CC}"
EndProject
Project("{9A19103F-16F7-4668-BE54-9A1E7A4F7556}") = "04. Basic Queue Operations", "01. Stacks and Queues\Exercises\04. Basic Queue Operations\04. Basic Queue Operations.csproj", "{003DAB20-AB08-452B-AF65-296682BF02AF}"
EndProject
Project("{9A19103F-16F7-4668-BE54-9A1E7A4F7556}") = "05. Calculate Sequence with Queue", "01. Stacks and Queues\Exercises\05. Calculate Sequence with Queue\05. Calculate Sequence with Queue.csproj", "{1D270D73-5631-44B5-B4A5-6BEC3B50EC64}"
EndProject
Project("{9A19103F-16F7-4668-BE54-9A1E7A4F7556}") = "06. Truck Tour", "01. Stacks and Queues\Exercises\06. Truck Tour\06. Truck Tour.csproj", "{47C6A317-8AB8-46CD-B083-5E06EB514301}"
EndProject
Project("{FAE04EC0-301F-11D3-BF4B-00C04F79EFBC}") = "07. Balanced Parentheses", "01. Stacks and Queues\Exercises\07. Balanced Parentheses\07. Balanced Parentheses.csproj", "{2E4CFDFC-7407-44CD-B30E-1EACFAEFF5DD}"
EndProject
Project("{FAE04EC0-301F-11D3-BF4B-00C04F79EFBC}") = "08. Recursive Fibonacci", "01. Stacks and Queues\Exercises\08. Recursive Fibonacci\08. Recursive Fibonacci.csproj", "{9B626E3E-4DAF-4514-B749-2C327AC35445}"
EndProject
Project("{FAE04EC0-301F-11D3-BF4B-00C04F79EFBC}") = "09. Stack Fibonacci", "01. Stacks and Queues\Exercises\09. Stack Fibonacci\09. Stack Fibonacci.csproj", "{205652D8-5279-4093-98F6-4A059FE61458}"
EndProject
Project("{FAE04EC0-301F-11D3-BF4B-00C04F79EFBC}") = "10. Simple Text Editor", "01. Stacks and Queues\Exercises\10. Simple Text Editor\10. Simple Text Editor.csproj", "{0904C299-47CA-4E54-A2A7-F6C6E78829CD}"
EndProject
Project("{FAE04EC0-301F-11D3-BF4B-00C04F79EFBC}") = "11. Poisonous Plants", "01. Stacks and Queues\Exercises\11. Poisonous Plants\11. Poisonous Plants.csproj", "{2A850E63-CE72-4A55-AF67-E16B33B6D769}"
EndProject
Project("{FAE04EC0-301F-11D3-BF4B-00C04F79EFBC}") = "11. Poisonous Plants V2", "11. Poisonous Plants V2\11. Poisonous Plants V2.csproj", "{4B954092-2C71-44CA-83E2-FEF33E55974B}"
EndProject
Global
	GlobalSection(SolutionConfigurationPlatforms) = preSolution
		Debug|Any CPU = Debug|Any CPU
		Release|Any CPU = Release|Any CPU
	EndGlobalSection
	GlobalSection(ProjectConfigurationPlatforms) = postSolution
		{89A45ADB-15BD-40B2-A8C9-EFC117F0004E}.Debug|Any CPU.ActiveCfg = Debug|Any CPU
		{89A45ADB-15BD-40B2-A8C9-EFC117F0004E}.Debug|Any CPU.Build.0 = Debug|Any CPU
		{89A45ADB-15BD-40B2-A8C9-EFC117F0004E}.Release|Any CPU.ActiveCfg = Release|Any CPU
		{89A45ADB-15BD-40B2-A8C9-EFC117F0004E}.Release|Any CPU.Build.0 = Release|Any CPU
		{7DD9532E-0404-4ED0-88E8-C85535E54681}.Debug|Any CPU.ActiveCfg = Debug|Any CPU
		{7DD9532E-0404-4ED0-88E8-C85535E54681}.Debug|Any CPU.Build.0 = Debug|Any CPU
		{7DD9532E-0404-4ED0-88E8-C85535E54681}.Release|Any CPU.ActiveCfg = Release|Any CPU
		{7DD9532E-0404-4ED0-88E8-C85535E54681}.Release|Any CPU.Build.0 = Release|Any CPU
		{99DF8422-B82B-4855-8A5A-7474C11AC6C3}.Debug|Any CPU.ActiveCfg = Debug|Any CPU
		{99DF8422-B82B-4855-8A5A-7474C11AC6C3}.Debug|Any CPU.Build.0 = Debug|Any CPU
		{99DF8422-B82B-4855-8A5A-7474C11AC6C3}.Release|Any CPU.ActiveCfg = Release|Any CPU
		{99DF8422-B82B-4855-8A5A-7474C11AC6C3}.Release|Any CPU.Build.0 = Release|Any CPU
		{C8DBF5D5-21B3-4084-ADEB-4134FA33530C}.Debug|Any CPU.ActiveCfg = Debug|Any CPU
		{C8DBF5D5-21B3-4084-ADEB-4134FA33530C}.Debug|Any CPU.Build.0 = Debug|Any CPU
		{C8DBF5D5-21B3-4084-ADEB-4134FA33530C}.Release|Any CPU.ActiveCfg = Release|Any CPU
		{C8DBF5D5-21B3-4084-ADEB-4134FA33530C}.Release|Any CPU.Build.0 = Release|Any CPU
		{8CDF5740-AB25-4B66-B731-606FC4F4F95C}.Debug|Any CPU.ActiveCfg = Debug|Any CPU
		{8CDF5740-AB25-4B66-B731-606FC4F4F95C}.Debug|Any CPU.Build.0 = Debug|Any CPU
		{8CDF5740-AB25-4B66-B731-606FC4F4F95C}.Release|Any CPU.ActiveCfg = Release|Any CPU
		{8CDF5740-AB25-4B66-B731-606FC4F4F95C}.Release|Any CPU.Build.0 = Release|Any CPU
		{F9648300-1333-4E21-936A-22641B8A3231}.Debug|Any CPU.ActiveCfg = Debug|Any CPU
		{F9648300-1333-4E21-936A-22641B8A3231}.Debug|Any CPU.Build.0 = Debug|Any CPU
		{F9648300-1333-4E21-936A-22641B8A3231}.Release|Any CPU.ActiveCfg = Release|Any CPU
		{F9648300-1333-4E21-936A-22641B8A3231}.Release|Any CPU.Build.0 = Release|Any CPU
		{6DB35CBC-5463-47E0-AE8C-D36CFBC5ED04}.Debug|Any CPU.ActiveCfg = Debug|Any CPU
		{6DB35CBC-5463-47E0-AE8C-D36CFBC5ED04}.Debug|Any CPU.Build.0 = Debug|Any CPU
		{6DB35CBC-5463-47E0-AE8C-D36CFBC5ED04}.Release|Any CPU.ActiveCfg = Release|Any CPU
		{6DB35CBC-5463-47E0-AE8C-D36CFBC5ED04}.Release|Any CPU.Build.0 = Release|Any CPU
		{DD888D97-7D3F-4932-B004-540527679BC9}.Debug|Any CPU.ActiveCfg = Debug|Any CPU
		{DD888D97-7D3F-4932-B004-540527679BC9}.Debug|Any CPU.Build.0 = Debug|Any CPU
		{DD888D97-7D3F-4932-B004-540527679BC9}.Release|Any CPU.ActiveCfg = Release|Any CPU
		{DD888D97-7D3F-4932-B004-540527679BC9}.Release|Any CPU.Build.0 = Release|Any CPU
		{508A70A2-5E21-422C-AB34-22891E8028CC}.Debug|Any CPU.ActiveCfg = Debug|Any CPU
		{508A70A2-5E21-422C-AB34-22891E8028CC}.Debug|Any CPU.Build.0 = Debug|Any CPU
		{508A70A2-5E21-422C-AB34-22891E8028CC}.Release|Any CPU.ActiveCfg = Release|Any CPU
		{508A70A2-5E21-422C-AB34-22891E8028CC}.Release|Any CPU.Build.0 = Release|Any CPU
		{003DAB20-AB08-452B-AF65-296682BF02AF}.Debug|Any CPU.ActiveCfg = Debug|Any CPU
		{003DAB20-AB08-452B-AF65-296682BF02AF}.Debug|Any CPU.Build.0 = Debug|Any CPU
		{003DAB20-AB08-452B-AF65-296682BF02AF}.Release|Any CPU.ActiveCfg = Release|Any CPU
		{003DAB20-AB08-452B-AF65-296682BF02AF}.Release|Any CPU.Build.0 = Release|Any CPU
		{1D270D73-5631-44B5-B4A5-6BEC3B50EC64}.Debug|Any CPU.ActiveCfg = Debug|Any CPU
		{1D270D73-5631-44B5-B4A5-6BEC3B50EC64}.Debug|Any CPU.Build.0 = Debug|Any CPU
		{1D270D73-5631-44B5-B4A5-6BEC3B50EC64}.Release|Any CPU.ActiveCfg = Release|Any CPU
		{1D270D73-5631-44B5-B4A5-6BEC3B50EC64}.Release|Any CPU.Build.0 = Release|Any CPU
		{47C6A317-8AB8-46CD-B083-5E06EB514301}.Debug|Any CPU.ActiveCfg = Debug|Any CPU
		{47C6A317-8AB8-46CD-B083-5E06EB514301}.Debug|Any CPU.Build.0 = Debug|Any CPU
		{47C6A317-8AB8-46CD-B083-5E06EB514301}.Release|Any CPU.ActiveCfg = Release|Any CPU
		{47C6A317-8AB8-46CD-B083-5E06EB514301}.Release|Any CPU.Build.0 = Release|Any CPU
		{2E4CFDFC-7407-44CD-B30E-1EACFAEFF5DD}.Debug|Any CPU.ActiveCfg = Debug|Any CPU
		{2E4CFDFC-7407-44CD-B30E-1EACFAEFF5DD}.Debug|Any CPU.Build.0 = Debug|Any CPU
		{2E4CFDFC-7407-44CD-B30E-1EACFAEFF5DD}.Release|Any CPU.ActiveCfg = Release|Any CPU
		{2E4CFDFC-7407-44CD-B30E-1EACFAEFF5DD}.Release|Any CPU.Build.0 = Release|Any CPU
		{9B626E3E-4DAF-4514-B749-2C327AC35445}.Debug|Any CPU.ActiveCfg = Debug|Any CPU
		{9B626E3E-4DAF-4514-B749-2C327AC35445}.Debug|Any CPU.Build.0 = Debug|Any CPU
		{9B626E3E-4DAF-4514-B749-2C327AC35445}.Release|Any CPU.ActiveCfg = Release|Any CPU
		{9B626E3E-4DAF-4514-B749-2C327AC35445}.Release|Any CPU.Build.0 = Release|Any CPU
		{205652D8-5279-4093-98F6-4A059FE61458}.Debug|Any CPU.ActiveCfg = Debug|Any CPU
		{205652D8-5279-4093-98F6-4A059FE61458}.Debug|Any CPU.Build.0 = Debug|Any CPU
		{205652D8-5279-4093-98F6-4A059FE61458}.Release|Any CPU.ActiveCfg = Release|Any CPU
		{205652D8-5279-4093-98F6-4A059FE61458}.Release|Any CPU.Build.0 = Release|Any CPU
		{0904C299-47CA-4E54-A2A7-F6C6E78829CD}.Debug|Any CPU.ActiveCfg = Debug|Any CPU
		{0904C299-47CA-4E54-A2A7-F6C6E78829CD}.Debug|Any CPU.Build.0 = Debug|Any CPU
		{0904C299-47CA-4E54-A2A7-F6C6E78829CD}.Release|Any CPU.ActiveCfg = Release|Any CPU
		{0904C299-47CA-4E54-A2A7-F6C6E78829CD}.Release|Any CPU.Build.0 = Release|Any CPU
		{2A850E63-CE72-4A55-AF67-E16B33B6D769}.Debug|Any CPU.ActiveCfg = Debug|Any CPU
		{2A850E63-CE72-4A55-AF67-E16B33B6D769}.Debug|Any CPU.Build.0 = Debug|Any CPU
		{2A850E63-CE72-4A55-AF67-E16B33B6D769}.Release|Any CPU.ActiveCfg = Release|Any CPU
		{2A850E63-CE72-4A55-AF67-E16B33B6D769}.Release|Any CPU.Build.0 = Release|Any CPU
		{4B954092-2C71-44CA-83E2-FEF33E55974B}.Debug|Any CPU.ActiveCfg = Debug|Any CPU
		{4B954092-2C71-44CA-83E2-FEF33E55974B}.Debug|Any CPU.Build.0 = Debug|Any CPU
		{4B954092-2C71-44CA-83E2-FEF33E55974B}.Release|Any CPU.ActiveCfg = Release|Any CPU
		{4B954092-2C71-44CA-83E2-FEF33E55974B}.Release|Any CPU.Build.0 = Release|Any CPU
	EndGlobalSection
	GlobalSection(SolutionProperties) = preSolution
		HideSolutionNode = FALSE
	EndGlobalSection
	GlobalSection(NestedProjects) = preSolution
		{A4501912-CC4C-4073-AAF5-37D24AC73C4B} = {137629C1-841D-4BEB-B19E-123CF20C337E}
		{38F7F13D-591B-472D-B4C3-DF7ABC965F8C} = {137629C1-841D-4BEB-B19E-123CF20C337E}
		{89A45ADB-15BD-40B2-A8C9-EFC117F0004E} = {A4501912-CC4C-4073-AAF5-37D24AC73C4B}
		{7DD9532E-0404-4ED0-88E8-C85535E54681} = {A4501912-CC4C-4073-AAF5-37D24AC73C4B}
		{99DF8422-B82B-4855-8A5A-7474C11AC6C3} = {A4501912-CC4C-4073-AAF5-37D24AC73C4B}
		{C8DBF5D5-21B3-4084-ADEB-4134FA33530C} = {A4501912-CC4C-4073-AAF5-37D24AC73C4B}
		{8CDF5740-AB25-4B66-B731-606FC4F4F95C} = {A4501912-CC4C-4073-AAF5-37D24AC73C4B}
		{F9648300-1333-4E21-936A-22641B8A3231} = {A4501912-CC4C-4073-AAF5-37D24AC73C4B}
		{6DB35CBC-5463-47E0-AE8C-D36CFBC5ED04} = {38F7F13D-591B-472D-B4C3-DF7ABC965F8C}
		{DD888D97-7D3F-4932-B004-540527679BC9} = {38F7F13D-591B-472D-B4C3-DF7ABC965F8C}
		{508A70A2-5E21-422C-AB34-22891E8028CC} = {38F7F13D-591B-472D-B4C3-DF7ABC965F8C}
		{003DAB20-AB08-452B-AF65-296682BF02AF} = {38F7F13D-591B-472D-B4C3-DF7ABC965F8C}
		{1D270D73-5631-44B5-B4A5-6BEC3B50EC64} = {38F7F13D-591B-472D-B4C3-DF7ABC965F8C}
		{47C6A317-8AB8-46CD-B083-5E06EB514301} = {38F7F13D-591B-472D-B4C3-DF7ABC965F8C}
		{2E4CFDFC-7407-44CD-B30E-1EACFAEFF5DD} = {38F7F13D-591B-472D-B4C3-DF7ABC965F8C}
		{9B626E3E-4DAF-4514-B749-2C327AC35445} = {38F7F13D-591B-472D-B4C3-DF7ABC965F8C}
		{205652D8-5279-4093-98F6-4A059FE61458} = {38F7F13D-591B-472D-B4C3-DF7ABC965F8C}
		{0904C299-47CA-4E54-A2A7-F6C6E78829CD} = {38F7F13D-591B-472D-B4C3-DF7ABC965F8C}
		{2A850E63-CE72-4A55-AF67-E16B33B6D769} = {38F7F13D-591B-472D-B4C3-DF7ABC965F8C}
		{4B954092-2C71-44CA-83E2-FEF33E55974B} = {38F7F13D-591B-472D-B4C3-DF7ABC965F8C}
	EndGlobalSection
EndGlobal
