
Microsoft Visual Studio Solution File, Format Version 12.00
# Visual Studio 15
VisualStudioVersion = 15.0.26430.16
MinimumVisualStudioVersion = 10.0.40219.1
Project("{2150E333-8FDC-42A3-9474-1A3956D46DE8}") = "01. Stacks and Queues", "01. Stacks and Queues", "{137629C1-841D-4BEB-B19E-123CF20C337E}"
EndProject
Project("{2150E333-8FDC-42A3-9474-1A3956D46DE8}") = "Lab", "Lab", "{A4501912-CC4C-4073-AAF5-37D24AC73C4B}"
EndProject
Project("{2150E333-8FDC-42A3-9474-1A3956D46DE8}") = "Exercises", "Exercises", "{38F7F13D-591B-472D-B4C3-DF7ABC965F8C}"
EndProject
Project("{9A19103F-16F7-4668-BE54-9A1E7A4F7556}") = "02. Simple Calculator", "01. Stacks and Queues\Lab\02. Simple Calculator\02. Simple Calculator.csproj", "{89A45ADB-15BD-40B2-A8C9-EFC117F0004E}"
EndProject
Project("{9A19103F-16F7-4668-BE54-9A1E7A4F7556}") = "04. Matching Brackets", "01. Stacks and Queues\Lab\04. Matching Brackets\04. Matching Brackets.csproj", "{7DD9532E-0404-4ED0-88E8-C85535E54681}"
EndProject
Project("{9A19103F-16F7-4668-BE54-9A1E7A4F7556}") = "05. HotPotato", "01. Stacks and Queues\Lab\05. HotPotato\05. HotPotato.csproj", "{99DF8422-B82B-4855-8A5A-7474C11AC6C3}"
EndProject
Project("{9A19103F-16F7-4668-BE54-9A1E7A4F7556}") = "06. Math Potato", "01. Stacks and Queues\Lab\06. Math Potato\06. Math Potato.csproj", "{C8DBF5D5-21B3-4084-ADEB-4134FA33530C}"
EndProject
Project("{9A19103F-16F7-4668-BE54-9A1E7A4F7556}") = "01. Reverse Strings", "01. Stacks and Queues\Lab\01. Reverse Strings\01. Reverse Strings.csproj", "{8CDF5740-AB25-4B66-B731-606FC4F4F95C}"
EndProject
Project("{9A19103F-16F7-4668-BE54-9A1E7A4F7556}") = "03. Decimal to Binary Converter", "01. Stacks and Queues\Lab\03. Decimal to Binary Converter\03. Decimal to Binary Converter.csproj", "{F9648300-1333-4E21-936A-22641B8A3231}"
EndProject
Project("{9A19103F-16F7-4668-BE54-9A1E7A4F7556}") = "01. Reverse Numbers with Stack", "01. Stacks and Queues\Exercises\01. Reverse Numbers with Stack\01. Reverse Numbers with Stack.csproj", "{6DB35CBC-5463-47E0-AE8C-D36CFBC5ED04}"
EndProject
Project("{9A19103F-16F7-4668-BE54-9A1E7A4F7556}") = "02. Basic Stack Operations", "01. Stacks and Queues\Exercises\02. Basic Stack Operations\02. Basic Stack Operations.csproj", "{DD888D97-7D3F-4932-B004-540527679BC9}"
EndProject
Project("{9A19103F-16F7-4668-BE54-9A1E7A4F7556}") = "03. Maximum Element", "01. Stacks and Queues\Exercises\03. Maximum Element\03. Maximum Element.csproj", "{508A70A2-5E21-422C-AB34-22891E8028CC}"
EndProject
Project("{9A19103F-16F7-4668-BE54-9A1E7A4F7556}") = "04. Basic Queue Operations", "01. Stacks and Queues\Exercises\04. Basic Queue Operations\04. Basic Queue Operations.csproj", "{003DAB20-AB08-452B-AF65-296682BF02AF}"
EndProject
Project("{9A19103F-16F7-4668-BE54-9A1E7A4F7556}") = "05. Calculate Sequence with Queue", "01. Stacks and Queues\Exercises\05. Calculate Sequence with Queue\05. Calculate Sequence with Queue.csproj", "{1D270D73-5631-44B5-B4A5-6BEC3B50EC64}"
EndProject
Project("{9A19103F-16F7-4668-BE54-9A1E7A4F7556}") = "06. Truck Tour", "01. Stacks and Queues\Exercises\06. Truck Tour\06. Truck Tour.csproj", "{47C6A317-8AB8-46CD-B083-5E06EB514301}"
EndProject
Project("{9A19103F-16F7-4668-BE54-9A1E7A4F7556}") = "07. Balanced Parentheses", "01. Stacks and Queues\Exercises\07. Balanced Parentheses\07. Balanced Parentheses.csproj", "{2E4CFDFC-7407-44CD-B30E-1EACFAEFF5DD}"
EndProject
Project("{9A19103F-16F7-4668-BE54-9A1E7A4F7556}") = "08. Recursive Fibonacci", "01. Stacks and Queues\Exercises\08. Recursive Fibonacci\08. Recursive Fibonacci.csproj", "{9B626E3E-4DAF-4514-B749-2C327AC35445}"
EndProject
Project("{9A19103F-16F7-4668-BE54-9A1E7A4F7556}") = "09. Stack Fibonacci", "01. Stacks and Queues\Exercises\09. Stack Fibonacci\09. Stack Fibonacci.csproj", "{205652D8-5279-4093-98F6-4A059FE61458}"
EndProject
Project("{9A19103F-16F7-4668-BE54-9A1E7A4F7556}") = "10. Simple Text Editor", "01. Stacks and Queues\Exercises\10. Simple Text Editor\10. Simple Text Editor.csproj", "{0904C299-47CA-4E54-A2A7-F6C6E78829CD}"
EndProject
Project("{9A19103F-16F7-4668-BE54-9A1E7A4F7556}") = "11. Poisonous Plants", "01. Stacks and Queues\Exercises\11. Poisonous Plants\11. Poisonous Plants.csproj", "{2A850E63-CE72-4A55-AF67-E16B33B6D769}"
EndProject
Project("{9A19103F-16F7-4668-BE54-9A1E7A4F7556}") = "11. Poisonous Plants V2", "01. Stacks and Queues\Exercises\11. Poisonous Plants V2\11. Poisonous Plants V2.csproj", "{39637901-E42D-4F5A-AED0-88FCEA64536A}"
EndProject
Project("{2150E333-8FDC-42A3-9474-1A3956D46DE8}") = "02. Sets and Dictionaries", "02. Sets and Dictionaries", "{6547ED78-A8E9-4F54-A16D-F16890250CA6}"
EndProject
Project("{2150E333-8FDC-42A3-9474-1A3956D46DE8}") = "Lab", "Lab", "{AD97E9C6-6F14-4DA9-8334-9C95FF4E2B2B}"
EndProject
Project("{2150E333-8FDC-42A3-9474-1A3956D46DE8}") = "Exercises", "Exercises", "{5C651AC0-BCA5-46C0-BC6F-34562F4F2A17}"
EndProject
Project("{9A19103F-16F7-4668-BE54-9A1E7A4F7556}") = "01. Parking Lot", "02. Sets and Dictionaries\Lab\01. Parking Lot\01. Parking Lot.csproj", "{F391CBC9-EE6A-4BA8-A378-678129EF5F16}"
EndProject
Project("{9A19103F-16F7-4668-BE54-9A1E7A4F7556}") = "02. SoftUni Party", "02. Sets and Dictionaries\Lab\02. SoftUni Party\02. SoftUni Party.csproj", "{C4BC1943-73DB-4592-B741-8430D23D8154}"
EndProject
Project("{9A19103F-16F7-4668-BE54-9A1E7A4F7556}") = "03. Count Same Values in Array", "02. Sets and Dictionaries\Lab\03. Count Same Values in Array\03. Count Same Values in Array.csproj", "{89463E0C-B6D5-4B46-97DD-0C41DD088386}"
EndProject
Project("{9A19103F-16F7-4668-BE54-9A1E7A4F7556}") = "04. Academy Graduation", "02. Sets and Dictionaries\Lab\04. Academy Graduation\04. Academy Graduation.csproj", "{7C5A698D-FE35-4516-AA76-8E7AF1C515F5}"
EndProject
Project("{9A19103F-16F7-4668-BE54-9A1E7A4F7556}") = "01. Unique Usernames", "02. Sets and Dictionaries\Exercises\01. Unique Usernames\01. Unique Usernames.csproj", "{F6761F87-E18C-44D9-A610-D3469C0943DD}"
EndProject
Project("{9A19103F-16F7-4668-BE54-9A1E7A4F7556}") = "02. Sets of Elements", "02. Sets and Dictionaries\Exercises\02. Sets of Elements\02. Sets of Elements.csproj", "{58DE3E01-218A-4A87-ADC4-8246C70C1CE5}"
EndProject
Project("{9A19103F-16F7-4668-BE54-9A1E7A4F7556}") = "03. Periodic Table", "02. Sets and Dictionaries\Exercises\03. Periodic Table\03. Periodic Table.csproj", "{2FF14680-9488-424F-8FF2-C663B846315D}"
EndProject
Project("{9A19103F-16F7-4668-BE54-9A1E7A4F7556}") = "04. Count Symbols", "02. Sets and Dictionaries\Exercises\04. Count Symbols\04. Count Symbols.csproj", "{D9195ECF-313B-4593-AB5B-E4CED7E4E8E4}"
EndProject
Project("{9A19103F-16F7-4668-BE54-9A1E7A4F7556}") = "05. Phonebook", "02. Sets and Dictionaries\Exercises\05. Phonebook\05. Phonebook.csproj", "{072AAF9A-EDFD-4FA7-A397-6E7A3E8B6E1D}"
EndProject
Project("{9A19103F-16F7-4668-BE54-9A1E7A4F7556}") = "07. Fix emails", "02. Sets and Dictionaries\Exercises\07. Fix emails\07. Fix emails.csproj", "{1F6729ED-228A-486C-B89D-3AF73756DEE8}"
EndProject
Project("{9A19103F-16F7-4668-BE54-9A1E7A4F7556}") = "06. A Miners Task", "02. Sets and Dictionaries\Exercises\06. A Miners Task\06. A Miners Task.csproj", "{3022EEE5-AE01-440D-A09E-B934AB4E5FC1}"
EndProject
Project("{9A19103F-16F7-4668-BE54-9A1E7A4F7556}") = "08. Hands of cards", "02. Sets and Dictionaries\Exercises\08. Hands of cards\08. Hands of cards.csproj", "{C59E684D-8EAF-491D-902A-6BBD54A972D8}"
EndProject
Project("{9A19103F-16F7-4668-BE54-9A1E7A4F7556}") = "09. User Logs", "02. Sets and Dictionaries\Exercises\09. User Logs\09. User Logs.csproj", "{4F9CF6F7-7115-4A4A-9226-A478992171F0}"
EndProject
Project("{9A19103F-16F7-4668-BE54-9A1E7A4F7556}") = "10. Population Counter", "02. Sets and Dictionaries\Exercises\10. Population Counter\10. Population Counter.csproj", "{D231D39E-2731-4D26-8E72-596668A7A7AB}"
EndProject
Project("{9A19103F-16F7-4668-BE54-9A1E7A4F7556}") = "11. Logs Aggregator", "02. Sets and Dictionaries\Exercises\11. Logs Aggregator\11. Logs Aggregator.csproj", "{A2361205-C7CE-4D23-87F8-5F3301FCCF86}"
EndProject
Project("{9A19103F-16F7-4668-BE54-9A1E7A4F7556}") = "12. Legendary Farming", "02. Sets and Dictionaries\Exercises\12. Legendary Farming\12. Legendary Farming.csproj", "{6FD9C92A-792F-4C5F-9F8F-653BD73B2476}"
EndProject
Project("{9A19103F-16F7-4668-BE54-9A1E7A4F7556}") = "13. Сръбско Unleashed", "02. Sets and Dictionaries\Exercises\13. Сръбско Unleashed\13. Сръбско Unleashed.csproj", "{5F18A252-8512-4C4E-9648-F8CDE5B102CB}"
EndProject
Project("{9A19103F-16F7-4668-BE54-9A1E7A4F7556}") = "14. Dragon Army", "02. Sets and Dictionaries\Exercises\14. Dragon Army\14. Dragon Army.csproj", "{0CB100DF-51C6-43B9-A464-5857CB9FFA37}"
EndProject
Project("{2150E333-8FDC-42A3-9474-1A3956D46DE8}") = "03. Matrices", "03. Matrices", "{FD3F3EC0-2552-480F-9463-C2E9CDC1165E}"
EndProject
Project("{2150E333-8FDC-42A3-9474-1A3956D46DE8}") = "Lab", "Lab", "{2E5F4299-F4CB-474C-8917-D463C6657C75}"
EndProject
Project("{2150E333-8FDC-42A3-9474-1A3956D46DE8}") = "Exercises", "Exercises", "{19380149-0D8D-4CC1-BA75-EFB6B47B166F}"
EndProject
Project("{FAE04EC0-301F-11D3-BF4B-00C04F79EFBC}") = "01. Sum Matrix Elements", "03. Matrices\Lab\01. Sum Matrix Elements\01. Sum Matrix Elements.csproj", "{5D3EB2D3-ED0D-41C8-A436-6EDD5DB49A65}"
EndProject
Global
	GlobalSection(SolutionConfigurationPlatforms) = preSolution
		Debug|Any CPU = Debug|Any CPU
		Release|Any CPU = Release|Any CPU
	EndGlobalSection
	GlobalSection(ProjectConfigurationPlatforms) = postSolution
		{89A45ADB-15BD-40B2-A8C9-EFC117F0004E}.Debug|Any CPU.ActiveCfg = Debug|Any CPU
		{89A45ADB-15BD-40B2-A8C9-EFC117F0004E}.Debug|Any CPU.Build.0 = Debug|Any CPU
		{89A45ADB-15BD-40B2-A8C9-EFC117F0004E}.Release|Any CPU.ActiveCfg = Release|Any CPU
		{89A45ADB-15BD-40B2-A8C9-EFC117F0004E}.Release|Any CPU.Build.0 = Release|Any CPU
		{7DD9532E-0404-4ED0-88E8-C85535E54681}.Debug|Any CPU.ActiveCfg = Debug|Any CPU
		{7DD9532E-0404-4ED0-88E8-C85535E54681}.Debug|Any CPU.Build.0 = Debug|Any CPU
		{7DD9532E-0404-4ED0-88E8-C85535E54681}.Release|Any CPU.ActiveCfg = Release|Any CPU
		{7DD9532E-0404-4ED0-88E8-C85535E54681}.Release|Any CPU.Build.0 = Release|Any CPU
		{99DF8422-B82B-4855-8A5A-7474C11AC6C3}.Debug|Any CPU.ActiveCfg = Debug|Any CPU
		{99DF8422-B82B-4855-8A5A-7474C11AC6C3}.Debug|Any CPU.Build.0 = Debug|Any CPU
		{99DF8422-B82B-4855-8A5A-7474C11AC6C3}.Release|Any CPU.ActiveCfg = Release|Any CPU
		{99DF8422-B82B-4855-8A5A-7474C11AC6C3}.Release|Any CPU.Build.0 = Release|Any CPU
		{C8DBF5D5-21B3-4084-ADEB-4134FA33530C}.Debug|Any CPU.ActiveCfg = Debug|Any CPU
		{C8DBF5D5-21B3-4084-ADEB-4134FA33530C}.Debug|Any CPU.Build.0 = Debug|Any CPU
		{C8DBF5D5-21B3-4084-ADEB-4134FA33530C}.Release|Any CPU.ActiveCfg = Release|Any CPU
		{C8DBF5D5-21B3-4084-ADEB-4134FA33530C}.Release|Any CPU.Build.0 = Release|Any CPU
		{8CDF5740-AB25-4B66-B731-606FC4F4F95C}.Debug|Any CPU.ActiveCfg = Debug|Any CPU
		{8CDF5740-AB25-4B66-B731-606FC4F4F95C}.Debug|Any CPU.Build.0 = Debug|Any CPU
		{8CDF5740-AB25-4B66-B731-606FC4F4F95C}.Release|Any CPU.ActiveCfg = Release|Any CPU
		{8CDF5740-AB25-4B66-B731-606FC4F4F95C}.Release|Any CPU.Build.0 = Release|Any CPU
		{F9648300-1333-4E21-936A-22641B8A3231}.Debug|Any CPU.ActiveCfg = Debug|Any CPU
		{F9648300-1333-4E21-936A-22641B8A3231}.Debug|Any CPU.Build.0 = Debug|Any CPU
		{F9648300-1333-4E21-936A-22641B8A3231}.Release|Any CPU.ActiveCfg = Release|Any CPU
		{F9648300-1333-4E21-936A-22641B8A3231}.Release|Any CPU.Build.0 = Release|Any CPU
		{6DB35CBC-5463-47E0-AE8C-D36CFBC5ED04}.Debug|Any CPU.ActiveCfg = Debug|Any CPU
		{6DB35CBC-5463-47E0-AE8C-D36CFBC5ED04}.Debug|Any CPU.Build.0 = Debug|Any CPU
		{6DB35CBC-5463-47E0-AE8C-D36CFBC5ED04}.Release|Any CPU.ActiveCfg = Release|Any CPU
		{6DB35CBC-5463-47E0-AE8C-D36CFBC5ED04}.Release|Any CPU.Build.0 = Release|Any CPU
		{DD888D97-7D3F-4932-B004-540527679BC9}.Debug|Any CPU.ActiveCfg = Debug|Any CPU
		{DD888D97-7D3F-4932-B004-540527679BC9}.Debug|Any CPU.Build.0 = Debug|Any CPU
		{DD888D97-7D3F-4932-B004-540527679BC9}.Release|Any CPU.ActiveCfg = Release|Any CPU
		{DD888D97-7D3F-4932-B004-540527679BC9}.Release|Any CPU.Build.0 = Release|Any CPU
		{508A70A2-5E21-422C-AB34-22891E8028CC}.Debug|Any CPU.ActiveCfg = Debug|Any CPU
		{508A70A2-5E21-422C-AB34-22891E8028CC}.Debug|Any CPU.Build.0 = Debug|Any CPU
		{508A70A2-5E21-422C-AB34-22891E8028CC}.Release|Any CPU.ActiveCfg = Release|Any CPU
		{508A70A2-5E21-422C-AB34-22891E8028CC}.Release|Any CPU.Build.0 = Release|Any CPU
		{003DAB20-AB08-452B-AF65-296682BF02AF}.Debug|Any CPU.ActiveCfg = Debug|Any CPU
		{003DAB20-AB08-452B-AF65-296682BF02AF}.Debug|Any CPU.Build.0 = Debug|Any CPU
		{003DAB20-AB08-452B-AF65-296682BF02AF}.Release|Any CPU.ActiveCfg = Release|Any CPU
		{003DAB20-AB08-452B-AF65-296682BF02AF}.Release|Any CPU.Build.0 = Release|Any CPU
		{1D270D73-5631-44B5-B4A5-6BEC3B50EC64}.Debug|Any CPU.ActiveCfg = Debug|Any CPU
		{1D270D73-5631-44B5-B4A5-6BEC3B50EC64}.Debug|Any CPU.Build.0 = Debug|Any CPU
		{1D270D73-5631-44B5-B4A5-6BEC3B50EC64}.Release|Any CPU.ActiveCfg = Release|Any CPU
		{1D270D73-5631-44B5-B4A5-6BEC3B50EC64}.Release|Any CPU.Build.0 = Release|Any CPU
		{47C6A317-8AB8-46CD-B083-5E06EB514301}.Debug|Any CPU.ActiveCfg = Debug|Any CPU
		{47C6A317-8AB8-46CD-B083-5E06EB514301}.Debug|Any CPU.Build.0 = Debug|Any CPU
		{47C6A317-8AB8-46CD-B083-5E06EB514301}.Release|Any CPU.ActiveCfg = Release|Any CPU
		{47C6A317-8AB8-46CD-B083-5E06EB514301}.Release|Any CPU.Build.0 = Release|Any CPU
		{2E4CFDFC-7407-44CD-B30E-1EACFAEFF5DD}.Debug|Any CPU.ActiveCfg = Debug|Any CPU
		{2E4CFDFC-7407-44CD-B30E-1EACFAEFF5DD}.Debug|Any CPU.Build.0 = Debug|Any CPU
		{2E4CFDFC-7407-44CD-B30E-1EACFAEFF5DD}.Release|Any CPU.ActiveCfg = Release|Any CPU
		{2E4CFDFC-7407-44CD-B30E-1EACFAEFF5DD}.Release|Any CPU.Build.0 = Release|Any CPU
		{9B626E3E-4DAF-4514-B749-2C327AC35445}.Debug|Any CPU.ActiveCfg = Debug|Any CPU
		{9B626E3E-4DAF-4514-B749-2C327AC35445}.Debug|Any CPU.Build.0 = Debug|Any CPU
		{9B626E3E-4DAF-4514-B749-2C327AC35445}.Release|Any CPU.ActiveCfg = Release|Any CPU
		{9B626E3E-4DAF-4514-B749-2C327AC35445}.Release|Any CPU.Build.0 = Release|Any CPU
		{205652D8-5279-4093-98F6-4A059FE61458}.Debug|Any CPU.ActiveCfg = Debug|Any CPU
		{205652D8-5279-4093-98F6-4A059FE61458}.Debug|Any CPU.Build.0 = Debug|Any CPU
		{205652D8-5279-4093-98F6-4A059FE61458}.Release|Any CPU.ActiveCfg = Release|Any CPU
		{205652D8-5279-4093-98F6-4A059FE61458}.Release|Any CPU.Build.0 = Release|Any CPU
		{0904C299-47CA-4E54-A2A7-F6C6E78829CD}.Debug|Any CPU.ActiveCfg = Debug|Any CPU
		{0904C299-47CA-4E54-A2A7-F6C6E78829CD}.Debug|Any CPU.Build.0 = Debug|Any CPU
		{0904C299-47CA-4E54-A2A7-F6C6E78829CD}.Release|Any CPU.ActiveCfg = Release|Any CPU
		{0904C299-47CA-4E54-A2A7-F6C6E78829CD}.Release|Any CPU.Build.0 = Release|Any CPU
		{2A850E63-CE72-4A55-AF67-E16B33B6D769}.Debug|Any CPU.ActiveCfg = Debug|Any CPU
		{2A850E63-CE72-4A55-AF67-E16B33B6D769}.Debug|Any CPU.Build.0 = Debug|Any CPU
		{2A850E63-CE72-4A55-AF67-E16B33B6D769}.Release|Any CPU.ActiveCfg = Release|Any CPU
		{2A850E63-CE72-4A55-AF67-E16B33B6D769}.Release|Any CPU.Build.0 = Release|Any CPU
		{39637901-E42D-4F5A-AED0-88FCEA64536A}.Debug|Any CPU.ActiveCfg = Debug|Any CPU
		{39637901-E42D-4F5A-AED0-88FCEA64536A}.Debug|Any CPU.Build.0 = Debug|Any CPU
		{39637901-E42D-4F5A-AED0-88FCEA64536A}.Release|Any CPU.ActiveCfg = Release|Any CPU
		{39637901-E42D-4F5A-AED0-88FCEA64536A}.Release|Any CPU.Build.0 = Release|Any CPU
		{F391CBC9-EE6A-4BA8-A378-678129EF5F16}.Debug|Any CPU.ActiveCfg = Debug|Any CPU
		{F391CBC9-EE6A-4BA8-A378-678129EF5F16}.Debug|Any CPU.Build.0 = Debug|Any CPU
		{F391CBC9-EE6A-4BA8-A378-678129EF5F16}.Release|Any CPU.ActiveCfg = Release|Any CPU
		{F391CBC9-EE6A-4BA8-A378-678129EF5F16}.Release|Any CPU.Build.0 = Release|Any CPU
		{C4BC1943-73DB-4592-B741-8430D23D8154}.Debug|Any CPU.ActiveCfg = Debug|Any CPU
		{C4BC1943-73DB-4592-B741-8430D23D8154}.Debug|Any CPU.Build.0 = Debug|Any CPU
		{C4BC1943-73DB-4592-B741-8430D23D8154}.Release|Any CPU.ActiveCfg = Release|Any CPU
		{C4BC1943-73DB-4592-B741-8430D23D8154}.Release|Any CPU.Build.0 = Release|Any CPU
		{89463E0C-B6D5-4B46-97DD-0C41DD088386}.Debug|Any CPU.ActiveCfg = Debug|Any CPU
		{89463E0C-B6D5-4B46-97DD-0C41DD088386}.Debug|Any CPU.Build.0 = Debug|Any CPU
		{89463E0C-B6D5-4B46-97DD-0C41DD088386}.Release|Any CPU.ActiveCfg = Release|Any CPU
		{89463E0C-B6D5-4B46-97DD-0C41DD088386}.Release|Any CPU.Build.0 = Release|Any CPU
		{7C5A698D-FE35-4516-AA76-8E7AF1C515F5}.Debug|Any CPU.ActiveCfg = Debug|Any CPU
		{7C5A698D-FE35-4516-AA76-8E7AF1C515F5}.Debug|Any CPU.Build.0 = Debug|Any CPU
		{7C5A698D-FE35-4516-AA76-8E7AF1C515F5}.Release|Any CPU.ActiveCfg = Release|Any CPU
		{7C5A698D-FE35-4516-AA76-8E7AF1C515F5}.Release|Any CPU.Build.0 = Release|Any CPU
		{F6761F87-E18C-44D9-A610-D3469C0943DD}.Debug|Any CPU.ActiveCfg = Debug|Any CPU
		{F6761F87-E18C-44D9-A610-D3469C0943DD}.Debug|Any CPU.Build.0 = Debug|Any CPU
		{F6761F87-E18C-44D9-A610-D3469C0943DD}.Release|Any CPU.ActiveCfg = Release|Any CPU
		{F6761F87-E18C-44D9-A610-D3469C0943DD}.Release|Any CPU.Build.0 = Release|Any CPU
		{58DE3E01-218A-4A87-ADC4-8246C70C1CE5}.Debug|Any CPU.ActiveCfg = Debug|Any CPU
		{58DE3E01-218A-4A87-ADC4-8246C70C1CE5}.Debug|Any CPU.Build.0 = Debug|Any CPU
		{58DE3E01-218A-4A87-ADC4-8246C70C1CE5}.Release|Any CPU.ActiveCfg = Release|Any CPU
		{58DE3E01-218A-4A87-ADC4-8246C70C1CE5}.Release|Any CPU.Build.0 = Release|Any CPU
		{2FF14680-9488-424F-8FF2-C663B846315D}.Debug|Any CPU.ActiveCfg = Debug|Any CPU
		{2FF14680-9488-424F-8FF2-C663B846315D}.Debug|Any CPU.Build.0 = Debug|Any CPU
		{2FF14680-9488-424F-8FF2-C663B846315D}.Release|Any CPU.ActiveCfg = Release|Any CPU
		{2FF14680-9488-424F-8FF2-C663B846315D}.Release|Any CPU.Build.0 = Release|Any CPU
		{D9195ECF-313B-4593-AB5B-E4CED7E4E8E4}.Debug|Any CPU.ActiveCfg = Debug|Any CPU
		{D9195ECF-313B-4593-AB5B-E4CED7E4E8E4}.Debug|Any CPU.Build.0 = Debug|Any CPU
		{D9195ECF-313B-4593-AB5B-E4CED7E4E8E4}.Release|Any CPU.ActiveCfg = Release|Any CPU
		{D9195ECF-313B-4593-AB5B-E4CED7E4E8E4}.Release|Any CPU.Build.0 = Release|Any CPU
		{072AAF9A-EDFD-4FA7-A397-6E7A3E8B6E1D}.Debug|Any CPU.ActiveCfg = Debug|Any CPU
		{072AAF9A-EDFD-4FA7-A397-6E7A3E8B6E1D}.Debug|Any CPU.Build.0 = Debug|Any CPU
		{072AAF9A-EDFD-4FA7-A397-6E7A3E8B6E1D}.Release|Any CPU.ActiveCfg = Release|Any CPU
		{072AAF9A-EDFD-4FA7-A397-6E7A3E8B6E1D}.Release|Any CPU.Build.0 = Release|Any CPU
		{1F6729ED-228A-486C-B89D-3AF73756DEE8}.Debug|Any CPU.ActiveCfg = Debug|Any CPU
		{1F6729ED-228A-486C-B89D-3AF73756DEE8}.Debug|Any CPU.Build.0 = Debug|Any CPU
		{1F6729ED-228A-486C-B89D-3AF73756DEE8}.Release|Any CPU.ActiveCfg = Release|Any CPU
		{1F6729ED-228A-486C-B89D-3AF73756DEE8}.Release|Any CPU.Build.0 = Release|Any CPU
		{3022EEE5-AE01-440D-A09E-B934AB4E5FC1}.Debug|Any CPU.ActiveCfg = Debug|Any CPU
		{3022EEE5-AE01-440D-A09E-B934AB4E5FC1}.Debug|Any CPU.Build.0 = Debug|Any CPU
		{3022EEE5-AE01-440D-A09E-B934AB4E5FC1}.Release|Any CPU.ActiveCfg = Release|Any CPU
		{3022EEE5-AE01-440D-A09E-B934AB4E5FC1}.Release|Any CPU.Build.0 = Release|Any CPU
		{C59E684D-8EAF-491D-902A-6BBD54A972D8}.Debug|Any CPU.ActiveCfg = Debug|Any CPU
		{C59E684D-8EAF-491D-902A-6BBD54A972D8}.Debug|Any CPU.Build.0 = Debug|Any CPU
		{C59E684D-8EAF-491D-902A-6BBD54A972D8}.Release|Any CPU.ActiveCfg = Release|Any CPU
		{C59E684D-8EAF-491D-902A-6BBD54A972D8}.Release|Any CPU.Build.0 = Release|Any CPU
		{4F9CF6F7-7115-4A4A-9226-A478992171F0}.Debug|Any CPU.ActiveCfg = Debug|Any CPU
		{4F9CF6F7-7115-4A4A-9226-A478992171F0}.Debug|Any CPU.Build.0 = Debug|Any CPU
		{4F9CF6F7-7115-4A4A-9226-A478992171F0}.Release|Any CPU.ActiveCfg = Release|Any CPU
		{4F9CF6F7-7115-4A4A-9226-A478992171F0}.Release|Any CPU.Build.0 = Release|Any CPU
		{D231D39E-2731-4D26-8E72-596668A7A7AB}.Debug|Any CPU.ActiveCfg = Debug|Any CPU
		{D231D39E-2731-4D26-8E72-596668A7A7AB}.Debug|Any CPU.Build.0 = Debug|Any CPU
		{D231D39E-2731-4D26-8E72-596668A7A7AB}.Release|Any CPU.ActiveCfg = Release|Any CPU
		{D231D39E-2731-4D26-8E72-596668A7A7AB}.Release|Any CPU.Build.0 = Release|Any CPU
		{A2361205-C7CE-4D23-87F8-5F3301FCCF86}.Debug|Any CPU.ActiveCfg = Debug|Any CPU
		{A2361205-C7CE-4D23-87F8-5F3301FCCF86}.Debug|Any CPU.Build.0 = Debug|Any CPU
		{A2361205-C7CE-4D23-87F8-5F3301FCCF86}.Release|Any CPU.ActiveCfg = Release|Any CPU
		{A2361205-C7CE-4D23-87F8-5F3301FCCF86}.Release|Any CPU.Build.0 = Release|Any CPU
		{6FD9C92A-792F-4C5F-9F8F-653BD73B2476}.Debug|Any CPU.ActiveCfg = Debug|Any CPU
		{6FD9C92A-792F-4C5F-9F8F-653BD73B2476}.Debug|Any CPU.Build.0 = Debug|Any CPU
		{6FD9C92A-792F-4C5F-9F8F-653BD73B2476}.Release|Any CPU.ActiveCfg = Release|Any CPU
		{6FD9C92A-792F-4C5F-9F8F-653BD73B2476}.Release|Any CPU.Build.0 = Release|Any CPU
		{5F18A252-8512-4C4E-9648-F8CDE5B102CB}.Debug|Any CPU.ActiveCfg = Debug|Any CPU
		{5F18A252-8512-4C4E-9648-F8CDE5B102CB}.Debug|Any CPU.Build.0 = Debug|Any CPU
		{5F18A252-8512-4C4E-9648-F8CDE5B102CB}.Release|Any CPU.ActiveCfg = Release|Any CPU
		{5F18A252-8512-4C4E-9648-F8CDE5B102CB}.Release|Any CPU.Build.0 = Release|Any CPU
		{0CB100DF-51C6-43B9-A464-5857CB9FFA37}.Debug|Any CPU.ActiveCfg = Debug|Any CPU
		{0CB100DF-51C6-43B9-A464-5857CB9FFA37}.Debug|Any CPU.Build.0 = Debug|Any CPU
		{0CB100DF-51C6-43B9-A464-5857CB9FFA37}.Release|Any CPU.ActiveCfg = Release|Any CPU
		{0CB100DF-51C6-43B9-A464-5857CB9FFA37}.Release|Any CPU.Build.0 = Release|Any CPU
		{5D3EB2D3-ED0D-41C8-A436-6EDD5DB49A65}.Debug|Any CPU.ActiveCfg = Debug|Any CPU
		{5D3EB2D3-ED0D-41C8-A436-6EDD5DB49A65}.Debug|Any CPU.Build.0 = Debug|Any CPU
		{5D3EB2D3-ED0D-41C8-A436-6EDD5DB49A65}.Release|Any CPU.ActiveCfg = Release|Any CPU
		{5D3EB2D3-ED0D-41C8-A436-6EDD5DB49A65}.Release|Any CPU.Build.0 = Release|Any CPU
	EndGlobalSection
	GlobalSection(SolutionProperties) = preSolution
		HideSolutionNode = FALSE
	EndGlobalSection
	GlobalSection(NestedProjects) = preSolution
		{A4501912-CC4C-4073-AAF5-37D24AC73C4B} = {137629C1-841D-4BEB-B19E-123CF20C337E}
		{38F7F13D-591B-472D-B4C3-DF7ABC965F8C} = {137629C1-841D-4BEB-B19E-123CF20C337E}
		{89A45ADB-15BD-40B2-A8C9-EFC117F0004E} = {A4501912-CC4C-4073-AAF5-37D24AC73C4B}
		{7DD9532E-0404-4ED0-88E8-C85535E54681} = {A4501912-CC4C-4073-AAF5-37D24AC73C4B}
		{99DF8422-B82B-4855-8A5A-7474C11AC6C3} = {A4501912-CC4C-4073-AAF5-37D24AC73C4B}
		{C8DBF5D5-21B3-4084-ADEB-4134FA33530C} = {A4501912-CC4C-4073-AAF5-37D24AC73C4B}
		{8CDF5740-AB25-4B66-B731-606FC4F4F95C} = {A4501912-CC4C-4073-AAF5-37D24AC73C4B}
		{F9648300-1333-4E21-936A-22641B8A3231} = {A4501912-CC4C-4073-AAF5-37D24AC73C4B}
		{6DB35CBC-5463-47E0-AE8C-D36CFBC5ED04} = {38F7F13D-591B-472D-B4C3-DF7ABC965F8C}
		{DD888D97-7D3F-4932-B004-540527679BC9} = {38F7F13D-591B-472D-B4C3-DF7ABC965F8C}
		{508A70A2-5E21-422C-AB34-22891E8028CC} = {38F7F13D-591B-472D-B4C3-DF7ABC965F8C}
		{003DAB20-AB08-452B-AF65-296682BF02AF} = {38F7F13D-591B-472D-B4C3-DF7ABC965F8C}
		{1D270D73-5631-44B5-B4A5-6BEC3B50EC64} = {38F7F13D-591B-472D-B4C3-DF7ABC965F8C}
		{47C6A317-8AB8-46CD-B083-5E06EB514301} = {38F7F13D-591B-472D-B4C3-DF7ABC965F8C}
		{2E4CFDFC-7407-44CD-B30E-1EACFAEFF5DD} = {38F7F13D-591B-472D-B4C3-DF7ABC965F8C}
		{9B626E3E-4DAF-4514-B749-2C327AC35445} = {38F7F13D-591B-472D-B4C3-DF7ABC965F8C}
		{205652D8-5279-4093-98F6-4A059FE61458} = {38F7F13D-591B-472D-B4C3-DF7ABC965F8C}
		{0904C299-47CA-4E54-A2A7-F6C6E78829CD} = {38F7F13D-591B-472D-B4C3-DF7ABC965F8C}
		{2A850E63-CE72-4A55-AF67-E16B33B6D769} = {38F7F13D-591B-472D-B4C3-DF7ABC965F8C}
		{39637901-E42D-4F5A-AED0-88FCEA64536A} = {38F7F13D-591B-472D-B4C3-DF7ABC965F8C}
		{AD97E9C6-6F14-4DA9-8334-9C95FF4E2B2B} = {6547ED78-A8E9-4F54-A16D-F16890250CA6}
		{5C651AC0-BCA5-46C0-BC6F-34562F4F2A17} = {6547ED78-A8E9-4F54-A16D-F16890250CA6}
		{F391CBC9-EE6A-4BA8-A378-678129EF5F16} = {AD97E9C6-6F14-4DA9-8334-9C95FF4E2B2B}
		{C4BC1943-73DB-4592-B741-8430D23D8154} = {AD97E9C6-6F14-4DA9-8334-9C95FF4E2B2B}
		{89463E0C-B6D5-4B46-97DD-0C41DD088386} = {AD97E9C6-6F14-4DA9-8334-9C95FF4E2B2B}
		{7C5A698D-FE35-4516-AA76-8E7AF1C515F5} = {AD97E9C6-6F14-4DA9-8334-9C95FF4E2B2B}
		{F6761F87-E18C-44D9-A610-D3469C0943DD} = {5C651AC0-BCA5-46C0-BC6F-34562F4F2A17}
		{58DE3E01-218A-4A87-ADC4-8246C70C1CE5} = {5C651AC0-BCA5-46C0-BC6F-34562F4F2A17}
		{2FF14680-9488-424F-8FF2-C663B846315D} = {5C651AC0-BCA5-46C0-BC6F-34562F4F2A17}
		{D9195ECF-313B-4593-AB5B-E4CED7E4E8E4} = {5C651AC0-BCA5-46C0-BC6F-34562F4F2A17}
		{072AAF9A-EDFD-4FA7-A397-6E7A3E8B6E1D} = {5C651AC0-BCA5-46C0-BC6F-34562F4F2A17}
		{1F6729ED-228A-486C-B89D-3AF73756DEE8} = {5C651AC0-BCA5-46C0-BC6F-34562F4F2A17}
		{3022EEE5-AE01-440D-A09E-B934AB4E5FC1} = {5C651AC0-BCA5-46C0-BC6F-34562F4F2A17}
		{C59E684D-8EAF-491D-902A-6BBD54A972D8} = {5C651AC0-BCA5-46C0-BC6F-34562F4F2A17}
		{4F9CF6F7-7115-4A4A-9226-A478992171F0} = {5C651AC0-BCA5-46C0-BC6F-34562F4F2A17}
		{D231D39E-2731-4D26-8E72-596668A7A7AB} = {5C651AC0-BCA5-46C0-BC6F-34562F4F2A17}
		{A2361205-C7CE-4D23-87F8-5F3301FCCF86} = {5C651AC0-BCA5-46C0-BC6F-34562F4F2A17}
		{6FD9C92A-792F-4C5F-9F8F-653BD73B2476} = {5C651AC0-BCA5-46C0-BC6F-34562F4F2A17}
		{5F18A252-8512-4C4E-9648-F8CDE5B102CB} = {5C651AC0-BCA5-46C0-BC6F-34562F4F2A17}
		{0CB100DF-51C6-43B9-A464-5857CB9FFA37} = {5C651AC0-BCA5-46C0-BC6F-34562F4F2A17}
		{2E5F4299-F4CB-474C-8917-D463C6657C75} = {FD3F3EC0-2552-480F-9463-C2E9CDC1165E}
		{19380149-0D8D-4CC1-BA75-EFB6B47B166F} = {FD3F3EC0-2552-480F-9463-C2E9CDC1165E}
		{5D3EB2D3-ED0D-41C8-A436-6EDD5DB49A65} = {2E5F4299-F4CB-474C-8917-D463C6657C75}
	EndGlobalSection
EndGlobal
