
Microsoft Visual Studio Solution File, Format Version 12.00
# Visual Studio 15
VisualStudioVersion = 15.0.26430.16
MinimumVisualStudioVersion = 10.0.40219.1
Project("{2150E333-8FDC-42A3-9474-1A3956D46DE8}") = "01. Stacks and Queues", "01. Stacks and Queues", "{137629C1-841D-4BEB-B19E-123CF20C337E}"
EndProject
Project("{2150E333-8FDC-42A3-9474-1A3956D46DE8}") = "Lab", "Lab", "{A4501912-CC4C-4073-AAF5-37D24AC73C4B}"
EndProject
Project("{2150E333-8FDC-42A3-9474-1A3956D46DE8}") = "Exercises", "Exercises", "{38F7F13D-591B-472D-B4C3-DF7ABC965F8C}"
EndProject
Project("{9A19103F-16F7-4668-BE54-9A1E7A4F7556}") = "02. Simple Calculator", "01. Stacks and Queues\Lab\02. Simple Calculator\02. Simple Calculator.csproj", "{89A45ADB-15BD-40B2-A8C9-EFC117F0004E}"
EndProject
Project("{9A19103F-16F7-4668-BE54-9A1E7A4F7556}") = "04. Matching Brackets", "01. Stacks and Queues\Lab\04. Matching Brackets\04. Matching Brackets.csproj", "{7DD9532E-0404-4ED0-88E8-C85535E54681}"
EndProject
Project("{9A19103F-16F7-4668-BE54-9A1E7A4F7556}") = "05. HotPotato", "01. Stacks and Queues\Lab\05. HotPotato\05. HotPotato.csproj", "{99DF8422-B82B-4855-8A5A-7474C11AC6C3}"
EndProject
Project("{9A19103F-16F7-4668-BE54-9A1E7A4F7556}") = "06. Math Potato", "01. Stacks and Queues\Lab\06. Math Potato\06. Math Potato.csproj", "{C8DBF5D5-21B3-4084-ADEB-4134FA33530C}"
EndProject
Project("{9A19103F-16F7-4668-BE54-9A1E7A4F7556}") = "01. Reverse Strings", "01. Stacks and Queues\Lab\01. Reverse Strings\01. Reverse Strings.csproj", "{8CDF5740-AB25-4B66-B731-606FC4F4F95C}"
EndProject
Project("{9A19103F-16F7-4668-BE54-9A1E7A4F7556}") = "03. Decimal to Binary Converter", "01. Stacks and Queues\Lab\03. Decimal to Binary Converter\03. Decimal to Binary Converter.csproj", "{F9648300-1333-4E21-936A-22641B8A3231}"
EndProject
Project("{9A19103F-16F7-4668-BE54-9A1E7A4F7556}") = "01. Reverse Numbers with Stack", "01. Stacks and Queues\Exercises\01. Reverse Numbers with Stack\01. Reverse Numbers with Stack.csproj", "{6DB35CBC-5463-47E0-AE8C-D36CFBC5ED04}"
EndProject
Project("{9A19103F-16F7-4668-BE54-9A1E7A4F7556}") = "02. Basic Stack Operations", "01. Stacks and Queues\Exercises\02. Basic Stack Operations\02. Basic Stack Operations.csproj", "{DD888D97-7D3F-4932-B004-540527679BC9}"
EndProject
Project("{9A19103F-16F7-4668-BE54-9A1E7A4F7556}") = "03. Maximum Element", "01. Stacks and Queues\Exercises\03. Maximum Element\03. Maximum Element.csproj", "{508A70A2-5E21-422C-AB34-22891E8028CC}"
EndProject
Project("{9A19103F-16F7-4668-BE54-9A1E7A4F7556}") = "04. Basic Queue Operations", "01. Stacks and Queues\Exercises\04. Basic Queue Operations\04. Basic Queue Operations.csproj", "{003DAB20-AB08-452B-AF65-296682BF02AF}"
EndProject
Project("{9A19103F-16F7-4668-BE54-9A1E7A4F7556}") = "05. Calculate Sequence with Queue", "01. Stacks and Queues\Exercises\05. Calculate Sequence with Queue\05. Calculate Sequence with Queue.csproj", "{1D270D73-5631-44B5-B4A5-6BEC3B50EC64}"
EndProject
Project("{9A19103F-16F7-4668-BE54-9A1E7A4F7556}") = "06. Truck Tour", "01. Stacks and Queues\Exercises\06. Truck Tour\06. Truck Tour.csproj", "{47C6A317-8AB8-46CD-B083-5E06EB514301}"
EndProject
Project("{9A19103F-16F7-4668-BE54-9A1E7A4F7556}") = "07. Balanced Parentheses", "01. Stacks and Queues\Exercises\07. Balanced Parentheses\07. Balanced Parentheses.csproj", "{2E4CFDFC-7407-44CD-B30E-1EACFAEFF5DD}"
EndProject
Project("{9A19103F-16F7-4668-BE54-9A1E7A4F7556}") = "08. Recursive Fibonacci", "01. Stacks and Queues\Exercises\08. Recursive Fibonacci\08. Recursive Fibonacci.csproj", "{9B626E3E-4DAF-4514-B749-2C327AC35445}"
EndProject
Project("{9A19103F-16F7-4668-BE54-9A1E7A4F7556}") = "09. Stack Fibonacci", "01. Stacks and Queues\Exercises\09. Stack Fibonacci\09. Stack Fibonacci.csproj", "{205652D8-5279-4093-98F6-4A059FE61458}"
EndProject
Project("{9A19103F-16F7-4668-BE54-9A1E7A4F7556}") = "10. Simple Text Editor", "01. Stacks and Queues\Exercises\10. Simple Text Editor\10. Simple Text Editor.csproj", "{0904C299-47CA-4E54-A2A7-F6C6E78829CD}"
EndProject
Project("{9A19103F-16F7-4668-BE54-9A1E7A4F7556}") = "11. Poisonous Plants", "01. Stacks and Queues\Exercises\11. Poisonous Plants\11. Poisonous Plants.csproj", "{2A850E63-CE72-4A55-AF67-E16B33B6D769}"
EndProject
Project("{9A19103F-16F7-4668-BE54-9A1E7A4F7556}") = "11. Poisonous Plants V2", "01. Stacks and Queues\Exercises\11. Poisonous Plants V2\11. Poisonous Plants V2.csproj", "{39637901-E42D-4F5A-AED0-88FCEA64536A}"
EndProject
Project("{2150E333-8FDC-42A3-9474-1A3956D46DE8}") = "02. Sets and Dictionaries", "02. Sets and Dictionaries", "{6547ED78-A8E9-4F54-A16D-F16890250CA6}"
EndProject
Project("{2150E333-8FDC-42A3-9474-1A3956D46DE8}") = "Lab", "Lab", "{AD97E9C6-6F14-4DA9-8334-9C95FF4E2B2B}"
EndProject
Project("{2150E333-8FDC-42A3-9474-1A3956D46DE8}") = "Exercises", "Exercises", "{5C651AC0-BCA5-46C0-BC6F-34562F4F2A17}"
EndProject
Project("{9A19103F-16F7-4668-BE54-9A1E7A4F7556}") = "01. Parking Lot", "02. Sets and Dictionaries\Lab\01. Parking Lot\01. Parking Lot.csproj", "{F391CBC9-EE6A-4BA8-A378-678129EF5F16}"
EndProject
Project("{9A19103F-16F7-4668-BE54-9A1E7A4F7556}") = "02. SoftUni Party", "02. Sets and Dictionaries\Lab\02. SoftUni Party\02. SoftUni Party.csproj", "{C4BC1943-73DB-4592-B741-8430D23D8154}"
EndProject
Project("{9A19103F-16F7-4668-BE54-9A1E7A4F7556}") = "03. Count Same Values in Array", "02. Sets and Dictionaries\Lab\03. Count Same Values in Array\03. Count Same Values in Array.csproj", "{89463E0C-B6D5-4B46-97DD-0C41DD088386}"
EndProject
Project("{9A19103F-16F7-4668-BE54-9A1E7A4F7556}") = "04. Academy Graduation", "02. Sets and Dictionaries\Lab\04. Academy Graduation\04. Academy Graduation.csproj", "{7C5A698D-FE35-4516-AA76-8E7AF1C515F5}"
EndProject
Project("{9A19103F-16F7-4668-BE54-9A1E7A4F7556}") = "01. Unique Usernames", "02. Sets and Dictionaries\Exercises\01. Unique Usernames\01. Unique Usernames.csproj", "{F6761F87-E18C-44D9-A610-D3469C0943DD}"
EndProject
Project("{9A19103F-16F7-4668-BE54-9A1E7A4F7556}") = "02. Sets of Elements", "02. Sets and Dictionaries\Exercises\02. Sets of Elements\02. Sets of Elements.csproj", "{58DE3E01-218A-4A87-ADC4-8246C70C1CE5}"
EndProject
Project("{9A19103F-16F7-4668-BE54-9A1E7A4F7556}") = "03. Periodic Table", "02. Sets and Dictionaries\Exercises\03. Periodic Table\03. Periodic Table.csproj", "{2FF14680-9488-424F-8FF2-C663B846315D}"
EndProject
Project("{9A19103F-16F7-4668-BE54-9A1E7A4F7556}") = "04. Count Symbols", "02. Sets and Dictionaries\Exercises\04. Count Symbols\04. Count Symbols.csproj", "{D9195ECF-313B-4593-AB5B-E4CED7E4E8E4}"
EndProject
Project("{9A19103F-16F7-4668-BE54-9A1E7A4F7556}") = "05. Phonebook", "02. Sets and Dictionaries\Exercises\05. Phonebook\05. Phonebook.csproj", "{072AAF9A-EDFD-4FA7-A397-6E7A3E8B6E1D}"
EndProject
Project("{9A19103F-16F7-4668-BE54-9A1E7A4F7556}") = "07. Fix emails", "02. Sets and Dictionaries\Exercises\07. Fix emails\07. Fix emails.csproj", "{1F6729ED-228A-486C-B89D-3AF73756DEE8}"
EndProject
Project("{9A19103F-16F7-4668-BE54-9A1E7A4F7556}") = "06. A Miners Task", "02. Sets and Dictionaries\Exercises\06. A Miners Task\06. A Miners Task.csproj", "{3022EEE5-AE01-440D-A09E-B934AB4E5FC1}"
EndProject
Project("{9A19103F-16F7-4668-BE54-9A1E7A4F7556}") = "08. Hands of cards", "02. Sets and Dictionaries\Exercises\08. Hands of cards\08. Hands of cards.csproj", "{C59E684D-8EAF-491D-902A-6BBD54A972D8}"
EndProject
Project("{9A19103F-16F7-4668-BE54-9A1E7A4F7556}") = "09. User Logs", "02. Sets and Dictionaries\Exercises\09. User Logs\09. User Logs.csproj", "{4F9CF6F7-7115-4A4A-9226-A478992171F0}"
EndProject
Project("{9A19103F-16F7-4668-BE54-9A1E7A4F7556}") = "10. Population Counter", "02. Sets and Dictionaries\Exercises\10. Population Counter\10. Population Counter.csproj", "{D231D39E-2731-4D26-8E72-596668A7A7AB}"
EndProject
Project("{9A19103F-16F7-4668-BE54-9A1E7A4F7556}") = "11. Logs Aggregator", "02. Sets and Dictionaries\Exercises\11. Logs Aggregator\11. Logs Aggregator.csproj", "{A2361205-C7CE-4D23-87F8-5F3301FCCF86}"
EndProject
Project("{9A19103F-16F7-4668-BE54-9A1E7A4F7556}") = "12. Legendary Farming", "02. Sets and Dictionaries\Exercises\12. Legendary Farming\12. Legendary Farming.csproj", "{6FD9C92A-792F-4C5F-9F8F-653BD73B2476}"
EndProject
Project("{9A19103F-16F7-4668-BE54-9A1E7A4F7556}") = "13. Сръбско Unleashed", "02. Sets and Dictionaries\Exercises\13. Сръбско Unleashed\13. Сръбско Unleashed.csproj", "{5F18A252-8512-4C4E-9648-F8CDE5B102CB}"
EndProject
Project("{9A19103F-16F7-4668-BE54-9A1E7A4F7556}") = "14. Dragon Army", "02. Sets and Dictionaries\Exercises\14. Dragon Army\14. Dragon Army.csproj", "{0CB100DF-51C6-43B9-A464-5857CB9FFA37}"
EndProject
Project("{2150E333-8FDC-42A3-9474-1A3956D46DE8}") = "03. Matrices", "03. Matrices", "{FD3F3EC0-2552-480F-9463-C2E9CDC1165E}"
EndProject
Project("{2150E333-8FDC-42A3-9474-1A3956D46DE8}") = "Lab", "Lab", "{2E5F4299-F4CB-474C-8917-D463C6657C75}"
EndProject
Project("{2150E333-8FDC-42A3-9474-1A3956D46DE8}") = "Exercises", "Exercises", "{19380149-0D8D-4CC1-BA75-EFB6B47B166F}"
EndProject
Project("{9A19103F-16F7-4668-BE54-9A1E7A4F7556}") = "01. Sum Matrix Elements", "03. Matrices\Lab\01. Sum Matrix Elements\01. Sum Matrix Elements.csproj", "{5D3EB2D3-ED0D-41C8-A436-6EDD5DB49A65}"
EndProject
Project("{9A19103F-16F7-4668-BE54-9A1E7A4F7556}") = "02. Maximum Sum", "03. Matrices\Lab\02. Maximum Sum\02. Maximum Sum.csproj", "{361A65F5-8EF5-451A-B8B6-6F5E42F1B44E}"
EndProject
Project("{9A19103F-16F7-4668-BE54-9A1E7A4F7556}") = "03. Group Numbers", "03. Matrices\Lab\03. Group Numbers\03. Group Numbers.csproj", "{517B9F5E-4051-4331-9944-0AFB2AB4C6DE}"
EndProject
Project("{9A19103F-16F7-4668-BE54-9A1E7A4F7556}") = "04. Pascal Triangle", "03. Matrices\Lab\04. Pascal Triangle\04. Pascal Triangle.csproj", "{285BDE88-1994-4899-9843-6324C6EAEB7C}"
EndProject
Project("{9A19103F-16F7-4668-BE54-9A1E7A4F7556}") = "01. Matrix of Palindromes", "03. Matrices\Exercises\01. Matrix of Palindromes\01. Matrix of Palindromes.csproj", "{D8960507-765F-440A-B989-49980F1DAB60}"
EndProject
Project("{9A19103F-16F7-4668-BE54-9A1E7A4F7556}") = "02. Diagonal Difference", "03. Matrices\Exercises\02. Diagonal Difference\02. Diagonal Difference.csproj", "{56352D92-EAC7-43FD-8A96-A3E8511ECC9A}"
EndProject
Project("{9A19103F-16F7-4668-BE54-9A1E7A4F7556}") = "03. 2x2 Squares in Matrix", "03. Matrices\Exercises\03. 2x2 Squares in Matrix\03. 2x2 Squares in Matrix.csproj", "{71F59924-E7A4-486E-9BDD-B50662E19591}"
EndProject
Project("{9A19103F-16F7-4668-BE54-9A1E7A4F7556}") = "04. Maximal Sum", "03. Matrices\Exercises\04. Maximal Sum\04. Maximal Sum.csproj", "{9389F8AA-F602-49F5-B27E-ED3AC8A34854}"
EndProject
Project("{9A19103F-16F7-4668-BE54-9A1E7A4F7556}") = "05. Rubiks Matrix", "03. Matrices\Exercises\05. Rubiks Matrix\05. Rubiks Matrix.csproj", "{CBB3AC6C-2011-4BDF-9147-DDA82D0473B8}"
EndProject
Project("{9A19103F-16F7-4668-BE54-9A1E7A4F7556}") = "06. Target Practice", "03. Matrices\Exercises\06. Target Practice\06. Target Practice.csproj", "{79875278-F81C-400A-808F-975010A5E04C}"
EndProject
Project("{9A19103F-16F7-4668-BE54-9A1E7A4F7556}") = "06. Target Practice Author", "03. Matrices\Exercises\06. Target Practice Author\06. Target Practice Author.csproj", "{1979C2E4-CCF7-4E2B-B511-74102C0ED468}"
EndProject
Project("{9A19103F-16F7-4668-BE54-9A1E7A4F7556}") = "07. Lego Blocks", "03. Matrices\Exercises\07. Lego Blocks\07. Lego Blocks.csproj", "{E47C8306-2CB0-4077-A356-9DE67A687019}"
EndProject
Project("{9A19103F-16F7-4668-BE54-9A1E7A4F7556}") = "08. Radioactive Mutant Vampire Bunnies", "03. Matrices\Exercises\08. Radioactive Mutant Vampire Bunnies\08. Radioactive Mutant Vampire Bunnies.csproj", "{C8D3EC63-DFEB-4446-BD62-4B578C647D00}"
EndProject
Project("{9A19103F-16F7-4668-BE54-9A1E7A4F7556}") = "09. Crossfire", "03. Matrices\Exercises\09. Crossfire\09. Crossfire.csproj", "{A8256434-FB13-47D6-A328-FD806D1A885F}"
EndProject
Project("{9A19103F-16F7-4668-BE54-9A1E7A4F7556}") = "09. Crossfire Author", "03. Matrices\Exercises\09. Crossfire Author\09. Crossfire Author.csproj", "{85E6B6D9-713B-4382-A828-919022193EE5}"
EndProject
Project("{9A19103F-16F7-4668-BE54-9A1E7A4F7556}") = "10. The Heigan Dance", "03. Matrices\Exercises\10. The Heigan Dance\10. The Heigan Dance.csproj", "{A252C773-6406-4998-8C78-0E588F1DD55E}"
EndProject
Project("{9A19103F-16F7-4668-BE54-9A1E7A4F7556}") = "11. Parking System", "03. Matrices\Exercises\11. Parking System\11. Parking System.csproj", "{BEB9E0E2-7251-45A6-BC83-CD7B976D553E}"
EndProject
Project("{9A19103F-16F7-4668-BE54-9A1E7A4F7556}") = "12. String Matrix Rotation", "03. Matrices\Exercises\12. String Matrix Rotation\12. String Matrix Rotation.csproj", "{EA7A893B-53F6-4600-B798-F8728CE2D303}"
EndProject
Project("{2150E333-8FDC-42A3-9474-1A3956D46DE8}") = "04. Manual String Processing", "04. Manual String Processing", "{57DA7DC0-0EBF-4CD3-A10F-C5F00DFCAFE5}"
EndProject
Project("{2150E333-8FDC-42A3-9474-1A3956D46DE8}") = "Lab", "Lab", "{14325959-3FDB-4C1D-8705-C27EF2B79276}"
EndProject
Project("{2150E333-8FDC-42A3-9474-1A3956D46DE8}") = "Exercises", "Exercises", "{A587FBBC-447B-487B-A479-A5033097BCE1}"
EndProject
Project("{9A19103F-16F7-4668-BE54-9A1E7A4F7556}") = "01. Students Results", "05. Manual String Processing\Lab\01. Students Results\01. Students Results.csproj", "{001A7BE7-87C1-4671-BA2B-AD7A223EC07B}"
EndProject
Project("{9A19103F-16F7-4668-BE54-9A1E7A4F7556}") = "02. Parse URLs", "05. Manual String Processing\Lab\02. Parse URLs\02. Parse URLs.csproj", "{BBE783B4-FE53-4DA4-BD29-C5691B975AFF}"
EndProject
Project("{9A19103F-16F7-4668-BE54-9A1E7A4F7556}") = "03. Parse Tags", "05. Manual String Processing\Lab\03. Parse Tags\03. Parse Tags.csproj", "{DFC76293-9335-4FB5-9546-91CBEBC30AF8}"
EndProject
Project("{9A19103F-16F7-4668-BE54-9A1E7A4F7556}") = "03. Parse Tags V2", "05. Manual String Processing\Lab\03. Parse Tags V2\03. Parse Tags V2.csproj", "{36F45CBD-E3FC-4A17-8CF2-2C313C9977E2}"
EndProject
Project("{9A19103F-16F7-4668-BE54-9A1E7A4F7556}") = "04. Special Words", "05. Manual String Processing\Lab\04. Special Words\04. Special Words.csproj", "{83D4DC87-827C-4F2A-8D35-A67F9A1A9043}"
EndProject
Project("{9A19103F-16F7-4668-BE54-9A1E7A4F7556}") = "05. Concatenate Strings", "05. Manual String Processing\Lab\05. Concatenate Strings\05. Concatenate Strings.csproj", "{25BD68FA-539C-4486-B327-312BAA3E97A8}"
EndProject
Project("{9A19103F-16F7-4668-BE54-9A1E7A4F7556}") = "01. Reverse String", "05. Manual String Processing\Exercises\01. Reverse String\01. Reverse String.csproj", "{1F73E8CA-3F97-495E-B1CE-988C7672BEEB}"
EndProject
Project("{9A19103F-16F7-4668-BE54-9A1E7A4F7556}") = "02. String Length", "05. Manual String Processing\Exercises\02. String Length\02. String Length.csproj", "{6F95F66A-F638-4E8E-9422-24C7AD3C7C1F}"
EndProject
Project("{9A19103F-16F7-4668-BE54-9A1E7A4F7556}") = "03. Formatting Numbers", "05. Manual String Processing\Exercises\03. Formatting Numbers\03. Formatting Numbers.csproj", "{BEF4E694-CE9A-45C0-8F50-C4ABAFA82874}"
EndProject
Project("{9A19103F-16F7-4668-BE54-9A1E7A4F7556}") = "04. Convert from base-10 to base-N", "05. Manual String Processing\Exercises\04. Convert from base-10 to base-N\04. Convert from base-10 to base-N.csproj", "{A8F0CD35-688A-4D1F-8993-99108A774C4A}"
EndProject
Project("{9A19103F-16F7-4668-BE54-9A1E7A4F7556}") = "05. Convert from base-N to base-10", "05. Manual String Processing\Exercises\05. Convert from base-N to base-10\05. Convert from base-N to base-10.csproj", "{F429D7C4-7559-4675-98D8-EEB3B16B9152}"
EndProject
Project("{FAE04EC0-301F-11D3-BF4B-00C04F79EFBC}") = "06. Count Substring Occurrences", "05. Manual String Processing\Exercises\06. Count Substring Occurrences\06. Count Substring Occurrences.csproj", "{92F087C5-C180-475E-B9A2-A942C8DA7149}"
EndProject
Project("{FAE04EC0-301F-11D3-BF4B-00C04F79EFBC}") = "07. Sum big numbers", "05. Manual String Processing\Exercises\07. Sum big numbers\07. Sum big numbers.csproj", "{7DD7D4D7-27BA-4AC8-A8EF-15E3877E9AD9}"
EndProject
Project("{FAE04EC0-301F-11D3-BF4B-00C04F79EFBC}") = "08. Multiply Big Number", "05. Manual String Processing\Exercises\08. Multiply Big Number\08. Multiply Big Number.csproj", "{98D07D00-A716-431B-A3AB-799A0218A396}"
EndProject
Project("{FAE04EC0-301F-11D3-BF4B-00C04F79EFBC}") = "09. Text Filter", "05. Manual String Processing\Exercises\09. Text Filter\09. Text Filter.csproj", "{34ED98D7-7E5C-4C72-968E-4F2801D14DD0}"
EndProject
Project("{FAE04EC0-301F-11D3-BF4B-00C04F79EFBC}") = "10. Unicode Characters", "05. Manual String Processing\Exercises\10. Unicode Characters\10. Unicode Characters.csproj", "{81999BA2-7C2E-4EF3-BB40-D78D2083E577}"
EndProject
Project("{FAE04EC0-301F-11D3-BF4B-00C04F79EFBC}") = "11. Palindromes", "05. Manual String Processing\Exercises\11. Palindromes\11. Palindromes.csproj", "{487D3A76-CAB1-4625-AD87-E3D02ED9CB7A}"
EndProject
Project("{FAE04EC0-301F-11D3-BF4B-00C04F79EFBC}") = "12. Character Multiplier", "05. Manual String Processing\Exercises\12. Character Multiplier\12. Character Multiplier.csproj", "{D6BA68FE-3DD7-4259-8C98-45846A877B40}"
EndProject
Project("{FAE04EC0-301F-11D3-BF4B-00C04F79EFBC}") = "13. Magic Exchangeable Words", "05. Manual String Processing\Exercises\13. Magic Exchangeable Words\13. Magic Exchangeable Words.csproj", "{ABF43811-3D6D-48E7-A372-E3DA15AF3629}"
EndProject
Project("{FAE04EC0-301F-11D3-BF4B-00C04F79EFBC}") = "14. Letters Change Numbers", "05. Manual String Processing\Exercises\14. Letters Change Numbers\14. Letters Change Numbers.csproj", "{4247CEC5-13E5-4584-9120-5B97B8DF2F36}"
EndProject
Project("{FAE04EC0-301F-11D3-BF4B-00C04F79EFBC}") = "15. Melrah Shake", "05. Manual String Processing\Exercises\15. Melrah Shake\15. Melrah Shake.csproj", "{11CD34C5-8950-4BC2-80C0-1515D1F8DEDD}"
EndProject
Global
	GlobalSection(SolutionConfigurationPlatforms) = preSolution
		Debug|Any CPU = Debug|Any CPU
		Release|Any CPU = Release|Any CPU
	EndGlobalSection
	GlobalSection(ProjectConfigurationPlatforms) = postSolution
		{89A45ADB-15BD-40B2-A8C9-EFC117F0004E}.Debug|Any CPU.ActiveCfg = Debug|Any CPU
		{89A45ADB-15BD-40B2-A8C9-EFC117F0004E}.Debug|Any CPU.Build.0 = Debug|Any CPU
		{89A45ADB-15BD-40B2-A8C9-EFC117F0004E}.Release|Any CPU.ActiveCfg = Release|Any CPU
		{89A45ADB-15BD-40B2-A8C9-EFC117F0004E}.Release|Any CPU.Build.0 = Release|Any CPU
		{7DD9532E-0404-4ED0-88E8-C85535E54681}.Debug|Any CPU.ActiveCfg = Debug|Any CPU
		{7DD9532E-0404-4ED0-88E8-C85535E54681}.Debug|Any CPU.Build.0 = Debug|Any CPU
		{7DD9532E-0404-4ED0-88E8-C85535E54681}.Release|Any CPU.ActiveCfg = Release|Any CPU
		{7DD9532E-0404-4ED0-88E8-C85535E54681}.Release|Any CPU.Build.0 = Release|Any CPU
		{99DF8422-B82B-4855-8A5A-7474C11AC6C3}.Debug|Any CPU.ActiveCfg = Debug|Any CPU
		{99DF8422-B82B-4855-8A5A-7474C11AC6C3}.Debug|Any CPU.Build.0 = Debug|Any CPU
		{99DF8422-B82B-4855-8A5A-7474C11AC6C3}.Release|Any CPU.ActiveCfg = Release|Any CPU
		{99DF8422-B82B-4855-8A5A-7474C11AC6C3}.Release|Any CPU.Build.0 = Release|Any CPU
		{C8DBF5D5-21B3-4084-ADEB-4134FA33530C}.Debug|Any CPU.ActiveCfg = Debug|Any CPU
		{C8DBF5D5-21B3-4084-ADEB-4134FA33530C}.Debug|Any CPU.Build.0 = Debug|Any CPU
		{C8DBF5D5-21B3-4084-ADEB-4134FA33530C}.Release|Any CPU.ActiveCfg = Release|Any CPU
		{C8DBF5D5-21B3-4084-ADEB-4134FA33530C}.Release|Any CPU.Build.0 = Release|Any CPU
		{8CDF5740-AB25-4B66-B731-606FC4F4F95C}.Debug|Any CPU.ActiveCfg = Debug|Any CPU
		{8CDF5740-AB25-4B66-B731-606FC4F4F95C}.Debug|Any CPU.Build.0 = Debug|Any CPU
		{8CDF5740-AB25-4B66-B731-606FC4F4F95C}.Release|Any CPU.ActiveCfg = Release|Any CPU
		{8CDF5740-AB25-4B66-B731-606FC4F4F95C}.Release|Any CPU.Build.0 = Release|Any CPU
		{F9648300-1333-4E21-936A-22641B8A3231}.Debug|Any CPU.ActiveCfg = Debug|Any CPU
		{F9648300-1333-4E21-936A-22641B8A3231}.Debug|Any CPU.Build.0 = Debug|Any CPU
		{F9648300-1333-4E21-936A-22641B8A3231}.Release|Any CPU.ActiveCfg = Release|Any CPU
		{F9648300-1333-4E21-936A-22641B8A3231}.Release|Any CPU.Build.0 = Release|Any CPU
		{6DB35CBC-5463-47E0-AE8C-D36CFBC5ED04}.Debug|Any CPU.ActiveCfg = Debug|Any CPU
		{6DB35CBC-5463-47E0-AE8C-D36CFBC5ED04}.Debug|Any CPU.Build.0 = Debug|Any CPU
		{6DB35CBC-5463-47E0-AE8C-D36CFBC5ED04}.Release|Any CPU.ActiveCfg = Release|Any CPU
		{6DB35CBC-5463-47E0-AE8C-D36CFBC5ED04}.Release|Any CPU.Build.0 = Release|Any CPU
		{DD888D97-7D3F-4932-B004-540527679BC9}.Debug|Any CPU.ActiveCfg = Debug|Any CPU
		{DD888D97-7D3F-4932-B004-540527679BC9}.Debug|Any CPU.Build.0 = Debug|Any CPU
		{DD888D97-7D3F-4932-B004-540527679BC9}.Release|Any CPU.ActiveCfg = Release|Any CPU
		{DD888D97-7D3F-4932-B004-540527679BC9}.Release|Any CPU.Build.0 = Release|Any CPU
		{508A70A2-5E21-422C-AB34-22891E8028CC}.Debug|Any CPU.ActiveCfg = Debug|Any CPU
		{508A70A2-5E21-422C-AB34-22891E8028CC}.Debug|Any CPU.Build.0 = Debug|Any CPU
		{508A70A2-5E21-422C-AB34-22891E8028CC}.Release|Any CPU.ActiveCfg = Release|Any CPU
		{508A70A2-5E21-422C-AB34-22891E8028CC}.Release|Any CPU.Build.0 = Release|Any CPU
		{003DAB20-AB08-452B-AF65-296682BF02AF}.Debug|Any CPU.ActiveCfg = Debug|Any CPU
		{003DAB20-AB08-452B-AF65-296682BF02AF}.Debug|Any CPU.Build.0 = Debug|Any CPU
		{003DAB20-AB08-452B-AF65-296682BF02AF}.Release|Any CPU.ActiveCfg = Release|Any CPU
		{003DAB20-AB08-452B-AF65-296682BF02AF}.Release|Any CPU.Build.0 = Release|Any CPU
		{1D270D73-5631-44B5-B4A5-6BEC3B50EC64}.Debug|Any CPU.ActiveCfg = Debug|Any CPU
		{1D270D73-5631-44B5-B4A5-6BEC3B50EC64}.Debug|Any CPU.Build.0 = Debug|Any CPU
		{1D270D73-5631-44B5-B4A5-6BEC3B50EC64}.Release|Any CPU.ActiveCfg = Release|Any CPU
		{1D270D73-5631-44B5-B4A5-6BEC3B50EC64}.Release|Any CPU.Build.0 = Release|Any CPU
		{47C6A317-8AB8-46CD-B083-5E06EB514301}.Debug|Any CPU.ActiveCfg = Debug|Any CPU
		{47C6A317-8AB8-46CD-B083-5E06EB514301}.Debug|Any CPU.Build.0 = Debug|Any CPU
		{47C6A317-8AB8-46CD-B083-5E06EB514301}.Release|Any CPU.ActiveCfg = Release|Any CPU
		{47C6A317-8AB8-46CD-B083-5E06EB514301}.Release|Any CPU.Build.0 = Release|Any CPU
		{2E4CFDFC-7407-44CD-B30E-1EACFAEFF5DD}.Debug|Any CPU.ActiveCfg = Debug|Any CPU
		{2E4CFDFC-7407-44CD-B30E-1EACFAEFF5DD}.Debug|Any CPU.Build.0 = Debug|Any CPU
		{2E4CFDFC-7407-44CD-B30E-1EACFAEFF5DD}.Release|Any CPU.ActiveCfg = Release|Any CPU
		{2E4CFDFC-7407-44CD-B30E-1EACFAEFF5DD}.Release|Any CPU.Build.0 = Release|Any CPU
		{9B626E3E-4DAF-4514-B749-2C327AC35445}.Debug|Any CPU.ActiveCfg = Debug|Any CPU
		{9B626E3E-4DAF-4514-B749-2C327AC35445}.Debug|Any CPU.Build.0 = Debug|Any CPU
		{9B626E3E-4DAF-4514-B749-2C327AC35445}.Release|Any CPU.ActiveCfg = Release|Any CPU
		{9B626E3E-4DAF-4514-B749-2C327AC35445}.Release|Any CPU.Build.0 = Release|Any CPU
		{205652D8-5279-4093-98F6-4A059FE61458}.Debug|Any CPU.ActiveCfg = Debug|Any CPU
		{205652D8-5279-4093-98F6-4A059FE61458}.Debug|Any CPU.Build.0 = Debug|Any CPU
		{205652D8-5279-4093-98F6-4A059FE61458}.Release|Any CPU.ActiveCfg = Release|Any CPU
		{205652D8-5279-4093-98F6-4A059FE61458}.Release|Any CPU.Build.0 = Release|Any CPU
		{0904C299-47CA-4E54-A2A7-F6C6E78829CD}.Debug|Any CPU.ActiveCfg = Debug|Any CPU
		{0904C299-47CA-4E54-A2A7-F6C6E78829CD}.Debug|Any CPU.Build.0 = Debug|Any CPU
		{0904C299-47CA-4E54-A2A7-F6C6E78829CD}.Release|Any CPU.ActiveCfg = Release|Any CPU
		{0904C299-47CA-4E54-A2A7-F6C6E78829CD}.Release|Any CPU.Build.0 = Release|Any CPU
		{2A850E63-CE72-4A55-AF67-E16B33B6D769}.Debug|Any CPU.ActiveCfg = Debug|Any CPU
		{2A850E63-CE72-4A55-AF67-E16B33B6D769}.Debug|Any CPU.Build.0 = Debug|Any CPU
		{2A850E63-CE72-4A55-AF67-E16B33B6D769}.Release|Any CPU.ActiveCfg = Release|Any CPU
		{2A850E63-CE72-4A55-AF67-E16B33B6D769}.Release|Any CPU.Build.0 = Release|Any CPU
		{39637901-E42D-4F5A-AED0-88FCEA64536A}.Debug|Any CPU.ActiveCfg = Debug|Any CPU
		{39637901-E42D-4F5A-AED0-88FCEA64536A}.Debug|Any CPU.Build.0 = Debug|Any CPU
		{39637901-E42D-4F5A-AED0-88FCEA64536A}.Release|Any CPU.ActiveCfg = Release|Any CPU
		{39637901-E42D-4F5A-AED0-88FCEA64536A}.Release|Any CPU.Build.0 = Release|Any CPU
		{F391CBC9-EE6A-4BA8-A378-678129EF5F16}.Debug|Any CPU.ActiveCfg = Debug|Any CPU
		{F391CBC9-EE6A-4BA8-A378-678129EF5F16}.Debug|Any CPU.Build.0 = Debug|Any CPU
		{F391CBC9-EE6A-4BA8-A378-678129EF5F16}.Release|Any CPU.ActiveCfg = Release|Any CPU
		{F391CBC9-EE6A-4BA8-A378-678129EF5F16}.Release|Any CPU.Build.0 = Release|Any CPU
		{C4BC1943-73DB-4592-B741-8430D23D8154}.Debug|Any CPU.ActiveCfg = Debug|Any CPU
		{C4BC1943-73DB-4592-B741-8430D23D8154}.Debug|Any CPU.Build.0 = Debug|Any CPU
		{C4BC1943-73DB-4592-B741-8430D23D8154}.Release|Any CPU.ActiveCfg = Release|Any CPU
		{C4BC1943-73DB-4592-B741-8430D23D8154}.Release|Any CPU.Build.0 = Release|Any CPU
		{89463E0C-B6D5-4B46-97DD-0C41DD088386}.Debug|Any CPU.ActiveCfg = Debug|Any CPU
		{89463E0C-B6D5-4B46-97DD-0C41DD088386}.Debug|Any CPU.Build.0 = Debug|Any CPU
		{89463E0C-B6D5-4B46-97DD-0C41DD088386}.Release|Any CPU.ActiveCfg = Release|Any CPU
		{89463E0C-B6D5-4B46-97DD-0C41DD088386}.Release|Any CPU.Build.0 = Release|Any CPU
		{7C5A698D-FE35-4516-AA76-8E7AF1C515F5}.Debug|Any CPU.ActiveCfg = Debug|Any CPU
		{7C5A698D-FE35-4516-AA76-8E7AF1C515F5}.Debug|Any CPU.Build.0 = Debug|Any CPU
		{7C5A698D-FE35-4516-AA76-8E7AF1C515F5}.Release|Any CPU.ActiveCfg = Release|Any CPU
		{7C5A698D-FE35-4516-AA76-8E7AF1C515F5}.Release|Any CPU.Build.0 = Release|Any CPU
		{F6761F87-E18C-44D9-A610-D3469C0943DD}.Debug|Any CPU.ActiveCfg = Debug|Any CPU
		{F6761F87-E18C-44D9-A610-D3469C0943DD}.Debug|Any CPU.Build.0 = Debug|Any CPU
		{F6761F87-E18C-44D9-A610-D3469C0943DD}.Release|Any CPU.ActiveCfg = Release|Any CPU
		{F6761F87-E18C-44D9-A610-D3469C0943DD}.Release|Any CPU.Build.0 = Release|Any CPU
		{58DE3E01-218A-4A87-ADC4-8246C70C1CE5}.Debug|Any CPU.ActiveCfg = Debug|Any CPU
		{58DE3E01-218A-4A87-ADC4-8246C70C1CE5}.Debug|Any CPU.Build.0 = Debug|Any CPU
		{58DE3E01-218A-4A87-ADC4-8246C70C1CE5}.Release|Any CPU.ActiveCfg = Release|Any CPU
		{58DE3E01-218A-4A87-ADC4-8246C70C1CE5}.Release|Any CPU.Build.0 = Release|Any CPU
		{2FF14680-9488-424F-8FF2-C663B846315D}.Debug|Any CPU.ActiveCfg = Debug|Any CPU
		{2FF14680-9488-424F-8FF2-C663B846315D}.Debug|Any CPU.Build.0 = Debug|Any CPU
		{2FF14680-9488-424F-8FF2-C663B846315D}.Release|Any CPU.ActiveCfg = Release|Any CPU
		{2FF14680-9488-424F-8FF2-C663B846315D}.Release|Any CPU.Build.0 = Release|Any CPU
		{D9195ECF-313B-4593-AB5B-E4CED7E4E8E4}.Debug|Any CPU.ActiveCfg = Debug|Any CPU
		{D9195ECF-313B-4593-AB5B-E4CED7E4E8E4}.Debug|Any CPU.Build.0 = Debug|Any CPU
		{D9195ECF-313B-4593-AB5B-E4CED7E4E8E4}.Release|Any CPU.ActiveCfg = Release|Any CPU
		{D9195ECF-313B-4593-AB5B-E4CED7E4E8E4}.Release|Any CPU.Build.0 = Release|Any CPU
		{072AAF9A-EDFD-4FA7-A397-6E7A3E8B6E1D}.Debug|Any CPU.ActiveCfg = Debug|Any CPU
		{072AAF9A-EDFD-4FA7-A397-6E7A3E8B6E1D}.Debug|Any CPU.Build.0 = Debug|Any CPU
		{072AAF9A-EDFD-4FA7-A397-6E7A3E8B6E1D}.Release|Any CPU.ActiveCfg = Release|Any CPU
		{072AAF9A-EDFD-4FA7-A397-6E7A3E8B6E1D}.Release|Any CPU.Build.0 = Release|Any CPU
		{1F6729ED-228A-486C-B89D-3AF73756DEE8}.Debug|Any CPU.ActiveCfg = Debug|Any CPU
		{1F6729ED-228A-486C-B89D-3AF73756DEE8}.Debug|Any CPU.Build.0 = Debug|Any CPU
		{1F6729ED-228A-486C-B89D-3AF73756DEE8}.Release|Any CPU.ActiveCfg = Release|Any CPU
		{1F6729ED-228A-486C-B89D-3AF73756DEE8}.Release|Any CPU.Build.0 = Release|Any CPU
		{3022EEE5-AE01-440D-A09E-B934AB4E5FC1}.Debug|Any CPU.ActiveCfg = Debug|Any CPU
		{3022EEE5-AE01-440D-A09E-B934AB4E5FC1}.Debug|Any CPU.Build.0 = Debug|Any CPU
		{3022EEE5-AE01-440D-A09E-B934AB4E5FC1}.Release|Any CPU.ActiveCfg = Release|Any CPU
		{3022EEE5-AE01-440D-A09E-B934AB4E5FC1}.Release|Any CPU.Build.0 = Release|Any CPU
		{C59E684D-8EAF-491D-902A-6BBD54A972D8}.Debug|Any CPU.ActiveCfg = Debug|Any CPU
		{C59E684D-8EAF-491D-902A-6BBD54A972D8}.Debug|Any CPU.Build.0 = Debug|Any CPU
		{C59E684D-8EAF-491D-902A-6BBD54A972D8}.Release|Any CPU.ActiveCfg = Release|Any CPU
		{C59E684D-8EAF-491D-902A-6BBD54A972D8}.Release|Any CPU.Build.0 = Release|Any CPU
		{4F9CF6F7-7115-4A4A-9226-A478992171F0}.Debug|Any CPU.ActiveCfg = Debug|Any CPU
		{4F9CF6F7-7115-4A4A-9226-A478992171F0}.Debug|Any CPU.Build.0 = Debug|Any CPU
		{4F9CF6F7-7115-4A4A-9226-A478992171F0}.Release|Any CPU.ActiveCfg = Release|Any CPU
		{4F9CF6F7-7115-4A4A-9226-A478992171F0}.Release|Any CPU.Build.0 = Release|Any CPU
		{D231D39E-2731-4D26-8E72-596668A7A7AB}.Debug|Any CPU.ActiveCfg = Debug|Any CPU
		{D231D39E-2731-4D26-8E72-596668A7A7AB}.Debug|Any CPU.Build.0 = Debug|Any CPU
		{D231D39E-2731-4D26-8E72-596668A7A7AB}.Release|Any CPU.ActiveCfg = Release|Any CPU
		{D231D39E-2731-4D26-8E72-596668A7A7AB}.Release|Any CPU.Build.0 = Release|Any CPU
		{A2361205-C7CE-4D23-87F8-5F3301FCCF86}.Debug|Any CPU.ActiveCfg = Debug|Any CPU
		{A2361205-C7CE-4D23-87F8-5F3301FCCF86}.Debug|Any CPU.Build.0 = Debug|Any CPU
		{A2361205-C7CE-4D23-87F8-5F3301FCCF86}.Release|Any CPU.ActiveCfg = Release|Any CPU
		{A2361205-C7CE-4D23-87F8-5F3301FCCF86}.Release|Any CPU.Build.0 = Release|Any CPU
		{6FD9C92A-792F-4C5F-9F8F-653BD73B2476}.Debug|Any CPU.ActiveCfg = Debug|Any CPU
		{6FD9C92A-792F-4C5F-9F8F-653BD73B2476}.Debug|Any CPU.Build.0 = Debug|Any CPU
		{6FD9C92A-792F-4C5F-9F8F-653BD73B2476}.Release|Any CPU.ActiveCfg = Release|Any CPU
		{6FD9C92A-792F-4C5F-9F8F-653BD73B2476}.Release|Any CPU.Build.0 = Release|Any CPU
		{5F18A252-8512-4C4E-9648-F8CDE5B102CB}.Debug|Any CPU.ActiveCfg = Debug|Any CPU
		{5F18A252-8512-4C4E-9648-F8CDE5B102CB}.Debug|Any CPU.Build.0 = Debug|Any CPU
		{5F18A252-8512-4C4E-9648-F8CDE5B102CB}.Release|Any CPU.ActiveCfg = Release|Any CPU
		{5F18A252-8512-4C4E-9648-F8CDE5B102CB}.Release|Any CPU.Build.0 = Release|Any CPU
		{0CB100DF-51C6-43B9-A464-5857CB9FFA37}.Debug|Any CPU.ActiveCfg = Debug|Any CPU
		{0CB100DF-51C6-43B9-A464-5857CB9FFA37}.Debug|Any CPU.Build.0 = Debug|Any CPU
		{0CB100DF-51C6-43B9-A464-5857CB9FFA37}.Release|Any CPU.ActiveCfg = Release|Any CPU
		{0CB100DF-51C6-43B9-A464-5857CB9FFA37}.Release|Any CPU.Build.0 = Release|Any CPU
		{5D3EB2D3-ED0D-41C8-A436-6EDD5DB49A65}.Debug|Any CPU.ActiveCfg = Debug|Any CPU
		{5D3EB2D3-ED0D-41C8-A436-6EDD5DB49A65}.Debug|Any CPU.Build.0 = Debug|Any CPU
		{5D3EB2D3-ED0D-41C8-A436-6EDD5DB49A65}.Release|Any CPU.ActiveCfg = Release|Any CPU
		{5D3EB2D3-ED0D-41C8-A436-6EDD5DB49A65}.Release|Any CPU.Build.0 = Release|Any CPU
		{361A65F5-8EF5-451A-B8B6-6F5E42F1B44E}.Debug|Any CPU.ActiveCfg = Debug|Any CPU
		{361A65F5-8EF5-451A-B8B6-6F5E42F1B44E}.Debug|Any CPU.Build.0 = Debug|Any CPU
		{361A65F5-8EF5-451A-B8B6-6F5E42F1B44E}.Release|Any CPU.ActiveCfg = Release|Any CPU
		{361A65F5-8EF5-451A-B8B6-6F5E42F1B44E}.Release|Any CPU.Build.0 = Release|Any CPU
		{517B9F5E-4051-4331-9944-0AFB2AB4C6DE}.Debug|Any CPU.ActiveCfg = Debug|Any CPU
		{517B9F5E-4051-4331-9944-0AFB2AB4C6DE}.Debug|Any CPU.Build.0 = Debug|Any CPU
		{517B9F5E-4051-4331-9944-0AFB2AB4C6DE}.Release|Any CPU.ActiveCfg = Release|Any CPU
		{517B9F5E-4051-4331-9944-0AFB2AB4C6DE}.Release|Any CPU.Build.0 = Release|Any CPU
		{285BDE88-1994-4899-9843-6324C6EAEB7C}.Debug|Any CPU.ActiveCfg = Debug|Any CPU
		{285BDE88-1994-4899-9843-6324C6EAEB7C}.Debug|Any CPU.Build.0 = Debug|Any CPU
		{285BDE88-1994-4899-9843-6324C6EAEB7C}.Release|Any CPU.ActiveCfg = Release|Any CPU
		{285BDE88-1994-4899-9843-6324C6EAEB7C}.Release|Any CPU.Build.0 = Release|Any CPU
		{D8960507-765F-440A-B989-49980F1DAB60}.Debug|Any CPU.ActiveCfg = Debug|Any CPU
		{D8960507-765F-440A-B989-49980F1DAB60}.Debug|Any CPU.Build.0 = Debug|Any CPU
		{D8960507-765F-440A-B989-49980F1DAB60}.Release|Any CPU.ActiveCfg = Release|Any CPU
		{D8960507-765F-440A-B989-49980F1DAB60}.Release|Any CPU.Build.0 = Release|Any CPU
		{56352D92-EAC7-43FD-8A96-A3E8511ECC9A}.Debug|Any CPU.ActiveCfg = Debug|Any CPU
		{56352D92-EAC7-43FD-8A96-A3E8511ECC9A}.Debug|Any CPU.Build.0 = Debug|Any CPU
		{56352D92-EAC7-43FD-8A96-A3E8511ECC9A}.Release|Any CPU.ActiveCfg = Release|Any CPU
		{56352D92-EAC7-43FD-8A96-A3E8511ECC9A}.Release|Any CPU.Build.0 = Release|Any CPU
		{71F59924-E7A4-486E-9BDD-B50662E19591}.Debug|Any CPU.ActiveCfg = Debug|Any CPU
		{71F59924-E7A4-486E-9BDD-B50662E19591}.Debug|Any CPU.Build.0 = Debug|Any CPU
		{71F59924-E7A4-486E-9BDD-B50662E19591}.Release|Any CPU.ActiveCfg = Release|Any CPU
		{71F59924-E7A4-486E-9BDD-B50662E19591}.Release|Any CPU.Build.0 = Release|Any CPU
		{9389F8AA-F602-49F5-B27E-ED3AC8A34854}.Debug|Any CPU.ActiveCfg = Debug|Any CPU
		{9389F8AA-F602-49F5-B27E-ED3AC8A34854}.Debug|Any CPU.Build.0 = Debug|Any CPU
		{9389F8AA-F602-49F5-B27E-ED3AC8A34854}.Release|Any CPU.ActiveCfg = Release|Any CPU
		{9389F8AA-F602-49F5-B27E-ED3AC8A34854}.Release|Any CPU.Build.0 = Release|Any CPU
		{CBB3AC6C-2011-4BDF-9147-DDA82D0473B8}.Debug|Any CPU.ActiveCfg = Debug|Any CPU
		{CBB3AC6C-2011-4BDF-9147-DDA82D0473B8}.Debug|Any CPU.Build.0 = Debug|Any CPU
		{CBB3AC6C-2011-4BDF-9147-DDA82D0473B8}.Release|Any CPU.ActiveCfg = Release|Any CPU
		{CBB3AC6C-2011-4BDF-9147-DDA82D0473B8}.Release|Any CPU.Build.0 = Release|Any CPU
		{79875278-F81C-400A-808F-975010A5E04C}.Debug|Any CPU.ActiveCfg = Debug|Any CPU
		{79875278-F81C-400A-808F-975010A5E04C}.Debug|Any CPU.Build.0 = Debug|Any CPU
		{79875278-F81C-400A-808F-975010A5E04C}.Release|Any CPU.ActiveCfg = Release|Any CPU
		{79875278-F81C-400A-808F-975010A5E04C}.Release|Any CPU.Build.0 = Release|Any CPU
		{1979C2E4-CCF7-4E2B-B511-74102C0ED468}.Debug|Any CPU.ActiveCfg = Debug|Any CPU
		{1979C2E4-CCF7-4E2B-B511-74102C0ED468}.Debug|Any CPU.Build.0 = Debug|Any CPU
		{1979C2E4-CCF7-4E2B-B511-74102C0ED468}.Release|Any CPU.ActiveCfg = Release|Any CPU
		{1979C2E4-CCF7-4E2B-B511-74102C0ED468}.Release|Any CPU.Build.0 = Release|Any CPU
		{E47C8306-2CB0-4077-A356-9DE67A687019}.Debug|Any CPU.ActiveCfg = Debug|Any CPU
		{E47C8306-2CB0-4077-A356-9DE67A687019}.Debug|Any CPU.Build.0 = Debug|Any CPU
		{E47C8306-2CB0-4077-A356-9DE67A687019}.Release|Any CPU.ActiveCfg = Release|Any CPU
		{E47C8306-2CB0-4077-A356-9DE67A687019}.Release|Any CPU.Build.0 = Release|Any CPU
		{C8D3EC63-DFEB-4446-BD62-4B578C647D00}.Debug|Any CPU.ActiveCfg = Debug|Any CPU
		{C8D3EC63-DFEB-4446-BD62-4B578C647D00}.Debug|Any CPU.Build.0 = Debug|Any CPU
		{C8D3EC63-DFEB-4446-BD62-4B578C647D00}.Release|Any CPU.ActiveCfg = Release|Any CPU
		{C8D3EC63-DFEB-4446-BD62-4B578C647D00}.Release|Any CPU.Build.0 = Release|Any CPU
		{A8256434-FB13-47D6-A328-FD806D1A885F}.Debug|Any CPU.ActiveCfg = Debug|Any CPU
		{A8256434-FB13-47D6-A328-FD806D1A885F}.Debug|Any CPU.Build.0 = Debug|Any CPU
		{A8256434-FB13-47D6-A328-FD806D1A885F}.Release|Any CPU.ActiveCfg = Release|Any CPU
		{A8256434-FB13-47D6-A328-FD806D1A885F}.Release|Any CPU.Build.0 = Release|Any CPU
		{85E6B6D9-713B-4382-A828-919022193EE5}.Debug|Any CPU.ActiveCfg = Debug|Any CPU
		{85E6B6D9-713B-4382-A828-919022193EE5}.Debug|Any CPU.Build.0 = Debug|Any CPU
		{85E6B6D9-713B-4382-A828-919022193EE5}.Release|Any CPU.ActiveCfg = Release|Any CPU
		{85E6B6D9-713B-4382-A828-919022193EE5}.Release|Any CPU.Build.0 = Release|Any CPU
		{A252C773-6406-4998-8C78-0E588F1DD55E}.Debug|Any CPU.ActiveCfg = Debug|Any CPU
		{A252C773-6406-4998-8C78-0E588F1DD55E}.Debug|Any CPU.Build.0 = Debug|Any CPU
		{A252C773-6406-4998-8C78-0E588F1DD55E}.Release|Any CPU.ActiveCfg = Release|Any CPU
		{A252C773-6406-4998-8C78-0E588F1DD55E}.Release|Any CPU.Build.0 = Release|Any CPU
		{BEB9E0E2-7251-45A6-BC83-CD7B976D553E}.Debug|Any CPU.ActiveCfg = Debug|Any CPU
		{BEB9E0E2-7251-45A6-BC83-CD7B976D553E}.Debug|Any CPU.Build.0 = Debug|Any CPU
		{BEB9E0E2-7251-45A6-BC83-CD7B976D553E}.Release|Any CPU.ActiveCfg = Release|Any CPU
		{BEB9E0E2-7251-45A6-BC83-CD7B976D553E}.Release|Any CPU.Build.0 = Release|Any CPU
		{EA7A893B-53F6-4600-B798-F8728CE2D303}.Debug|Any CPU.ActiveCfg = Debug|Any CPU
		{EA7A893B-53F6-4600-B798-F8728CE2D303}.Debug|Any CPU.Build.0 = Debug|Any CPU
		{EA7A893B-53F6-4600-B798-F8728CE2D303}.Release|Any CPU.ActiveCfg = Release|Any CPU
		{EA7A893B-53F6-4600-B798-F8728CE2D303}.Release|Any CPU.Build.0 = Release|Any CPU
		{001A7BE7-87C1-4671-BA2B-AD7A223EC07B}.Debug|Any CPU.ActiveCfg = Debug|Any CPU
		{001A7BE7-87C1-4671-BA2B-AD7A223EC07B}.Debug|Any CPU.Build.0 = Debug|Any CPU
		{001A7BE7-87C1-4671-BA2B-AD7A223EC07B}.Release|Any CPU.ActiveCfg = Release|Any CPU
		{001A7BE7-87C1-4671-BA2B-AD7A223EC07B}.Release|Any CPU.Build.0 = Release|Any CPU
		{BBE783B4-FE53-4DA4-BD29-C5691B975AFF}.Debug|Any CPU.ActiveCfg = Debug|Any CPU
		{BBE783B4-FE53-4DA4-BD29-C5691B975AFF}.Debug|Any CPU.Build.0 = Debug|Any CPU
		{BBE783B4-FE53-4DA4-BD29-C5691B975AFF}.Release|Any CPU.ActiveCfg = Release|Any CPU
		{BBE783B4-FE53-4DA4-BD29-C5691B975AFF}.Release|Any CPU.Build.0 = Release|Any CPU
		{DFC76293-9335-4FB5-9546-91CBEBC30AF8}.Debug|Any CPU.ActiveCfg = Debug|Any CPU
		{DFC76293-9335-4FB5-9546-91CBEBC30AF8}.Debug|Any CPU.Build.0 = Debug|Any CPU
		{DFC76293-9335-4FB5-9546-91CBEBC30AF8}.Release|Any CPU.ActiveCfg = Release|Any CPU
		{DFC76293-9335-4FB5-9546-91CBEBC30AF8}.Release|Any CPU.Build.0 = Release|Any CPU
		{36F45CBD-E3FC-4A17-8CF2-2C313C9977E2}.Debug|Any CPU.ActiveCfg = Debug|Any CPU
		{36F45CBD-E3FC-4A17-8CF2-2C313C9977E2}.Debug|Any CPU.Build.0 = Debug|Any CPU
		{36F45CBD-E3FC-4A17-8CF2-2C313C9977E2}.Release|Any CPU.ActiveCfg = Release|Any CPU
		{36F45CBD-E3FC-4A17-8CF2-2C313C9977E2}.Release|Any CPU.Build.0 = Release|Any CPU
		{83D4DC87-827C-4F2A-8D35-A67F9A1A9043}.Debug|Any CPU.ActiveCfg = Debug|Any CPU
		{83D4DC87-827C-4F2A-8D35-A67F9A1A9043}.Debug|Any CPU.Build.0 = Debug|Any CPU
		{83D4DC87-827C-4F2A-8D35-A67F9A1A9043}.Release|Any CPU.ActiveCfg = Release|Any CPU
		{83D4DC87-827C-4F2A-8D35-A67F9A1A9043}.Release|Any CPU.Build.0 = Release|Any CPU
		{25BD68FA-539C-4486-B327-312BAA3E97A8}.Debug|Any CPU.ActiveCfg = Debug|Any CPU
		{25BD68FA-539C-4486-B327-312BAA3E97A8}.Debug|Any CPU.Build.0 = Debug|Any CPU
		{25BD68FA-539C-4486-B327-312BAA3E97A8}.Release|Any CPU.ActiveCfg = Release|Any CPU
		{25BD68FA-539C-4486-B327-312BAA3E97A8}.Release|Any CPU.Build.0 = Release|Any CPU
		{1F73E8CA-3F97-495E-B1CE-988C7672BEEB}.Debug|Any CPU.ActiveCfg = Debug|Any CPU
		{1F73E8CA-3F97-495E-B1CE-988C7672BEEB}.Debug|Any CPU.Build.0 = Debug|Any CPU
		{1F73E8CA-3F97-495E-B1CE-988C7672BEEB}.Release|Any CPU.ActiveCfg = Release|Any CPU
		{1F73E8CA-3F97-495E-B1CE-988C7672BEEB}.Release|Any CPU.Build.0 = Release|Any CPU
		{6F95F66A-F638-4E8E-9422-24C7AD3C7C1F}.Debug|Any CPU.ActiveCfg = Debug|Any CPU
		{6F95F66A-F638-4E8E-9422-24C7AD3C7C1F}.Debug|Any CPU.Build.0 = Debug|Any CPU
		{6F95F66A-F638-4E8E-9422-24C7AD3C7C1F}.Release|Any CPU.ActiveCfg = Release|Any CPU
		{6F95F66A-F638-4E8E-9422-24C7AD3C7C1F}.Release|Any CPU.Build.0 = Release|Any CPU
		{BEF4E694-CE9A-45C0-8F50-C4ABAFA82874}.Debug|Any CPU.ActiveCfg = Debug|Any CPU
		{BEF4E694-CE9A-45C0-8F50-C4ABAFA82874}.Debug|Any CPU.Build.0 = Debug|Any CPU
		{BEF4E694-CE9A-45C0-8F50-C4ABAFA82874}.Release|Any CPU.ActiveCfg = Release|Any CPU
		{BEF4E694-CE9A-45C0-8F50-C4ABAFA82874}.Release|Any CPU.Build.0 = Release|Any CPU
		{A8F0CD35-688A-4D1F-8993-99108A774C4A}.Debug|Any CPU.ActiveCfg = Debug|Any CPU
		{A8F0CD35-688A-4D1F-8993-99108A774C4A}.Debug|Any CPU.Build.0 = Debug|Any CPU
		{A8F0CD35-688A-4D1F-8993-99108A774C4A}.Release|Any CPU.ActiveCfg = Release|Any CPU
		{A8F0CD35-688A-4D1F-8993-99108A774C4A}.Release|Any CPU.Build.0 = Release|Any CPU
		{F429D7C4-7559-4675-98D8-EEB3B16B9152}.Debug|Any CPU.ActiveCfg = Debug|Any CPU
		{F429D7C4-7559-4675-98D8-EEB3B16B9152}.Debug|Any CPU.Build.0 = Debug|Any CPU
		{F429D7C4-7559-4675-98D8-EEB3B16B9152}.Release|Any CPU.ActiveCfg = Release|Any CPU
		{F429D7C4-7559-4675-98D8-EEB3B16B9152}.Release|Any CPU.Build.0 = Release|Any CPU
		{92F087C5-C180-475E-B9A2-A942C8DA7149}.Debug|Any CPU.ActiveCfg = Debug|Any CPU
		{92F087C5-C180-475E-B9A2-A942C8DA7149}.Debug|Any CPU.Build.0 = Debug|Any CPU
		{92F087C5-C180-475E-B9A2-A942C8DA7149}.Release|Any CPU.ActiveCfg = Release|Any CPU
		{92F087C5-C180-475E-B9A2-A942C8DA7149}.Release|Any CPU.Build.0 = Release|Any CPU
		{7DD7D4D7-27BA-4AC8-A8EF-15E3877E9AD9}.Debug|Any CPU.ActiveCfg = Debug|Any CPU
		{7DD7D4D7-27BA-4AC8-A8EF-15E3877E9AD9}.Debug|Any CPU.Build.0 = Debug|Any CPU
		{7DD7D4D7-27BA-4AC8-A8EF-15E3877E9AD9}.Release|Any CPU.ActiveCfg = Release|Any CPU
		{7DD7D4D7-27BA-4AC8-A8EF-15E3877E9AD9}.Release|Any CPU.Build.0 = Release|Any CPU
		{98D07D00-A716-431B-A3AB-799A0218A396}.Debug|Any CPU.ActiveCfg = Debug|Any CPU
		{98D07D00-A716-431B-A3AB-799A0218A396}.Debug|Any CPU.Build.0 = Debug|Any CPU
		{98D07D00-A716-431B-A3AB-799A0218A396}.Release|Any CPU.ActiveCfg = Release|Any CPU
		{98D07D00-A716-431B-A3AB-799A0218A396}.Release|Any CPU.Build.0 = Release|Any CPU
		{34ED98D7-7E5C-4C72-968E-4F2801D14DD0}.Debug|Any CPU.ActiveCfg = Debug|Any CPU
		{34ED98D7-7E5C-4C72-968E-4F2801D14DD0}.Debug|Any CPU.Build.0 = Debug|Any CPU
		{34ED98D7-7E5C-4C72-968E-4F2801D14DD0}.Release|Any CPU.ActiveCfg = Release|Any CPU
		{34ED98D7-7E5C-4C72-968E-4F2801D14DD0}.Release|Any CPU.Build.0 = Release|Any CPU
		{81999BA2-7C2E-4EF3-BB40-D78D2083E577}.Debug|Any CPU.ActiveCfg = Debug|Any CPU
		{81999BA2-7C2E-4EF3-BB40-D78D2083E577}.Debug|Any CPU.Build.0 = Debug|Any CPU
		{81999BA2-7C2E-4EF3-BB40-D78D2083E577}.Release|Any CPU.ActiveCfg = Release|Any CPU
		{81999BA2-7C2E-4EF3-BB40-D78D2083E577}.Release|Any CPU.Build.0 = Release|Any CPU
		{487D3A76-CAB1-4625-AD87-E3D02ED9CB7A}.Debug|Any CPU.ActiveCfg = Debug|Any CPU
		{487D3A76-CAB1-4625-AD87-E3D02ED9CB7A}.Debug|Any CPU.Build.0 = Debug|Any CPU
		{487D3A76-CAB1-4625-AD87-E3D02ED9CB7A}.Release|Any CPU.ActiveCfg = Release|Any CPU
		{487D3A76-CAB1-4625-AD87-E3D02ED9CB7A}.Release|Any CPU.Build.0 = Release|Any CPU
		{D6BA68FE-3DD7-4259-8C98-45846A877B40}.Debug|Any CPU.ActiveCfg = Debug|Any CPU
		{D6BA68FE-3DD7-4259-8C98-45846A877B40}.Debug|Any CPU.Build.0 = Debug|Any CPU
		{D6BA68FE-3DD7-4259-8C98-45846A877B40}.Release|Any CPU.ActiveCfg = Release|Any CPU
		{D6BA68FE-3DD7-4259-8C98-45846A877B40}.Release|Any CPU.Build.0 = Release|Any CPU
		{ABF43811-3D6D-48E7-A372-E3DA15AF3629}.Debug|Any CPU.ActiveCfg = Debug|Any CPU
		{ABF43811-3D6D-48E7-A372-E3DA15AF3629}.Debug|Any CPU.Build.0 = Debug|Any CPU
		{ABF43811-3D6D-48E7-A372-E3DA15AF3629}.Release|Any CPU.ActiveCfg = Release|Any CPU
		{ABF43811-3D6D-48E7-A372-E3DA15AF3629}.Release|Any CPU.Build.0 = Release|Any CPU
		{4247CEC5-13E5-4584-9120-5B97B8DF2F36}.Debug|Any CPU.ActiveCfg = Debug|Any CPU
		{4247CEC5-13E5-4584-9120-5B97B8DF2F36}.Debug|Any CPU.Build.0 = Debug|Any CPU
		{4247CEC5-13E5-4584-9120-5B97B8DF2F36}.Release|Any CPU.ActiveCfg = Release|Any CPU
		{4247CEC5-13E5-4584-9120-5B97B8DF2F36}.Release|Any CPU.Build.0 = Release|Any CPU
		{11CD34C5-8950-4BC2-80C0-1515D1F8DEDD}.Debug|Any CPU.ActiveCfg = Debug|Any CPU
		{11CD34C5-8950-4BC2-80C0-1515D1F8DEDD}.Debug|Any CPU.Build.0 = Debug|Any CPU
		{11CD34C5-8950-4BC2-80C0-1515D1F8DEDD}.Release|Any CPU.ActiveCfg = Release|Any CPU
		{11CD34C5-8950-4BC2-80C0-1515D1F8DEDD}.Release|Any CPU.Build.0 = Release|Any CPU
	EndGlobalSection
	GlobalSection(SolutionProperties) = preSolution
		HideSolutionNode = FALSE
	EndGlobalSection
	GlobalSection(NestedProjects) = preSolution
		{A4501912-CC4C-4073-AAF5-37D24AC73C4B} = {137629C1-841D-4BEB-B19E-123CF20C337E}
		{38F7F13D-591B-472D-B4C3-DF7ABC965F8C} = {137629C1-841D-4BEB-B19E-123CF20C337E}
		{89A45ADB-15BD-40B2-A8C9-EFC117F0004E} = {A4501912-CC4C-4073-AAF5-37D24AC73C4B}
		{7DD9532E-0404-4ED0-88E8-C85535E54681} = {A4501912-CC4C-4073-AAF5-37D24AC73C4B}
		{99DF8422-B82B-4855-8A5A-7474C11AC6C3} = {A4501912-CC4C-4073-AAF5-37D24AC73C4B}
		{C8DBF5D5-21B3-4084-ADEB-4134FA33530C} = {A4501912-CC4C-4073-AAF5-37D24AC73C4B}
		{8CDF5740-AB25-4B66-B731-606FC4F4F95C} = {A4501912-CC4C-4073-AAF5-37D24AC73C4B}
		{F9648300-1333-4E21-936A-22641B8A3231} = {A4501912-CC4C-4073-AAF5-37D24AC73C4B}
		{6DB35CBC-5463-47E0-AE8C-D36CFBC5ED04} = {38F7F13D-591B-472D-B4C3-DF7ABC965F8C}
		{DD888D97-7D3F-4932-B004-540527679BC9} = {38F7F13D-591B-472D-B4C3-DF7ABC965F8C}
		{508A70A2-5E21-422C-AB34-22891E8028CC} = {38F7F13D-591B-472D-B4C3-DF7ABC965F8C}
		{003DAB20-AB08-452B-AF65-296682BF02AF} = {38F7F13D-591B-472D-B4C3-DF7ABC965F8C}
		{1D270D73-5631-44B5-B4A5-6BEC3B50EC64} = {38F7F13D-591B-472D-B4C3-DF7ABC965F8C}
		{47C6A317-8AB8-46CD-B083-5E06EB514301} = {38F7F13D-591B-472D-B4C3-DF7ABC965F8C}
		{2E4CFDFC-7407-44CD-B30E-1EACFAEFF5DD} = {38F7F13D-591B-472D-B4C3-DF7ABC965F8C}
		{9B626E3E-4DAF-4514-B749-2C327AC35445} = {38F7F13D-591B-472D-B4C3-DF7ABC965F8C}
		{205652D8-5279-4093-98F6-4A059FE61458} = {38F7F13D-591B-472D-B4C3-DF7ABC965F8C}
		{0904C299-47CA-4E54-A2A7-F6C6E78829CD} = {38F7F13D-591B-472D-B4C3-DF7ABC965F8C}
		{2A850E63-CE72-4A55-AF67-E16B33B6D769} = {38F7F13D-591B-472D-B4C3-DF7ABC965F8C}
		{39637901-E42D-4F5A-AED0-88FCEA64536A} = {38F7F13D-591B-472D-B4C3-DF7ABC965F8C}
		{AD97E9C6-6F14-4DA9-8334-9C95FF4E2B2B} = {6547ED78-A8E9-4F54-A16D-F16890250CA6}
		{5C651AC0-BCA5-46C0-BC6F-34562F4F2A17} = {6547ED78-A8E9-4F54-A16D-F16890250CA6}
		{F391CBC9-EE6A-4BA8-A378-678129EF5F16} = {AD97E9C6-6F14-4DA9-8334-9C95FF4E2B2B}
		{C4BC1943-73DB-4592-B741-8430D23D8154} = {AD97E9C6-6F14-4DA9-8334-9C95FF4E2B2B}
		{89463E0C-B6D5-4B46-97DD-0C41DD088386} = {AD97E9C6-6F14-4DA9-8334-9C95FF4E2B2B}
		{7C5A698D-FE35-4516-AA76-8E7AF1C515F5} = {AD97E9C6-6F14-4DA9-8334-9C95FF4E2B2B}
		{F6761F87-E18C-44D9-A610-D3469C0943DD} = {5C651AC0-BCA5-46C0-BC6F-34562F4F2A17}
		{58DE3E01-218A-4A87-ADC4-8246C70C1CE5} = {5C651AC0-BCA5-46C0-BC6F-34562F4F2A17}
		{2FF14680-9488-424F-8FF2-C663B846315D} = {5C651AC0-BCA5-46C0-BC6F-34562F4F2A17}
		{D9195ECF-313B-4593-AB5B-E4CED7E4E8E4} = {5C651AC0-BCA5-46C0-BC6F-34562F4F2A17}
		{072AAF9A-EDFD-4FA7-A397-6E7A3E8B6E1D} = {5C651AC0-BCA5-46C0-BC6F-34562F4F2A17}
		{1F6729ED-228A-486C-B89D-3AF73756DEE8} = {5C651AC0-BCA5-46C0-BC6F-34562F4F2A17}
		{3022EEE5-AE01-440D-A09E-B934AB4E5FC1} = {5C651AC0-BCA5-46C0-BC6F-34562F4F2A17}
		{C59E684D-8EAF-491D-902A-6BBD54A972D8} = {5C651AC0-BCA5-46C0-BC6F-34562F4F2A17}
		{4F9CF6F7-7115-4A4A-9226-A478992171F0} = {5C651AC0-BCA5-46C0-BC6F-34562F4F2A17}
		{D231D39E-2731-4D26-8E72-596668A7A7AB} = {5C651AC0-BCA5-46C0-BC6F-34562F4F2A17}
		{A2361205-C7CE-4D23-87F8-5F3301FCCF86} = {5C651AC0-BCA5-46C0-BC6F-34562F4F2A17}
		{6FD9C92A-792F-4C5F-9F8F-653BD73B2476} = {5C651AC0-BCA5-46C0-BC6F-34562F4F2A17}
		{5F18A252-8512-4C4E-9648-F8CDE5B102CB} = {5C651AC0-BCA5-46C0-BC6F-34562F4F2A17}
		{0CB100DF-51C6-43B9-A464-5857CB9FFA37} = {5C651AC0-BCA5-46C0-BC6F-34562F4F2A17}
		{2E5F4299-F4CB-474C-8917-D463C6657C75} = {FD3F3EC0-2552-480F-9463-C2E9CDC1165E}
		{19380149-0D8D-4CC1-BA75-EFB6B47B166F} = {FD3F3EC0-2552-480F-9463-C2E9CDC1165E}
		{5D3EB2D3-ED0D-41C8-A436-6EDD5DB49A65} = {2E5F4299-F4CB-474C-8917-D463C6657C75}
		{361A65F5-8EF5-451A-B8B6-6F5E42F1B44E} = {2E5F4299-F4CB-474C-8917-D463C6657C75}
		{517B9F5E-4051-4331-9944-0AFB2AB4C6DE} = {2E5F4299-F4CB-474C-8917-D463C6657C75}
		{285BDE88-1994-4899-9843-6324C6EAEB7C} = {2E5F4299-F4CB-474C-8917-D463C6657C75}
		{D8960507-765F-440A-B989-49980F1DAB60} = {19380149-0D8D-4CC1-BA75-EFB6B47B166F}
		{56352D92-EAC7-43FD-8A96-A3E8511ECC9A} = {19380149-0D8D-4CC1-BA75-EFB6B47B166F}
		{71F59924-E7A4-486E-9BDD-B50662E19591} = {19380149-0D8D-4CC1-BA75-EFB6B47B166F}
		{9389F8AA-F602-49F5-B27E-ED3AC8A34854} = {19380149-0D8D-4CC1-BA75-EFB6B47B166F}
		{CBB3AC6C-2011-4BDF-9147-DDA82D0473B8} = {19380149-0D8D-4CC1-BA75-EFB6B47B166F}
		{79875278-F81C-400A-808F-975010A5E04C} = {19380149-0D8D-4CC1-BA75-EFB6B47B166F}
		{1979C2E4-CCF7-4E2B-B511-74102C0ED468} = {19380149-0D8D-4CC1-BA75-EFB6B47B166F}
		{E47C8306-2CB0-4077-A356-9DE67A687019} = {19380149-0D8D-4CC1-BA75-EFB6B47B166F}
		{C8D3EC63-DFEB-4446-BD62-4B578C647D00} = {19380149-0D8D-4CC1-BA75-EFB6B47B166F}
		{A8256434-FB13-47D6-A328-FD806D1A885F} = {19380149-0D8D-4CC1-BA75-EFB6B47B166F}
		{85E6B6D9-713B-4382-A828-919022193EE5} = {19380149-0D8D-4CC1-BA75-EFB6B47B166F}
		{A252C773-6406-4998-8C78-0E588F1DD55E} = {19380149-0D8D-4CC1-BA75-EFB6B47B166F}
		{BEB9E0E2-7251-45A6-BC83-CD7B976D553E} = {19380149-0D8D-4CC1-BA75-EFB6B47B166F}
		{EA7A893B-53F6-4600-B798-F8728CE2D303} = {19380149-0D8D-4CC1-BA75-EFB6B47B166F}
		{14325959-3FDB-4C1D-8705-C27EF2B79276} = {57DA7DC0-0EBF-4CD3-A10F-C5F00DFCAFE5}
		{A587FBBC-447B-487B-A479-A5033097BCE1} = {57DA7DC0-0EBF-4CD3-A10F-C5F00DFCAFE5}
		{001A7BE7-87C1-4671-BA2B-AD7A223EC07B} = {14325959-3FDB-4C1D-8705-C27EF2B79276}
		{BBE783B4-FE53-4DA4-BD29-C5691B975AFF} = {14325959-3FDB-4C1D-8705-C27EF2B79276}
		{DFC76293-9335-4FB5-9546-91CBEBC30AF8} = {14325959-3FDB-4C1D-8705-C27EF2B79276}
		{36F45CBD-E3FC-4A17-8CF2-2C313C9977E2} = {14325959-3FDB-4C1D-8705-C27EF2B79276}
		{83D4DC87-827C-4F2A-8D35-A67F9A1A9043} = {14325959-3FDB-4C1D-8705-C27EF2B79276}
		{25BD68FA-539C-4486-B327-312BAA3E97A8} = {14325959-3FDB-4C1D-8705-C27EF2B79276}
		{1F73E8CA-3F97-495E-B1CE-988C7672BEEB} = {A587FBBC-447B-487B-A479-A5033097BCE1}
		{6F95F66A-F638-4E8E-9422-24C7AD3C7C1F} = {A587FBBC-447B-487B-A479-A5033097BCE1}
		{BEF4E694-CE9A-45C0-8F50-C4ABAFA82874} = {A587FBBC-447B-487B-A479-A5033097BCE1}
		{A8F0CD35-688A-4D1F-8993-99108A774C4A} = {A587FBBC-447B-487B-A479-A5033097BCE1}
		{F429D7C4-7559-4675-98D8-EEB3B16B9152} = {A587FBBC-447B-487B-A479-A5033097BCE1}
		{92F087C5-C180-475E-B9A2-A942C8DA7149} = {A587FBBC-447B-487B-A479-A5033097BCE1}
		{7DD7D4D7-27BA-4AC8-A8EF-15E3877E9AD9} = {A587FBBC-447B-487B-A479-A5033097BCE1}
		{98D07D00-A716-431B-A3AB-799A0218A396} = {A587FBBC-447B-487B-A479-A5033097BCE1}
		{34ED98D7-7E5C-4C72-968E-4F2801D14DD0} = {A587FBBC-447B-487B-A479-A5033097BCE1}
		{81999BA2-7C2E-4EF3-BB40-D78D2083E577} = {A587FBBC-447B-487B-A479-A5033097BCE1}
		{487D3A76-CAB1-4625-AD87-E3D02ED9CB7A} = {A587FBBC-447B-487B-A479-A5033097BCE1}
		{D6BA68FE-3DD7-4259-8C98-45846A877B40} = {A587FBBC-447B-487B-A479-A5033097BCE1}
		{ABF43811-3D6D-48E7-A372-E3DA15AF3629} = {A587FBBC-447B-487B-A479-A5033097BCE1}
		{4247CEC5-13E5-4584-9120-5B97B8DF2F36} = {A587FBBC-447B-487B-A479-A5033097BCE1}
		{11CD34C5-8950-4BC2-80C0-1515D1F8DEDD} = {A587FBBC-447B-487B-A479-A5033097BCE1}
	EndGlobalSection
EndGlobal
