
Microsoft Visual Studio Solution File, Format Version 12.00
# Visual Studio 15
VisualStudioVersion = 15.0.26430.16
MinimumVisualStudioVersion = 10.0.40219.1
Project("{2150E333-8FDC-42A3-9474-1A3956D46DE8}") = "Exam - 09 July 2017", "Exam - 09 July 2017", "{6E68C13A-CB22-4DAD-B3F2-942DE94DE716}"
EndProject
Project("{9A19103F-16F7-4668-BE54-9A1E7A4F7556}") = "01. Pokemon", "Programming Fundamentals Exam - 09 July 2017\01. Pokemon\01. Pokemon.csproj", "{A2F94D56-4928-47A1-95BB-5B02D0CA802E}"
EndProject
Project("{9A19103F-16F7-4668-BE54-9A1E7A4F7556}") = "02. Pokemon Dont Go", "Programming Fundamentals Exam - 09 July 2017\02. Pokemon Dont Go\02. Pokemon Dont Go.csproj", "{F6CE3933-0829-4ADF-9599-3E50B61C8B77}"
EndProject
Project("{9A19103F-16F7-4668-BE54-9A1E7A4F7556}") = "03. Regexmon", "Programming Fundamentals Exam - 09 July 2017\03. Regexmon\03. Regexmon.csproj", "{91785F7D-CB05-4445-94F1-208EC2FA2C36}"
EndProject
Project("{9A19103F-16F7-4668-BE54-9A1E7A4F7556}") = "04. Pokemon Evolution", "Programming Fundamentals Exam - 09 July 2017\04. Pokemon Evolution\04. Pokemon Evolution.csproj", "{F9C1333C-3C16-4E89-8A10-029A5C26FA93}"
EndProject
Project("{2150E333-8FDC-42A3-9474-1A3956D46DE8}") = "Exam Preparation 3", "Exam Preparation 3", "{D6CA1173-4590-4617-93C0-F71A742C768C}"
EndProject
Project("{9A19103F-16F7-4668-BE54-9A1E7A4F7556}") = "01. SoftUni Coffee Orders", "Exam Preperation 3\01. SoftUni Coffee Orders\01. SoftUni Coffee Orders.csproj", "{7383A266-C08E-4BA4-9E72-42B95175CB7C}"
EndProject
Project("{9A19103F-16F7-4668-BE54-9A1E7A4F7556}") = "02. Command Interpreter", "Exam Preperation 3\02. Command Interpreter\02. Command Interpreter.csproj", "{35F5A9E4-2CB8-4313-BF82-ECC7E5D026C2}"
EndProject
Project("{9A19103F-16F7-4668-BE54-9A1E7A4F7556}") = "03. Rage Quit", "Exam Preperation 3\03. Rage Quit\03. Rage Quit.csproj", "{C506CF83-917C-46AA-A773-E062CA4EFFC8}"
EndProject
Project("{9A19103F-16F7-4668-BE54-9A1E7A4F7556}") = "04. Files", "Exam Preperation 3\04. Files\04. Files.csproj", "{C87A6454-BD31-48C3-8354-C7862F9BC8A1}"
EndProject
Project("{2150E333-8FDC-42A3-9474-1A3956D46DE8}") = "26 February 2017", "26 February 2017", "{2BF60DB3-F2A7-4E8F-81CC-41D91106D5F6}"
EndProject
Project("{9A19103F-16F7-4668-BE54-9A1E7A4F7556}") = "01. Hornet Wings", "Programming Fundamentals Exam - 26 February 2017\01. Hornet Wings\01. Hornet Wings.csproj", "{9D2D77C3-8F69-49EF-934C-2CD9C56559F1}"
EndProject
Project("{9A19103F-16F7-4668-BE54-9A1E7A4F7556}") = "02. Hornet Comm", "Programming Fundamentals Exam - 26 February 2017\02. Hornet Comm\02. Hornet Comm.csproj", "{3E152385-F3D0-4FCE-AE96-9C10A6F0E954}"
EndProject
Project("{9A19103F-16F7-4668-BE54-9A1E7A4F7556}") = "03. Hornet Assault", "Programming Fundamentals Exam - 26 February 2017\03. Hornet Assault\03. Hornet Assault.csproj", "{05E3D24E-A3CB-4BB7-9E04-E10A3A5BA067}"
EndProject
Project("{9A19103F-16F7-4668-BE54-9A1E7A4F7556}") = "04. Hornet Armada", "Programming Fundamentals Exam - 26 February 2017\04. Hornet Armada\04. Hornet Armada.csproj", "{B66ED491-0397-4927-A36D-D40BB96B0D0C}"
EndProject
Project("{2150E333-8FDC-42A3-9474-1A3956D46DE8}") = "Exam - 11 Oct 2017", "Exam - 11 Oct 2017", "{23692EB3-2E54-4DD9-B192-19B141C55880}"
EndProject
Project("{9A19103F-16F7-4668-BE54-9A1E7A4F7556}") = "01. Anonymous Downsite", "Programming Fundamentals Exam - 11 Oct 2017\01. Anonymous Downsite\01. Anonymous Downsite.csproj", "{5E9BDE92-D2C8-411C-82AA-44331849F298}"
EndProject
Project("{9A19103F-16F7-4668-BE54-9A1E7A4F7556}") = "02. Anonymous Threat", "Programming Fundamentals Exam - 11 Oct 2017\02. Anonymous Threat\02. Anonymous Threat.csproj", "{DDE93E88-DC6F-41A1-A7B6-0BA2E0E45F4F}"
EndProject
Project("{FAE04EC0-301F-11D3-BF4B-00C04F79EFBC}") = "03. Anonymous Vox", "Programming Fundamentals Exam - 11 Oct 2017\03. Anonymous Vox\03. Anonymous Vox.csproj", "{152DE482-FAEE-4412-A111-5093E88C4361}"
EndProject
Project("{FAE04EC0-301F-11D3-BF4B-00C04F79EFBC}") = "04. Anonymous Cache", "Programming Fundamentals Exam - 11 Oct 2017\04. Anonymous Cache\04. Anonymous Cache.csproj", "{07EF61FC-DE61-4C02-ACA7-32F80973CA2F}"
EndProject
Global
	GlobalSection(SolutionConfigurationPlatforms) = preSolution
		Debug|Any CPU = Debug|Any CPU
		Release|Any CPU = Release|Any CPU
	EndGlobalSection
	GlobalSection(ProjectConfigurationPlatforms) = postSolution
		{A2F94D56-4928-47A1-95BB-5B02D0CA802E}.Debug|Any CPU.ActiveCfg = Debug|Any CPU
		{A2F94D56-4928-47A1-95BB-5B02D0CA802E}.Debug|Any CPU.Build.0 = Debug|Any CPU
		{A2F94D56-4928-47A1-95BB-5B02D0CA802E}.Release|Any CPU.ActiveCfg = Release|Any CPU
		{A2F94D56-4928-47A1-95BB-5B02D0CA802E}.Release|Any CPU.Build.0 = Release|Any CPU
		{F6CE3933-0829-4ADF-9599-3E50B61C8B77}.Debug|Any CPU.ActiveCfg = Debug|Any CPU
		{F6CE3933-0829-4ADF-9599-3E50B61C8B77}.Debug|Any CPU.Build.0 = Debug|Any CPU
		{F6CE3933-0829-4ADF-9599-3E50B61C8B77}.Release|Any CPU.ActiveCfg = Release|Any CPU
		{F6CE3933-0829-4ADF-9599-3E50B61C8B77}.Release|Any CPU.Build.0 = Release|Any CPU
		{91785F7D-CB05-4445-94F1-208EC2FA2C36}.Debug|Any CPU.ActiveCfg = Debug|Any CPU
		{91785F7D-CB05-4445-94F1-208EC2FA2C36}.Debug|Any CPU.Build.0 = Debug|Any CPU
		{91785F7D-CB05-4445-94F1-208EC2FA2C36}.Release|Any CPU.ActiveCfg = Release|Any CPU
		{91785F7D-CB05-4445-94F1-208EC2FA2C36}.Release|Any CPU.Build.0 = Release|Any CPU
		{F9C1333C-3C16-4E89-8A10-029A5C26FA93}.Debug|Any CPU.ActiveCfg = Debug|Any CPU
		{F9C1333C-3C16-4E89-8A10-029A5C26FA93}.Debug|Any CPU.Build.0 = Debug|Any CPU
		{F9C1333C-3C16-4E89-8A10-029A5C26FA93}.Release|Any CPU.ActiveCfg = Release|Any CPU
		{F9C1333C-3C16-4E89-8A10-029A5C26FA93}.Release|Any CPU.Build.0 = Release|Any CPU
		{7383A266-C08E-4BA4-9E72-42B95175CB7C}.Debug|Any CPU.ActiveCfg = Debug|Any CPU
		{7383A266-C08E-4BA4-9E72-42B95175CB7C}.Debug|Any CPU.Build.0 = Debug|Any CPU
		{7383A266-C08E-4BA4-9E72-42B95175CB7C}.Release|Any CPU.ActiveCfg = Release|Any CPU
		{7383A266-C08E-4BA4-9E72-42B95175CB7C}.Release|Any CPU.Build.0 = Release|Any CPU
		{35F5A9E4-2CB8-4313-BF82-ECC7E5D026C2}.Debug|Any CPU.ActiveCfg = Debug|Any CPU
		{35F5A9E4-2CB8-4313-BF82-ECC7E5D026C2}.Debug|Any CPU.Build.0 = Debug|Any CPU
		{35F5A9E4-2CB8-4313-BF82-ECC7E5D026C2}.Release|Any CPU.ActiveCfg = Release|Any CPU
		{35F5A9E4-2CB8-4313-BF82-ECC7E5D026C2}.Release|Any CPU.Build.0 = Release|Any CPU
		{C506CF83-917C-46AA-A773-E062CA4EFFC8}.Debug|Any CPU.ActiveCfg = Debug|Any CPU
		{C506CF83-917C-46AA-A773-E062CA4EFFC8}.Debug|Any CPU.Build.0 = Debug|Any CPU
		{C506CF83-917C-46AA-A773-E062CA4EFFC8}.Release|Any CPU.ActiveCfg = Release|Any CPU
		{C506CF83-917C-46AA-A773-E062CA4EFFC8}.Release|Any CPU.Build.0 = Release|Any CPU
		{C87A6454-BD31-48C3-8354-C7862F9BC8A1}.Debug|Any CPU.ActiveCfg = Debug|Any CPU
		{C87A6454-BD31-48C3-8354-C7862F9BC8A1}.Debug|Any CPU.Build.0 = Debug|Any CPU
		{C87A6454-BD31-48C3-8354-C7862F9BC8A1}.Release|Any CPU.ActiveCfg = Release|Any CPU
		{C87A6454-BD31-48C3-8354-C7862F9BC8A1}.Release|Any CPU.Build.0 = Release|Any CPU
		{9D2D77C3-8F69-49EF-934C-2CD9C56559F1}.Debug|Any CPU.ActiveCfg = Debug|Any CPU
		{9D2D77C3-8F69-49EF-934C-2CD9C56559F1}.Debug|Any CPU.Build.0 = Debug|Any CPU
		{9D2D77C3-8F69-49EF-934C-2CD9C56559F1}.Release|Any CPU.ActiveCfg = Release|Any CPU
		{9D2D77C3-8F69-49EF-934C-2CD9C56559F1}.Release|Any CPU.Build.0 = Release|Any CPU
		{3E152385-F3D0-4FCE-AE96-9C10A6F0E954}.Debug|Any CPU.ActiveCfg = Debug|Any CPU
		{3E152385-F3D0-4FCE-AE96-9C10A6F0E954}.Debug|Any CPU.Build.0 = Debug|Any CPU
		{3E152385-F3D0-4FCE-AE96-9C10A6F0E954}.Release|Any CPU.ActiveCfg = Release|Any CPU
		{3E152385-F3D0-4FCE-AE96-9C10A6F0E954}.Release|Any CPU.Build.0 = Release|Any CPU
		{05E3D24E-A3CB-4BB7-9E04-E10A3A5BA067}.Debug|Any CPU.ActiveCfg = Debug|Any CPU
		{05E3D24E-A3CB-4BB7-9E04-E10A3A5BA067}.Debug|Any CPU.Build.0 = Debug|Any CPU
		{05E3D24E-A3CB-4BB7-9E04-E10A3A5BA067}.Release|Any CPU.ActiveCfg = Release|Any CPU
		{05E3D24E-A3CB-4BB7-9E04-E10A3A5BA067}.Release|Any CPU.Build.0 = Release|Any CPU
		{B66ED491-0397-4927-A36D-D40BB96B0D0C}.Debug|Any CPU.ActiveCfg = Debug|Any CPU
		{B66ED491-0397-4927-A36D-D40BB96B0D0C}.Debug|Any CPU.Build.0 = Debug|Any CPU
		{B66ED491-0397-4927-A36D-D40BB96B0D0C}.Release|Any CPU.ActiveCfg = Release|Any CPU
		{B66ED491-0397-4927-A36D-D40BB96B0D0C}.Release|Any CPU.Build.0 = Release|Any CPU
		{5E9BDE92-D2C8-411C-82AA-44331849F298}.Debug|Any CPU.ActiveCfg = Debug|Any CPU
		{5E9BDE92-D2C8-411C-82AA-44331849F298}.Debug|Any CPU.Build.0 = Debug|Any CPU
		{5E9BDE92-D2C8-411C-82AA-44331849F298}.Release|Any CPU.ActiveCfg = Release|Any CPU
		{5E9BDE92-D2C8-411C-82AA-44331849F298}.Release|Any CPU.Build.0 = Release|Any CPU
		{DDE93E88-DC6F-41A1-A7B6-0BA2E0E45F4F}.Debug|Any CPU.ActiveCfg = Debug|Any CPU
		{DDE93E88-DC6F-41A1-A7B6-0BA2E0E45F4F}.Debug|Any CPU.Build.0 = Debug|Any CPU
		{DDE93E88-DC6F-41A1-A7B6-0BA2E0E45F4F}.Release|Any CPU.ActiveCfg = Release|Any CPU
		{DDE93E88-DC6F-41A1-A7B6-0BA2E0E45F4F}.Release|Any CPU.Build.0 = Release|Any CPU
		{152DE482-FAEE-4412-A111-5093E88C4361}.Debug|Any CPU.ActiveCfg = Debug|Any CPU
		{152DE482-FAEE-4412-A111-5093E88C4361}.Debug|Any CPU.Build.0 = Debug|Any CPU
		{152DE482-FAEE-4412-A111-5093E88C4361}.Release|Any CPU.ActiveCfg = Release|Any CPU
		{152DE482-FAEE-4412-A111-5093E88C4361}.Release|Any CPU.Build.0 = Release|Any CPU
		{07EF61FC-DE61-4C02-ACA7-32F80973CA2F}.Debug|Any CPU.ActiveCfg = Debug|Any CPU
		{07EF61FC-DE61-4C02-ACA7-32F80973CA2F}.Debug|Any CPU.Build.0 = Debug|Any CPU
		{07EF61FC-DE61-4C02-ACA7-32F80973CA2F}.Release|Any CPU.ActiveCfg = Release|Any CPU
		{07EF61FC-DE61-4C02-ACA7-32F80973CA2F}.Release|Any CPU.Build.0 = Release|Any CPU
	EndGlobalSection
	GlobalSection(SolutionProperties) = preSolution
		HideSolutionNode = FALSE
	EndGlobalSection
	GlobalSection(NestedProjects) = preSolution
		{A2F94D56-4928-47A1-95BB-5B02D0CA802E} = {6E68C13A-CB22-4DAD-B3F2-942DE94DE716}
		{F6CE3933-0829-4ADF-9599-3E50B61C8B77} = {6E68C13A-CB22-4DAD-B3F2-942DE94DE716}
		{91785F7D-CB05-4445-94F1-208EC2FA2C36} = {6E68C13A-CB22-4DAD-B3F2-942DE94DE716}
		{F9C1333C-3C16-4E89-8A10-029A5C26FA93} = {6E68C13A-CB22-4DAD-B3F2-942DE94DE716}
		{7383A266-C08E-4BA4-9E72-42B95175CB7C} = {D6CA1173-4590-4617-93C0-F71A742C768C}
		{35F5A9E4-2CB8-4313-BF82-ECC7E5D026C2} = {D6CA1173-4590-4617-93C0-F71A742C768C}
		{C506CF83-917C-46AA-A773-E062CA4EFFC8} = {D6CA1173-4590-4617-93C0-F71A742C768C}
		{C87A6454-BD31-48C3-8354-C7862F9BC8A1} = {D6CA1173-4590-4617-93C0-F71A742C768C}
		{9D2D77C3-8F69-49EF-934C-2CD9C56559F1} = {2BF60DB3-F2A7-4E8F-81CC-41D91106D5F6}
		{3E152385-F3D0-4FCE-AE96-9C10A6F0E954} = {2BF60DB3-F2A7-4E8F-81CC-41D91106D5F6}
		{05E3D24E-A3CB-4BB7-9E04-E10A3A5BA067} = {2BF60DB3-F2A7-4E8F-81CC-41D91106D5F6}
		{B66ED491-0397-4927-A36D-D40BB96B0D0C} = {2BF60DB3-F2A7-4E8F-81CC-41D91106D5F6}
		{5E9BDE92-D2C8-411C-82AA-44331849F298} = {23692EB3-2E54-4DD9-B192-19B141C55880}
		{DDE93E88-DC6F-41A1-A7B6-0BA2E0E45F4F} = {23692EB3-2E54-4DD9-B192-19B141C55880}
		{152DE482-FAEE-4412-A111-5093E88C4361} = {23692EB3-2E54-4DD9-B192-19B141C55880}
		{07EF61FC-DE61-4C02-ACA7-32F80973CA2F} = {23692EB3-2E54-4DD9-B192-19B141C55880}
	EndGlobalSection
EndGlobal
